{
  "version": 4,
  "terraform_version": "1.9.4",
  "serial": 130,
  "lineage": "e8c97a0f-9273-ef47-49de-69e76a32a848",
  "outputs": {
    "database_port": {
      "value": 5432,
      "type": "number"
    },
    "dynamodb_table_name": {
      "value": "prod-table-for-terraform-state",
      "type": "string"
    },
    "eks_cluster_name": {
      "value": "prod-cluster",
      "type": "string"
    },
    "private_subnet_ids": {
      "value": [
        "subnet-008d9e01437cb8574",
        "subnet-0a924765064e9c88a"
      ],
      "type": [
        "tuple",
        [
          "string",
          "string"
        ]
      ]
    },
    "public_subnet_ids": {
      "value": [
        "subnet-02706db42a4fb5e42",
        "subnet-052e3741b3d763f19"
      ],
      "type": [
        "tuple",
        [
          "string",
          "string"
        ]
      ]
    },
    "rds_endpoint": {
      "value": "rds-postgres.cjkgw8okegba.us-east-1.rds.amazonaws.com",
      "type": "string"
    },
    "s3_bucket_name": {
      "value": "prod-bucket-for-terraform-state",
      "type": "string"
    },
    "vpc_cidr_block": {
      "value": "10.0.0.0/16",
      "type": "string"
    },
    "vpc_id": {
      "value": "vpc-023b32858c068d150",
      "type": "string"
    },
    "web_public_dns": {
      "value": "ec2-44-215-227-242.compute-1.amazonaws.com",
      "type": "string"
    }
  },
  "resources": [
    {
      "mode": "data",
      "type": "aws_eks_cluster_auth",
      "name": "auth",
      "provider": "provider[\"registry.terraform.io/hashicorp/aws\"]",
      "instances": [
        {
          "schema_version": 0,
          "attributes": {
            "id": "prod-cluster",
            "name": "prod-cluster",
            "token": "k8s-aws-v1.aHR0cHM6Ly9zdHMudXMtZWFzdC0xLmFtYXpvbmF3cy5jb20vP0FjdGlvbj1HZXRDYWxsZXJJZGVudGl0eSZWZXJzaW9uPTIwMTEtMDYtMTUmWC1BbXotQWxnb3JpdGhtPUFXUzQtSE1BQy1TSEEyNTYmWC1BbXotQ3JlZGVudGlhbD1BS0lBNDdDUlhQNVUzMkxPUUdHQSUyRjIwMjUwMjEzJTJGdXMtZWFzdC0xJTJGc3RzJTJGYXdzNF9yZXF1ZXN0JlgtQW16LURhdGU9MjAyNTAyMTNUMTM1NDI5WiZYLUFtei1FeHBpcmVzPTAmWC1BbXotU2lnbmVkSGVhZGVycz1ob3N0JTNCeC1rOHMtYXdzLWlkJlgtQW16LVNpZ25hdHVyZT1jYzYyYmRjNmQ2MTg4NGUxNjFkMzdjZjk4N2Y1ZDk0NWI4OWYwM2E1ZjdjMDRiOWNkMDFjNmQwODMwYWNjMjli"
          },
          "sensitive_attributes": [
            [
              {
                "type": "get_attr",
                "value": "token"
              }
            ]
          ]
        }
      ]
    },
    {
      "mode": "managed",
      "type": "helm_release",
      "name": "aws_lb_controller",
      "provider": "provider[\"registry.terraform.io/hashicorp/helm\"]",
      "instances": [
        {
          "schema_version": 1,
          "attributes": {
            "atomic": false,
            "chart": "aws-load-balancer-controller",
            "cleanup_on_fail": false,
            "create_namespace": false,
            "dependency_update": false,
            "description": null,
            "devel": null,
            "disable_crd_hooks": false,
            "disable_openapi_validation": false,
            "disable_webhooks": false,
            "force_update": false,
            "id": "aws-load-balancer-controller",
            "keyring": null,
            "lint": false,
            "manifest": null,
            "max_history": 0,
            "metadata": [
              {
                "app_version": "v2.11.0",
                "chart": "aws-load-balancer-controller",
                "first_deployed": 1739450898,
                "last_deployed": 1739450898,
                "name": "aws-load-balancer-controller",
                "namespace": "kube-system",
                "notes": "AWS Load Balancer controller installed!\n",
                "revision": 1,
                "values": "{\"clusterName\":\"prod-cluster\",\"region\":\"us-east-1\",\"serviceAccount\":{\"annotations\":{\"eks.amazonaws.com/role-arn\":\"arn:aws:iam::891377123177:role/AWSLoadBalancerControllerRole\"},\"create\":true,\"name\":\"aws-load-balancer-controller\"},\"vpcId\":\"vpc-023b32858c068d150\"}",
                "version": "1.11.0"
              }
            ],
            "name": "aws-load-balancer-controller",
            "namespace": "kube-system",
            "pass_credentials": false,
            "postrender": [],
            "recreate_pods": false,
            "render_subchart_notes": true,
            "replace": false,
            "repository": "https://aws.github.io/eks-charts",
            "repository_ca_file": null,
            "repository_cert_file": null,
            "repository_key_file": null,
            "repository_password": null,
            "repository_username": null,
            "reset_values": false,
            "reuse_values": false,
            "set": [],
            "set_list": [],
            "set_sensitive": [],
            "skip_crds": false,
            "status": "deployed",
            "timeout": 300,
            "upgrade_install": null,
            "values": [
              "region: us-east-1\nclusterName: prod-cluster\nvpcId: vpc-023b32858c068d150\nserviceAccount:\n  create: true\n  name: aws-load-balancer-controller\n  annotations:\n    eks.amazonaws.com/role-arn: arn:aws:iam::891377123177:role/AWSLoadBalancerControllerRole\n\n"
            ],
            "verify": false,
            "version": "1.11.0",
            "wait": true,
            "wait_for_jobs": false
          },
          "sensitive_attributes": [
            [
              {
                "type": "get_attr",
                "value": "repository_password"
              }
            ]
          ],
          "private": "eyJzY2hlbWFfdmVyc2lvbiI6IjEifQ==",
          "dependencies": [
            "data.aws_eks_cluster_auth.auth",
            "module.eks.aws_eks_cluster.cluster",
            "module.eks.aws_iam_openid_connect_provider.cluster",
            "module.eks.aws_iam_role.aws_lb_controller_role",
            "module.eks.aws_iam_role.cluster",
            "module.eks.aws_iam_role_policy_attachment.cluster_AmazonEKSClusterPolicy",
            "module.eks.aws_iam_role_policy_attachment.cluster_AmazonEKSServicePolicy",
            "module.eks.aws_iam_role_policy_attachment.cluster_AmazonEKSVPCResourceControllerPolicy",
            "module.eks.aws_security_group.cluster",
            "module.eks.aws_security_group.worker_group_mgmt",
            "module.eks.aws_security_group_rule.cluster_egress_internet",
            "module.eks.aws_subnet.private_subnet",
            "module.eks.aws_vpc.main",
            "module.eks.data.aws_availability_zones.available",
            "module.eks.data.aws_iam_policy_document.oidc-assume-role-policy",
            "module.eks.data.tls_certificate.cluster"
          ]
        }
      ]
    },
    {
      "mode": "managed",
      "type": "helm_release",
      "name": "nginx_ingress",
      "provider": "provider[\"registry.terraform.io/hashicorp/helm\"]",
      "instances": []
    },
    {
      "module": "module.eks",
      "mode": "data",
      "type": "aws_availability_zones",
      "name": "available",
      "provider": "provider[\"registry.terraform.io/hashicorp/aws\"]",
      "instances": [
        {
          "schema_version": 0,
          "attributes": {
            "all_availability_zones": null,
            "exclude_names": null,
            "exclude_zone_ids": null,
            "filter": null,
            "group_names": [
              "us-east-1-zg-1"
            ],
            "id": "us-east-1",
            "names": [
              "us-east-1a",
              "us-east-1b",
              "us-east-1c",
              "us-east-1d",
              "us-east-1e",
              "us-east-1f"
            ],
            "state": null,
            "timeouts": null,
            "zone_ids": [
              "use1-az4",
              "use1-az6",
              "use1-az1",
              "use1-az2",
              "use1-az3",
              "use1-az5"
            ]
          },
          "sensitive_attributes": []
        }
      ]
    },
    {
      "module": "module.eks",
      "mode": "data",
      "type": "aws_caller_identity",
      "name": "current",
      "provider": "provider[\"registry.terraform.io/hashicorp/aws\"]",
      "instances": [
        {
          "schema_version": 0,
          "attributes": {
            "account_id": "891377123177",
            "arn": "arn:aws:iam::891377123177:user/cloud_user",
            "id": "891377123177",
            "user_id": "AIDA47CRXP5U4JOLCU3AS"
          },
          "sensitive_attributes": []
        }
      ]
    },
    {
      "module": "module.eks",
      "mode": "data",
      "type": "aws_iam_policy_document",
      "name": "oidc-assume-role-policy",
      "provider": "provider[\"registry.terraform.io/hashicorp/aws\"]",
      "instances": [
        {
          "schema_version": 0,
          "attributes": {
            "id": "680723127",
            "json": "{\n  \"Version\": \"2012-10-17\",\n  \"Statement\": [\n    {\n      \"Effect\": \"Allow\",\n      \"Action\": \"sts:AssumeRoleWithWebIdentity\",\n      \"Principal\": {\n        \"Federated\": \"arn:aws:iam::891377123177:oidc-provider/oidc.eks.us-east-1.amazonaws.com/id/8EA422A1B0D7B64E23A505D2AF87005F\"\n      },\n      \"Condition\": {\n        \"StringEquals\": {\n          \"oidc.eks.us-east-1.amazonaws.com/id/8EA422A1B0D7B64E23A505D2AF87005F:sub\": \"system:serviceaccount:kube-system:aws-load-balancer-controller\"\n        }\n      }\n    }\n  ]\n}",
            "minified_json": "{\"Version\":\"2012-10-17\",\"Statement\":[{\"Effect\":\"Allow\",\"Action\":\"sts:AssumeRoleWithWebIdentity\",\"Principal\":{\"Federated\":\"arn:aws:iam::891377123177:oidc-provider/oidc.eks.us-east-1.amazonaws.com/id/8EA422A1B0D7B64E23A505D2AF87005F\"},\"Condition\":{\"StringEquals\":{\"oidc.eks.us-east-1.amazonaws.com/id/8EA422A1B0D7B64E23A505D2AF87005F:sub\":\"system:serviceaccount:kube-system:aws-load-balancer-controller\"}}}]}",
            "override_json": null,
            "override_policy_documents": null,
            "policy_id": null,
            "source_json": null,
            "source_policy_documents": null,
            "statement": [
              {
                "actions": [
                  "sts:AssumeRoleWithWebIdentity"
                ],
                "condition": [
                  {
                    "test": "StringEquals",
                    "values": [
                      "system:serviceaccount:kube-system:aws-load-balancer-controller"
                    ],
                    "variable": "oidc.eks.us-east-1.amazonaws.com/id/8EA422A1B0D7B64E23A505D2AF87005F:sub"
                  }
                ],
                "effect": "Allow",
                "not_actions": [],
                "not_principals": [],
                "not_resources": [],
                "principals": [
                  {
                    "identifiers": [
                      "arn:aws:iam::891377123177:oidc-provider/oidc.eks.us-east-1.amazonaws.com/id/8EA422A1B0D7B64E23A505D2AF87005F"
                    ],
                    "type": "Federated"
                  }
                ],
                "resources": [],
                "sid": ""
              }
            ],
            "version": "2012-10-17"
          },
          "sensitive_attributes": []
        }
      ]
    },
    {
      "module": "module.eks",
      "mode": "data",
      "type": "tls_certificate",
      "name": "cluster",
      "provider": "provider[\"registry.terraform.io/hashicorp/tls\"]",
      "instances": [
        {
          "schema_version": 0,
          "attributes": {
            "certificates": [
              {
                "cert_pem": "-----BEGIN CERTIFICATE-----\nMIIEdTCCA12gAwIBAgIJAKcOSkw0grd/MA0GCSqGSIb3DQEBCwUAMGgxCzAJBgNV\nBAYTAlVTMSUwIwYDVQQKExxTdGFyZmllbGQgVGVjaG5vbG9naWVzLCBJbmMuMTIw\nMAYDVQQLEylTdGFyZmllbGQgQ2xhc3MgMiBDZXJ0aWZpY2F0aW9uIEF1dGhvcml0\neTAeFw0wOTA5MDIwMDAwMDBaFw0zNDA2MjgxNzM5MTZaMIGYMQswCQYDVQQGEwJV\nUzEQMA4GA1UECBMHQXJpem9uYTETMBEGA1UEBxMKU2NvdHRzZGFsZTElMCMGA1UE\nChMcU3RhcmZpZWxkIFRlY2hub2xvZ2llcywgSW5jLjE7MDkGA1UEAxMyU3RhcmZp\nZWxkIFNlcnZpY2VzIFJvb3QgQ2VydGlmaWNhdGUgQXV0aG9yaXR5IC0gRzIwggEi\nMA0GCSqGSIb3DQEBAQUAA4IBDwAwggEKAoIBAQDVDDrEKvlO4vW+GZdfjohTsR8/\ny8+fIBNtKTrID30892t2OGPZNmCom15cAICyL1l/9of5JUOG52kbUpqQ4XHj2C0N\nTm/2yEnZtvMaVq4rtnQU68/7JuMauh2WLmo7WJSJR1b/JaCTcFOD2oR0FMNnngRo\nOt+OQFodSk7PQ5E751bWAHDLUu57fa4657wx+UX2wmDPE1kCK4DMNEffud6QZW0C\nzyyRpqbn3oUYSXxmTqM6bam17jQuug0DuDPfR+uxa40l2ZvOgdFFRjKWcIfeAg5J\nQ4W2bHO7ZOphQazJ1FTfhy/HIrImzJ9ZVGif/L4qL8RVHHVAYBeFAlU5i38FAgMB\nAAGjgfAwge0wDwYDVR0TAQH/BAUwAwEB/zAOBgNVHQ8BAf8EBAMCAYYwHQYDVR0O\nBBYEFJxfAN+qAdcwKziIorhtSpzyEZGDMB8GA1UdIwQYMBaAFL9ft9HO3R+G9FtV\nrNzXEMIOqYjnME8GCCsGAQUFBwEBBEMwQTAcBggrBgEFBQcwAYYQaHR0cDovL28u\nc3MyLnVzLzAhBggrBgEFBQcwAoYVaHR0cDovL3guc3MyLnVzL3guY2VyMCYGA1Ud\nHwQfMB0wG6AZoBeGFWh0dHA6Ly9zLnNzMi51cy9yLmNybDARBgNVHSAECjAIMAYG\nBFUdIAAwDQYJKoZIhvcNAQELBQADggEBACMd44pXyn3pF3lM8R5V/cxTbj5HD9/G\nVfKyBDbtgB9TxF00KGu+x1X8Z+rLP3+QsjPNG1gQggL4+C/1E2DUBc7xgQjB3ad1\nl08YuW3e95ORCLp+QCztweq7dp4zBncdDQh/U90bZKuCJ/Fp1U1ervShw3WnWEQt\n8jxwmKy6abaVd38PMV4s/KCHOkdp8Hlf9BRUpJVeEXgSYCfOn8J3/yNTd126/+pZ\n59vPr5KW7ySaNRB6nJHGDn2Z9j8Z3/VyVOEVqQdZe4O/Ui5GjLIAZHYcSNPYeehu\nVsyuLAOQ1xk4meTKCRlb/weWsKh/NEnfVqn3sF/tM+2MR7cwA130A4w=\n-----END CERTIFICATE-----\n",
                "is_ca": true,
                "issuer": "OU=Starfield Class 2 Certification Authority,O=Starfield Technologies\\, Inc.,C=US",
                "not_after": "2034-06-28T17:39:16Z",
                "not_before": "2009-09-02T00:00:00Z",
                "public_key_algorithm": "RSA",
                "serial_number": "12037640545166866303",
                "sha1_fingerprint": "9e99a48a9960b14926bb7f3b02e22da2b0ab7280",
                "signature_algorithm": "SHA256-RSA",
                "subject": "CN=Starfield Services Root Certificate Authority - G2,O=Starfield Technologies\\, Inc.,L=Scottsdale,ST=Arizona,C=US",
                "version": 3
              },
              {
                "cert_pem": "-----BEGIN CERTIFICATE-----\nMIIEkjCCA3qgAwIBAgITBn+USionzfP6wq4rAfkI7rnExjANBgkqhkiG9w0BAQsF\nADCBmDELMAkGA1UEBhMCVVMxEDAOBgNVBAgTB0FyaXpvbmExEzARBgNVBAcTClNj\nb3R0c2RhbGUxJTAjBgNVBAoTHFN0YXJmaWVsZCBUZWNobm9sb2dpZXMsIEluYy4x\nOzA5BgNVBAMTMlN0YXJmaWVsZCBTZXJ2aWNlcyBSb290IENlcnRpZmljYXRlIEF1\ndGhvcml0eSAtIEcyMB4XDTE1MDUyNTEyMDAwMFoXDTM3MTIzMTAxMDAwMFowOTEL\nMAkGA1UEBhMCVVMxDzANBgNVBAoTBkFtYXpvbjEZMBcGA1UEAxMQQW1hem9uIFJv\nb3QgQ0EgMTCCASIwDQYJKoZIhvcNAQEBBQADggEPADCCAQoCggEBALJ4gHHKeNXj\nca9HgFB0fW7Y14h29Jlo91ghYPl0hAEvrAIthtOgQ3pOsqTQNroBvo3bSMgHFzZM\n9O6II8c+6zf1tRn4SWiw3te5djgdYZ6k/oI2peVKVuRF4fn9tBb6dNqcmzU5L/qw\nIFAGbHrQgLKm+a/sRxmPUDgH3KKHOVj4utWp+UhnMJbulHheb4mjUcAwhmahRWa6\nVOujw5H5SNz/0egwLX0tdHA114gk957EWW67c4cX8jJGKLhD+rcdqsq08p8kDi1L\n93FcXmn/6pUCyziKrlA4b9v7LWIbxcceVOF34GfID5yHI9Y/QCB/IIDEgEw+OyQm\njgSubJrIqg0CAwEAAaOCATEwggEtMA8GA1UdEwEB/wQFMAMBAf8wDgYDVR0PAQH/\nBAQDAgGGMB0GA1UdDgQWBBSEGMyFNOy8DJSULghZnMeyEE4KCDAfBgNVHSMEGDAW\ngBScXwDfqgHXMCs4iKK4bUqc8hGRgzB4BggrBgEFBQcBAQRsMGowLgYIKwYBBQUH\nMAGGImh0dHA6Ly9vY3NwLnJvb3RnMi5hbWF6b250cnVzdC5jb20wOAYIKwYBBQUH\nMAKGLGh0dHA6Ly9jcnQucm9vdGcyLmFtYXpvbnRydXN0LmNvbS9yb290ZzIuY2Vy\nMD0GA1UdHwQ2MDQwMqAwoC6GLGh0dHA6Ly9jcmwucm9vdGcyLmFtYXpvbnRydXN0\nLmNvbS9yb290ZzIuY3JsMBEGA1UdIAQKMAgwBgYEVR0gADANBgkqhkiG9w0BAQsF\nAAOCAQEAYjdCXLwQtT6LLOkMm2xF4gcAevnFWAu5CIw+7bMlPLVvUOTNNWqnkzSW\nMiGpSESrnO09tKpzbeR/FoCJbM8oAxiDR3mjEH4wW6w7sGDgd9QIpuEdfF7Au/ma\neyKdpwAJfqxGF4PcnCZXmTA5YpaP7dreqsXMGz7KQ2hsVxa81Q4gLv7/wmpdLqBK\nbRRYh5TmOTFffHPLkIhqhBGWJ6bt2YFGpn6jcgAKUj6DiAdjd4lpFw85hdKrCEVN\n0FE6/V1dN2RMfjCyVSRCnTawXZwXgWHxyvkQAiSr6w10kY17RSlQOYiypok1JR4U\nakcjMS9cmvqtmg5iUaQqqcT5NJ0hGA==\n-----END CERTIFICATE-----\n",
                "is_ca": true,
                "issuer": "CN=Starfield Services Root Certificate Authority - G2,O=Starfield Technologies\\, Inc.,L=Scottsdale,ST=Arizona,C=US",
                "not_after": "2037-12-31T01:00:00Z",
                "not_before": "2015-05-25T12:00:00Z",
                "public_key_algorithm": "RSA",
                "serial_number": "144918191876577076464031512351042010504348870",
                "sha1_fingerprint": "06b25927c42a721631c1efd9431e648fa62e1e39",
                "signature_algorithm": "SHA256-RSA",
                "subject": "CN=Amazon Root CA 1,O=Amazon,C=US",
                "version": 3
              },
              {
                "cert_pem": "-----BEGIN CERTIFICATE-----\nMIIEXjCCA0agAwIBAgITB3MSSkvL1E7HtTvq8ZSELToPoTANBgkqhkiG9w0BAQsF\nADA5MQswCQYDVQQGEwJVUzEPMA0GA1UEChMGQW1hem9uMRkwFwYDVQQDExBBbWF6\nb24gUm9vdCBDQSAxMB4XDTIyMDgyMzIyMjUzMFoXDTMwMDgyMzIyMjUzMFowPDEL\nMAkGA1UEBhMCVVMxDzANBgNVBAoTBkFtYXpvbjEcMBoGA1UEAxMTQW1hem9uIFJT\nQSAyMDQ4IE0wMjCCASIwDQYJKoZIhvcNAQEBBQADggEPADCCAQoCggEBALtDGMZa\nqHneKei1by6+pUPPLljTB143Si6VpEWPc6mSkFhZb/6qrkZyoHlQLbDYnI2D7hD0\nsdzEqfnuAjIsuXQLG3A8TvX6V3oFNBFVe8NlLJHvBseKY88saLwufxkZVwk74g4n\nWlNMXzla9Y5F3wwRHwMVH443xGz6UtGSZSqQ94eFx5X7Tlqt8whi8qCaKdZ5rNak\n+r9nUThOeClqFd4oXych//Rc7Y0eX1KNWHYSI1Nk31mYgiK3JvH063g+K9tHA63Z\neTgKgndlh+WI+zv7i44HepRZjA1FYwYZ9Vv/9UkC5Yz8/yU65fgjaE+wVHM4e/Yy\nC2osrPWE7gJ+dXMCAwEAAaOCAVowggFWMBIGA1UdEwEB/wQIMAYBAf8CAQAwDgYD\nVR0PAQH/BAQDAgGGMB0GA1UdJQQWMBQGCCsGAQUFBwMBBggrBgEFBQcDAjAdBgNV\nHQ4EFgQUwDFSzVpQw4J8dHHOy+mc+XrrguIwHwYDVR0jBBgwFoAUhBjMhTTsvAyU\nlC4IWZzHshBOCggwewYIKwYBBQUHAQEEbzBtMC8GCCsGAQUFBzABhiNodHRwOi8v\nb2NzcC5yb290Y2ExLmFtYXpvbnRydXN0LmNvbTA6BggrBgEFBQcwAoYuaHR0cDov\nL2NydC5yb290Y2ExLmFtYXpvbnRydXN0LmNvbS9yb290Y2ExLmNlcjA/BgNVHR8E\nODA2MDSgMqAwhi5odHRwOi8vY3JsLnJvb3RjYTEuYW1hem9udHJ1c3QuY29tL3Jv\nb3RjYTEuY3JsMBMGA1UdIAQMMAowCAYGZ4EMAQIBMA0GCSqGSIb3DQEBCwUAA4IB\nAQAtTi6Fs0Azfi+iwm7jrz+CSxHH+uHl7Law3MQSXVtR8RV53PtR6r/6gNpqlzdo\nZq4FKbADi1v9Bun8RY8D51uedRfjsbeodizeBB8nXmeyD33Ep7VATj4ozcd31YFV\nfgRhvTSxNrrTlNpWkUk0m3BMPv8sg381HhA6uEYokE5q9uws/3YkKqRiEz3TsaWm\nJqIRZhMbgAfp7O7FUwFIb7UIspogZSKxPIWJpxiPo3TcBambbVtQOcNRWz5qCQdD\nslI2yayq0n2TXoHyNCLEH8rpsJRVILFsg0jc7BaFrMnF462+ajSehgj12IidNeRN\n4zl+EoNaWdpnWndvSpAEkq2P\n-----END CERTIFICATE-----\n",
                "is_ca": true,
                "issuer": "CN=Amazon Root CA 1,O=Amazon,C=US",
                "not_after": "2030-08-23T22:25:30Z",
                "not_before": "2022-08-23T22:25:30Z",
                "public_key_algorithm": "RSA",
                "serial_number": "166129353110899469622597955040406457904926625",
                "sha1_fingerprint": "414a2060b738c635cc7fc243e052615592830c53",
                "signature_algorithm": "SHA256-RSA",
                "subject": "CN=Amazon RSA 2048 M02,O=Amazon,C=US",
                "version": 3
              },
              {
                "cert_pem": "-----BEGIN CERTIFICATE-----\nMIIF5TCCBM2gAwIBAgIQCJL9XGbawpZ6IsGGvDqdyDANBgkqhkiG9w0BAQsFADA8\nMQswCQYDVQQGEwJVUzEPMA0GA1UEChMGQW1hem9uMRwwGgYDVQQDExNBbWF6b24g\nUlNBIDIwNDggTTAyMB4XDTI0MDMyODAwMDAwMFoXDTI1MDQyNjIzNTk1OVowKDEm\nMCQGA1UEAwwdKi5la3MudXMtZWFzdC0xLmFtYXpvbmF3cy5jb20wggEiMA0GCSqG\nSIb3DQEBAQUAA4IBDwAwggEKAoIBAQC4iVpgxjgOmMKdC2tYTHa9yzuuLdYCjpC6\nxN1VgI71uTiSxUGf6R3N/Rdk5vjz2COu3fsVgMh6cCpqrPlxU/5uP0/DFfQGdVxB\nbZ4vYRC9jIbgyKmwqOEJMD/9B3iGHz3KpBpnXDcuulqWsCtuuqxjnMLL4h1UdOeA\nPNwhOyQxKMHl+LfrCZeCuehKch+XM/8lhdKgYyLp8o1Nm7IsNG1aN6iNoZ6rxEyU\nVw6fV+pZDaIrxkYf7unQrAfUWR122pXGzWRtv5VGZLjrci8ev4ZpgGViIzb2LOqT\nFm8gde6aURlAm4uMDFzmZ/iOqEV+52vO9Z0E6Yo5M3dJZqQo7uUpAgMBAAGjggL1\nMIIC8TAfBgNVHSMEGDAWgBTAMVLNWlDDgnx0cc7L6Zz5euuC4jAdBgNVHQ4EFgQU\nhG1ZDKa76htLZVXP+E3P3GnYHjEwKAYDVR0RBCEwH4IdKi5la3MudXMtZWFzdC0x\nLmFtYXpvbmF3cy5jb20wEwYDVR0gBAwwCjAIBgZngQwBAgEwDgYDVR0PAQH/BAQD\nAgWgMB0GA1UdJQQWMBQGCCsGAQUFBwMBBggrBgEFBQcDAjA7BgNVHR8ENDAyMDCg\nLqAshipodHRwOi8vY3JsLnIybTAyLmFtYXpvbnRydXN0LmNvbS9yMm0wMi5jcmww\ndQYIKwYBBQUHAQEEaTBnMC0GCCsGAQUFBzABhiFodHRwOi8vb2NzcC5yMm0wMi5h\nbWF6b250cnVzdC5jb20wNgYIKwYBBQUHMAKGKmh0dHA6Ly9jcnQucjJtMDIuYW1h\nem9udHJ1c3QuY29tL3IybTAyLmNlcjAMBgNVHRMBAf8EAjAAMIIBfQYKKwYBBAHW\neQIEAgSCAW0EggFpAWcAdgDPEVbu1S58r/OHW9lpLpvpGnFnSrAX7KwB0lt3zsw7\nCAAAAY6HAoTcAAAEAwBHMEUCIHI392+k5Ds777nM4CwNr+xjjCr49CQ/vHIJDZJX\nokM7AiEA++VPDyyMLijPy0GR8ZBIvAcrYbjfJXTF3GkizeJLVJIAdgB9WR4S4Xgq\nexxhZ3xe/fjQh1wUoE6VnrkDL9kOjC55uAAAAY6HAoTeAAAEAwBHMEUCICBkhMaf\n9gdR3bCbLxXFbHNEXUh7t3P/SxaUKDcE6UmIAiEA25zZ9aBt/mrhDcMc155V8qnw\nadTEqttLdP4XMEmMsPAAdQDm0jFjQHeMwRBBBtdxuc7B0kD2loSG+7qHMh39HjeO\nUAAAAY6HAoTxAAAEAwBGMEQCIFFF4kpqcNgHFzRi2cnL4HbNApZlnlc+Re9IyYXi\nCldqAiBkZUgs12iu2uWGU97VUAICt2+zZkhjUV3i+O3kYh1yrTANBgkqhkiG9w0B\nAQsFAAOCAQEAWY5OxR7rWtYFS09xAYYIHlBF7wdUxQH60zi/IqAHZIRCFI1xHdsJ\n0BUv30lLyiGtVr4DheBo81/IErBRpXmSkdoDJA+5d/Jz3EFtbrVogjESALAgBfSG\nuJX0QLshjyTl9O2r00qkxIhbKmSPSl9JQVxqt2jTaB6pD3SjWX6U+l397Ns1L6pI\nb1418oVo7LeHwEeEx6APMIyjzlfcXdCHA6lVKeiNF8SH+QW+h6ZOpGXJIU6llBjg\nWAhscqrGRj1APpuKWGVkVCweAjIOcEuWV8Fqmfp1h9jmeUkG6SoBifrl41PvhK0o\nqQ3LlAF6Op6n7JLa2rlXkf6LienZDVlSuQ==\n-----END CERTIFICATE-----\n",
                "is_ca": false,
                "issuer": "CN=Amazon RSA 2048 M02,O=Amazon,C=US",
                "not_after": "2025-04-26T23:59:59Z",
                "not_before": "2024-03-28T00:00:00Z",
                "public_key_algorithm": "RSA",
                "serial_number": "11397038078078022747295509550808604104",
                "sha1_fingerprint": "9451ad2b53c7f41fab22886cc07d482085336561",
                "signature_algorithm": "SHA256-RSA",
                "subject": "CN=*.eks.us-east-1.amazonaws.com",
                "version": 3
              }
            ],
            "content": null,
            "id": "99d41e43229a4cdaf4141f3e8310e6d95c31dab9",
            "url": "https://oidc.eks.us-east-1.amazonaws.com/id/8EA422A1B0D7B64E23A505D2AF87005F",
            "verify_chain": true
          },
          "sensitive_attributes": []
        }
      ]
    },
    {
      "module": "module.eks",
      "mode": "managed",
      "type": "aws_eip",
      "name": "nat_gtw",
      "provider": "provider[\"registry.terraform.io/hashicorp/aws\"]",
      "instances": [
        {
          "index_key": 0,
          "schema_version": 0,
          "attributes": {
            "address": null,
            "allocation_id": "eipalloc-0eed47d1ad00ef128",
            "arn": "arn:aws:ec2:us-east-1:891377123177:elastic-ip/eipalloc-0eed47d1ad00ef128",
            "associate_with_private_ip": null,
            "association_id": "eipassoc-0e455ff497d6150ab",
            "carrier_ip": "",
            "customer_owned_ip": "",
            "customer_owned_ipv4_pool": "",
            "domain": "vpc",
            "id": "eipalloc-0eed47d1ad00ef128",
            "instance": "",
            "ipam_pool_id": null,
            "network_border_group": "us-east-1",
            "network_interface": "eni-09cdb929027f0711a",
            "private_dns": "ip-10-0-1-123.ec2.internal",
            "private_ip": "10.0.1.123",
            "ptr_record": "",
            "public_dns": "ec2-44-205-47-17.compute-1.amazonaws.com",
            "public_ip": "44.205.47.17",
            "public_ipv4_pool": "amazon",
            "tags": {
              "Name": "prod-eip-1"
            },
            "tags_all": {
              "Name": "prod-eip-1"
            },
            "timeouts": null,
            "vpc": true
          },
          "sensitive_attributes": [],
          "private": "eyJlMmJmYjczMC1lY2FhLTExZTYtOGY4OC0zNDM2M2JjN2M0YzAiOnsiZGVsZXRlIjoxODAwMDAwMDAwMDAsInJlYWQiOjkwMDAwMDAwMDAwMCwidXBkYXRlIjozMDAwMDAwMDAwMDB9fQ=="
        },
        {
          "index_key": 1,
          "schema_version": 0,
          "attributes": {
            "address": null,
            "allocation_id": "eipalloc-090ccbf474d0cf38a",
            "arn": "arn:aws:ec2:us-east-1:891377123177:elastic-ip/eipalloc-090ccbf474d0cf38a",
            "associate_with_private_ip": null,
            "association_id": "eipassoc-04ffd400b9703f6bf",
            "carrier_ip": "",
            "customer_owned_ip": "",
            "customer_owned_ipv4_pool": "",
            "domain": "vpc",
            "id": "eipalloc-090ccbf474d0cf38a",
            "instance": "",
            "ipam_pool_id": null,
            "network_border_group": "us-east-1",
            "network_interface": "eni-025c72b34dd29e27c",
            "private_dns": "ip-10-0-2-62.ec2.internal",
            "private_ip": "10.0.2.62",
            "ptr_record": "",
            "public_dns": "ec2-18-209-77-128.compute-1.amazonaws.com",
            "public_ip": "18.209.77.128",
            "public_ipv4_pool": "amazon",
            "tags": {
              "Name": "prod-eip-2"
            },
            "tags_all": {
              "Name": "prod-eip-2"
            },
            "timeouts": null,
            "vpc": true
          },
          "sensitive_attributes": [],
          "private": "eyJlMmJmYjczMC1lY2FhLTExZTYtOGY4OC0zNDM2M2JjN2M0YzAiOnsiZGVsZXRlIjoxODAwMDAwMDAwMDAsInJlYWQiOjkwMDAwMDAwMDAwMCwidXBkYXRlIjozMDAwMDAwMDAwMDB9fQ=="
        }
      ]
    },
    {
      "module": "module.eks",
      "mode": "managed",
      "type": "aws_eks_cluster",
      "name": "cluster",
      "provider": "provider[\"registry.terraform.io/hashicorp/aws\"]",
      "instances": [
        {
          "schema_version": 1,
          "attributes": {
            "access_config": [
              {
                "authentication_mode": "CONFIG_MAP",
                "bootstrap_cluster_creator_admin_permissions": true
              }
            ],
            "arn": "arn:aws:eks:us-east-1:891377123177:cluster/prod-cluster",
            "bootstrap_self_managed_addons": true,
            "certificate_authority": [
              {
                "data": "LS0tLS1CRUdJTiBDRVJUSUZJQ0FURS0tLS0tCk1JSURCVENDQWUyZ0F3SUJBZ0lJSjF3dlpkR0MvVlF3RFFZSktvWklodmNOQVFFTEJRQXdGVEVUTUJFR0ExVUUKQXhNS2EzVmlaWEp1WlhSbGN6QWVGdzB5TlRBeU1UTXhNVEkzTXpsYUZ3MHpOVEF5TVRFeE1UTXlNemxhTUJVeApFekFSQmdOVkJBTVRDbXQxWW1WeWJtVjBaWE13Z2dFaU1BMEdDU3FHU0liM0RRRUJBUVVBQTRJQkR3QXdnZ0VLCkFvSUJBUUMxdFl3Zm5iWHA4S1hlUTRsV29zaXRId2lDQW10bm0wK2ZJSk56VnVkQnplMFBqMmpCamNVUENpNkYKbGFTVlQycGxVTDhkbk56eEsrVHNKL08zM3d0LzZQaHMyTUJzWG9Md3hwWkQyMm5iczBSNDFzbStsdHNZazlQLwpqQk9JWXRwRU1jeE93SUl5eUdiTEQ5YVU1MEJjaktYNGJwTnh2MTdlV3M3MUpoVlpsYTdxOU9xNXgxRTdIckhjCnZ6WGh6MDF6c0RzZG5oV2F5RzVkbHptL1h4aFlFU1Zrald3azVjYW9hUURwc21jZlFkK2JoeVpxcUNXbVZmWkMKajRFb0xtTDF1eUpBS2FEQmlhTFlwWjJMbFdOT243eWl5RFdPbUd5Z2lHMVY5R0R1REZvUjhYdTdjT3hWUnRjTgpYNlhTNi96dk5RVWFKalBXQmpVNktGSGh5dTNwQWdNQkFBR2pXVEJYTUE0R0ExVWREd0VCL3dRRUF3SUNwREFQCkJnTlZIUk1CQWY4RUJUQURBUUgvTUIwR0ExVWREZ1FXQkJTL2tpcUlaNTNzVUlUTjFhNitkL3FFamp0ZTV6QVYKQmdOVkhSRUVEakFNZ2dwcmRXSmxjbTVsZEdWek1BMEdDU3FHU0liM0RRRUJDd1VBQTRJQkFRQW9nSGFWamVqYQoyVEV6b2oydk83V1dOY1hIdEFua0kwbUExOUMrQWtid0hVWjIrU1B6eWN1d3ZEWE1pblBjMGFtbTN3Mjg2YXg3CjNoc1JrenZ5N3pQSGpWL21iQkNBeVRjemdOZFdOWjhtS1hOQytKTFVCS3dOSmRyd2xMN3IranJ6ZU5HRXRBencKNHIyOWVRcEtVTDRxdk1nRVlJR09wcUpuL1ExL0hzbjRrS1Flc3JTL0lKWHVVKzNYQmNIRWlndWdDa0tNelhrUgpiMC96MWRUV3g5eUFTWUNNNEZzQjBOdU1IZVhlOEtCVk50Uy9udUY2RTRtSHo2V3pLZkVvcDhLUGdRTjZZaEQwCktjZVhubm8zY3N1RE5aOE5MQWRvOGZnbk0vb0ZkTWFOZnJ2WUljSEw5dWNhL2sxaUFCMG9nck0zMkR1K0JIalEKTUIvL3BRUnp1Q0pFCi0tLS0tRU5EIENFUlRJRklDQVRFLS0tLS0K"
              }
            ],
            "cluster_id": null,
            "compute_config": [],
            "created_at": "2025-02-13T11:26:55Z",
            "enabled_cluster_log_types": [],
            "encryption_config": [],
            "endpoint": "https://8EA422A1B0D7B64E23A505D2AF87005F.gr7.us-east-1.eks.amazonaws.com",
            "id": "prod-cluster",
            "identity": [
              {
                "oidc": [
                  {
                    "issuer": "https://oidc.eks.us-east-1.amazonaws.com/id/8EA422A1B0D7B64E23A505D2AF87005F"
                  }
                ]
              }
            ],
            "kubernetes_network_config": [
              {
                "elastic_load_balancing": [
                  {
                    "enabled": false
                  }
                ],
                "ip_family": "ipv4",
                "service_ipv4_cidr": "172.20.0.0/16",
                "service_ipv6_cidr": ""
              }
            ],
            "name": "prod-cluster",
            "outpost_config": [],
            "platform_version": "eks.42",
            "remote_network_config": [],
            "role_arn": "arn:aws:iam::891377123177:role/prod-cluster-iam",
            "status": "ACTIVE",
            "storage_config": [],
            "tags": {},
            "tags_all": {},
            "timeouts": null,
            "upgrade_policy": [
              {
                "support_type": "EXTENDED"
              }
            ],
            "version": "1.25",
            "vpc_config": [
              {
                "cluster_security_group_id": "sg-02716623fb77f66d1",
                "endpoint_private_access": true,
                "endpoint_public_access": true,
                "public_access_cidrs": [
                  "0.0.0.0/0"
                ],
                "security_group_ids": [
                  "sg-0bc43c52df9b5d31e",
                  "sg-0d195800dddb50d19"
                ],
                "subnet_ids": [
                  "subnet-008d9e01437cb8574",
                  "subnet-0a924765064e9c88a"
                ],
                "vpc_id": "vpc-023b32858c068d150"
              }
            ],
            "zonal_shift_config": []
          },
          "sensitive_attributes": [],
          "private": "eyJlMmJmYjczMC1lY2FhLTExZTYtOGY4OC0zNDM2M2JjN2M0YzAiOnsiY3JlYXRlIjoxODAwMDAwMDAwMDAwLCJkZWxldGUiOjkwMDAwMDAwMDAwMCwidXBkYXRlIjozNjAwMDAwMDAwMDAwfSwic2NoZW1hX3ZlcnNpb24iOiIxIn0=",
          "dependencies": [
            "module.eks.aws_iam_role.cluster",
            "module.eks.aws_iam_role_policy_attachment.cluster_AmazonEKSClusterPolicy",
            "module.eks.aws_iam_role_policy_attachment.cluster_AmazonEKSServicePolicy",
            "module.eks.aws_iam_role_policy_attachment.cluster_AmazonEKSVPCResourceControllerPolicy",
            "module.eks.aws_security_group.cluster",
            "module.eks.aws_security_group.worker_group_mgmt",
            "module.eks.aws_security_group_rule.cluster_egress_internet",
            "module.eks.aws_subnet.private_subnet",
            "module.eks.aws_vpc.main",
            "module.eks.data.aws_availability_zones.available"
          ],
          "create_before_destroy": true
        }
      ]
    },
    {
      "module": "module.eks",
      "mode": "managed",
      "type": "aws_eks_node_group",
      "name": "workers",
      "provider": "provider[\"registry.terraform.io/hashicorp/aws\"]",
      "instances": [
        {
          "index_key": "5/2",
          "schema_version": 0,
          "attributes": {
            "ami_type": "AL2_x86_64",
            "arn": "arn:aws:eks:us-east-1:891377123177:nodegroup/prod-cluster/prod-node-group-1/faca7f8c-88f2-84cb-79e6-949ce5eeb90c",
            "capacity_type": "ON_DEMAND",
            "cluster_name": "prod-cluster",
            "disk_size": 20,
            "force_update_version": null,
            "id": "prod-cluster:prod-node-group-1",
            "instance_types": [
              "t3.medium"
            ],
            "labels": {},
            "launch_template": [],
            "node_group_name": "prod-node-group-1",
            "node_group_name_prefix": "",
            "node_repair_config": [],
            "node_role_arn": "arn:aws:iam::891377123177:role/prod-eks-node",
            "release_version": "1.25.16-20250203",
            "remote_access": [],
            "resources": [
              {
                "autoscaling_groups": [
                  {
                    "name": "eks-prod-node-group-1-faca7f8c-88f2-84cb-79e6-949ce5eeb90c"
                  }
                ],
                "remote_access_security_group_id": ""
              }
            ],
            "scaling_config": [
              {
                "desired_size": 3,
                "max_size": 5,
                "min_size": 2
              }
            ],
            "status": "ACTIVE",
            "subnet_ids": [
              "subnet-008d9e01437cb8574",
              "subnet-02706db42a4fb5e42",
              "subnet-052e3741b3d763f19",
              "subnet-0a924765064e9c88a"
            ],
            "tags": {
              "Name": "prod-node-group-1"
            },
            "tags_all": {
              "Name": "prod-node-group-1"
            },
            "taint": [],
            "timeouts": null,
            "update_config": [
              {
                "max_unavailable": 1,
                "max_unavailable_percentage": 0
              }
            ],
            "version": "1.25"
          },
          "sensitive_attributes": [],
          "private": "eyJlMmJmYjczMC1lY2FhLTExZTYtOGY4OC0zNDM2M2JjN2M0YzAiOnsiY3JlYXRlIjozNjAwMDAwMDAwMDAwLCJkZWxldGUiOjM2MDAwMDAwMDAwMDAsInVwZGF0ZSI6MzYwMDAwMDAwMDAwMH19",
          "dependencies": [
            "module.eks.aws_eks_cluster.cluster",
            "module.eks.aws_iam_role.cluster",
            "module.eks.aws_iam_role.eks_node",
            "module.eks.aws_iam_role_policy_attachment.cluster_AmazonEKSClusterPolicy",
            "module.eks.aws_iam_role_policy_attachment.cluster_AmazonEKSServicePolicy",
            "module.eks.aws_iam_role_policy_attachment.cluster_AmazonEKSVPCResourceControllerPolicy",
            "module.eks.aws_iam_role_policy_attachment.eks_node",
            "module.eks.aws_iam_role_policy_attachment.eks_node_AmazonEKSWorkerNodePolicy",
            "module.eks.aws_iam_role_policy_attachment.eks_node_AmazonEKS_CNI_Policy",
            "module.eks.aws_security_group.cluster",
            "module.eks.aws_security_group.worker_group_mgmt",
            "module.eks.aws_security_group_rule.cluster_egress_internet",
            "module.eks.aws_subnet.private_subnet",
            "module.eks.aws_subnet.public_subnet",
            "module.eks.aws_vpc.main",
            "module.eks.data.aws_availability_zones.available"
          ],
          "create_before_destroy": true
        }
      ]
    },
    {
      "module": "module.eks",
      "mode": "managed",
      "type": "aws_iam_openid_connect_provider",
      "name": "cluster",
      "provider": "provider[\"registry.terraform.io/hashicorp/aws\"]",
      "instances": [
        {
          "schema_version": 0,
          "attributes": {
            "arn": "arn:aws:iam::891377123177:oidc-provider/oidc.eks.us-east-1.amazonaws.com/id/8EA422A1B0D7B64E23A505D2AF87005F",
            "client_id_list": [
              "sts.amazonaws.com"
            ],
            "id": "arn:aws:iam::891377123177:oidc-provider/oidc.eks.us-east-1.amazonaws.com/id/8EA422A1B0D7B64E23A505D2AF87005F",
            "tags": {},
            "tags_all": {},
            "thumbprint_list": [
              "9e99a48a9960b14926bb7f3b02e22da2b0ab7280"
            ],
            "url": "oidc.eks.us-east-1.amazonaws.com/id/8EA422A1B0D7B64E23A505D2AF87005F"
          },
          "sensitive_attributes": [],
          "private": "bnVsbA==",
          "dependencies": [
            "module.eks.aws_eks_cluster.cluster",
            "module.eks.aws_iam_role.cluster",
            "module.eks.aws_iam_role_policy_attachment.cluster_AmazonEKSClusterPolicy",
            "module.eks.aws_iam_role_policy_attachment.cluster_AmazonEKSServicePolicy",
            "module.eks.aws_iam_role_policy_attachment.cluster_AmazonEKSVPCResourceControllerPolicy",
            "module.eks.aws_security_group.cluster",
            "module.eks.aws_security_group.worker_group_mgmt",
            "module.eks.aws_security_group_rule.cluster_egress_internet",
            "module.eks.aws_subnet.private_subnet",
            "module.eks.aws_vpc.main",
            "module.eks.data.aws_availability_zones.available",
            "module.eks.data.tls_certificate.cluster"
          ]
        }
      ]
    },
    {
      "module": "module.eks",
      "mode": "managed",
      "type": "aws_iam_policy",
      "name": "aws_lb_controller",
      "provider": "provider[\"registry.terraform.io/hashicorp/aws\"]",
      "instances": [
        {
          "schema_version": 0,
          "attributes": {
            "arn": "arn:aws:iam::891377123177:policy/AWSLoadBalancerControllerIAMPolicy",
            "attachment_count": 1,
            "description": "IAM policy for AWS Load Balancer Controller",
            "id": "arn:aws:iam::891377123177:policy/AWSLoadBalancerControllerIAMPolicy",
            "name": "AWSLoadBalancerControllerIAMPolicy",
            "name_prefix": "",
            "path": "/",
            "policy": "{\"Statement\":[{\"Action\":[\"iam:CreateServiceLinkedRole\"],\"Condition\":{\"StringEquals\":{\"iam:AWSServiceName\":\"elasticloadbalancing.amazonaws.com\"}},\"Effect\":\"Allow\",\"Resource\":\"*\"},{\"Action\":[\"ec2:DescribeAccountAttributes\",\"ec2:DescribeAddresses\",\"ec2:DescribeAvailabilityZones\",\"ec2:DescribeInternetGateways\",\"ec2:DescribeVpcs\",\"ec2:DescribeVpcPeeringConnections\",\"ec2:DescribeSubnets\",\"ec2:DescribeSecurityGroups\",\"ec2:DescribeInstances\",\"ec2:DescribeNetworkInterfaces\",\"ec2:DescribeTags\",\"ec2:GetCoipPoolUsage\",\"ec2:DescribeCoipPools\",\"ec2:GetSecurityGroupsForVpc\",\"elasticloadbalancing:DescribeLoadBalancers\",\"elasticloadbalancing:DescribeLoadBalancerAttributes\",\"elasticloadbalancing:DescribeListeners\",\"elasticloadbalancing:DescribeListenerCertificates\",\"elasticloadbalancing:DescribeSSLPolicies\",\"elasticloadbalancing:DescribeRules\",\"elasticloadbalancing:DescribeTargetGroups\",\"elasticloadbalancing:DescribeTargetGroupAttributes\",\"elasticloadbalancing:DescribeTargetHealth\",\"elasticloadbalancing:DescribeTags\",\"elasticloadbalancing:DescribeTrustStores\",\"elasticloadbalancing:DescribeListenerAttributes\",\"elasticloadbalancing:DescribeCapacityReservation\"],\"Effect\":\"Allow\",\"Resource\":\"*\"},{\"Action\":[\"cognito-idp:DescribeUserPoolClient\",\"acm:ListCertificates\",\"acm:DescribeCertificate\",\"iam:ListServerCertificates\",\"iam:GetServerCertificate\",\"waf-regional:GetWebACL\",\"waf-regional:GetWebACLForResource\",\"waf-regional:AssociateWebACL\",\"waf-regional:DisassociateWebACL\",\"wafv2:GetWebACL\",\"wafv2:GetWebACLForResource\",\"wafv2:AssociateWebACL\",\"wafv2:DisassociateWebACL\",\"shield:GetSubscriptionState\",\"shield:DescribeProtection\",\"shield:CreateProtection\",\"shield:DeleteProtection\"],\"Effect\":\"Allow\",\"Resource\":\"*\"},{\"Action\":[\"ec2:AuthorizeSecurityGroupIngress\",\"ec2:RevokeSecurityGroupIngress\"],\"Effect\":\"Allow\",\"Resource\":\"*\"},{\"Action\":[\"ec2:CreateSecurityGroup\"],\"Effect\":\"Allow\",\"Resource\":\"*\"},{\"Action\":[\"ec2:CreateTags\"],\"Condition\":{\"Null\":{\"aws:RequestTag/elbv2.k8s.aws/cluster\":\"false\"},\"StringEquals\":{\"ec2:CreateAction\":\"CreateSecurityGroup\"}},\"Effect\":\"Allow\",\"Resource\":\"arn:aws:ec2:*:*:security-group/*\"}],\"Version\":\"2012-10-17\"}",
            "policy_id": "ANPA47CRXP5URTANAMKK4",
            "tags": {},
            "tags_all": {}
          },
          "sensitive_attributes": [],
          "private": "bnVsbA=="
        }
      ]
    },
    {
      "module": "module.eks",
      "mode": "managed",
      "type": "aws_iam_role",
      "name": "aws_lb_controller_role",
      "provider": "provider[\"registry.terraform.io/hashicorp/aws\"]",
      "instances": [
        {
          "schema_version": 0,
          "attributes": {
            "arn": "arn:aws:iam::891377123177:role/AWSLoadBalancerControllerRole",
            "assume_role_policy": "{\"Statement\":[{\"Action\":\"sts:AssumeRoleWithWebIdentity\",\"Condition\":{\"StringEquals\":{\"oidc.eks.us-east-1.amazonaws.com/id/8EA422A1B0D7B64E23A505D2AF87005F:sub\":\"system:serviceaccount:kube-system:aws-load-balancer-controller\"}},\"Effect\":\"Allow\",\"Principal\":{\"Federated\":\"arn:aws:iam::891377123177:oidc-provider/oidc.eks.us-east-1.amazonaws.com/id/8EA422A1B0D7B64E23A505D2AF87005F\"}}],\"Version\":\"2012-10-17\"}",
            "create_date": "2025-02-13T12:25:49Z",
            "description": "",
            "force_detach_policies": false,
            "id": "AWSLoadBalancerControllerRole",
            "inline_policy": [],
            "managed_policy_arns": [
              "arn:aws:iam::891377123177:policy/AWSLoadBalancerControllerIAMPolicy"
            ],
            "max_session_duration": 3600,
            "name": "AWSLoadBalancerControllerRole",
            "name_prefix": "",
            "path": "/",
            "permissions_boundary": "",
            "tags": {},
            "tags_all": {},
            "unique_id": "AROA47CRXP5UYCMVAX2SA"
          },
          "sensitive_attributes": [],
          "private": "bnVsbA==",
          "dependencies": [
            "module.eks.aws_eks_cluster.cluster",
            "module.eks.aws_iam_openid_connect_provider.cluster",
            "module.eks.aws_iam_role.cluster",
            "module.eks.aws_iam_role_policy_attachment.cluster_AmazonEKSClusterPolicy",
            "module.eks.aws_iam_role_policy_attachment.cluster_AmazonEKSServicePolicy",
            "module.eks.aws_iam_role_policy_attachment.cluster_AmazonEKSVPCResourceControllerPolicy",
            "module.eks.aws_security_group.cluster",
            "module.eks.aws_security_group.worker_group_mgmt",
            "module.eks.aws_security_group_rule.cluster_egress_internet",
            "module.eks.aws_subnet.private_subnet",
            "module.eks.aws_vpc.main",
            "module.eks.data.aws_availability_zones.available",
            "module.eks.data.aws_iam_policy_document.oidc-assume-role-policy",
            "module.eks.data.tls_certificate.cluster"
          ]
        }
      ]
    },
    {
      "module": "module.eks",
      "mode": "managed",
      "type": "aws_iam_role",
      "name": "cluster",
      "provider": "provider[\"registry.terraform.io/hashicorp/aws\"]",
      "instances": [
        {
          "schema_version": 0,
          "attributes": {
            "arn": "arn:aws:iam::891377123177:role/prod-cluster-iam",
            "assume_role_policy": "{\"Statement\":[{\"Action\":\"sts:AssumeRole\",\"Effect\":\"Allow\",\"Principal\":{\"Service\":\"eks.amazonaws.com\"},\"Sid\":\"EKSClusterAssumeRole\"}],\"Version\":\"2012-10-17\"}",
            "create_date": "2025-02-13T11:26:45Z",
            "description": "",
            "force_detach_policies": false,
            "id": "prod-cluster-iam",
            "inline_policy": [],
            "managed_policy_arns": [
              "arn:aws:iam::aws:policy/AmazonEKSClusterPolicy",
              "arn:aws:iam::aws:policy/AmazonEKSServicePolicy",
              "arn:aws:iam::aws:policy/AmazonEKSVPCResourceController"
            ],
            "max_session_duration": 3600,
            "name": "prod-cluster-iam",
            "name_prefix": "",
            "path": "/",
            "permissions_boundary": "",
            "tags": {},
            "tags_all": {},
            "unique_id": "AROA47CRXP5UTYSDF63L7"
          },
          "sensitive_attributes": [],
          "private": "bnVsbA==",
          "create_before_destroy": true
        }
      ]
    },
    {
      "module": "module.eks",
      "mode": "managed",
      "type": "aws_iam_role",
      "name": "eks_node",
      "provider": "provider[\"registry.terraform.io/hashicorp/aws\"]",
      "instances": [
        {
          "schema_version": 0,
          "attributes": {
            "arn": "arn:aws:iam::891377123177:role/prod-eks-node",
            "assume_role_policy": "{\"Statement\":[{\"Action\":\"sts:AssumeRole\",\"Effect\":\"Allow\",\"Principal\":{\"Service\":\"ec2.amazonaws.com\"}}],\"Version\":\"2012-10-17\"}",
            "create_date": "2025-02-13T11:26:45Z",
            "description": "",
            "force_detach_policies": false,
            "id": "prod-eks-node",
            "inline_policy": [],
            "managed_policy_arns": [
              "arn:aws:iam::aws:policy/AmazonEC2ContainerRegistryReadOnly",
              "arn:aws:iam::aws:policy/AmazonEKSWorkerNodePolicy",
              "arn:aws:iam::aws:policy/AmazonEKS_CNI_Policy"
            ],
            "max_session_duration": 3600,
            "name": "prod-eks-node",
            "name_prefix": "",
            "path": "/",
            "permissions_boundary": "",
            "tags": {},
            "tags_all": {},
            "unique_id": "AROA47CRXP5UXG62IHOXY"
          },
          "sensitive_attributes": [],
          "private": "bnVsbA==",
          "create_before_destroy": true
        }
      ]
    },
    {
      "module": "module.eks",
      "mode": "managed",
      "type": "aws_iam_role_policy_attachment",
      "name": "aws_lb_controller_attach",
      "provider": "provider[\"registry.terraform.io/hashicorp/aws\"]",
      "instances": [
        {
          "schema_version": 0,
          "attributes": {
            "id": "AWSLoadBalancerControllerRole-20250213122550782300000001",
            "policy_arn": "arn:aws:iam::891377123177:policy/AWSLoadBalancerControllerIAMPolicy",
            "role": "AWSLoadBalancerControllerRole"
          },
          "sensitive_attributes": [],
          "private": "bnVsbA==",
          "dependencies": [
            "module.eks.aws_eks_cluster.cluster",
            "module.eks.aws_iam_openid_connect_provider.cluster",
            "module.eks.aws_iam_policy.aws_lb_controller",
            "module.eks.aws_iam_role.aws_lb_controller_role",
            "module.eks.aws_iam_role.cluster",
            "module.eks.aws_iam_role_policy_attachment.cluster_AmazonEKSClusterPolicy",
            "module.eks.aws_iam_role_policy_attachment.cluster_AmazonEKSServicePolicy",
            "module.eks.aws_iam_role_policy_attachment.cluster_AmazonEKSVPCResourceControllerPolicy",
            "module.eks.aws_security_group.cluster",
            "module.eks.aws_security_group.worker_group_mgmt",
            "module.eks.aws_security_group_rule.cluster_egress_internet",
            "module.eks.aws_subnet.private_subnet",
            "module.eks.aws_vpc.main",
            "module.eks.data.aws_availability_zones.available",
            "module.eks.data.aws_iam_policy_document.oidc-assume-role-policy",
            "module.eks.data.tls_certificate.cluster"
          ]
        }
      ]
    },
    {
      "module": "module.eks",
      "mode": "managed",
      "type": "aws_iam_role_policy_attachment",
      "name": "cluster_AmazonEKSClusterPolicy",
      "provider": "provider[\"registry.terraform.io/hashicorp/aws\"]",
      "instances": [
        {
          "schema_version": 0,
          "attributes": {
            "id": "prod-cluster-iam-20250213112646956400000002",
            "policy_arn": "arn:aws:iam::aws:policy/AmazonEKSClusterPolicy",
            "role": "prod-cluster-iam"
          },
          "sensitive_attributes": [],
          "private": "bnVsbA==",
          "dependencies": [
            "module.eks.aws_iam_role.cluster"
          ],
          "create_before_destroy": true
        }
      ]
    },
    {
      "module": "module.eks",
      "mode": "managed",
      "type": "aws_iam_role_policy_attachment",
      "name": "cluster_AmazonEKSServicePolicy",
      "provider": "provider[\"registry.terraform.io/hashicorp/aws\"]",
      "instances": [
        {
          "schema_version": 0,
          "attributes": {
            "id": "prod-cluster-iam-20250213112647163400000003",
            "policy_arn": "arn:aws:iam::aws:policy/AmazonEKSServicePolicy",
            "role": "prod-cluster-iam"
          },
          "sensitive_attributes": [],
          "private": "bnVsbA==",
          "dependencies": [
            "module.eks.aws_iam_role.cluster"
          ],
          "create_before_destroy": true
        }
      ]
    },
    {
      "module": "module.eks",
      "mode": "managed",
      "type": "aws_iam_role_policy_attachment",
      "name": "cluster_AmazonEKSVPCResourceControllerPolicy",
      "provider": "provider[\"registry.terraform.io/hashicorp/aws\"]",
      "instances": [
        {
          "schema_version": 0,
          "attributes": {
            "id": "prod-cluster-iam-20250213112646913100000001",
            "policy_arn": "arn:aws:iam::aws:policy/AmazonEKSVPCResourceController",
            "role": "prod-cluster-iam"
          },
          "sensitive_attributes": [],
          "private": "bnVsbA==",
          "dependencies": [
            "module.eks.aws_iam_role.cluster"
          ],
          "create_before_destroy": true
        }
      ]
    },
    {
      "module": "module.eks",
      "mode": "managed",
      "type": "aws_iam_role_policy_attachment",
      "name": "eks_node",
      "provider": "provider[\"registry.terraform.io/hashicorp/aws\"]",
      "instances": [
        {
          "schema_version": 0,
          "attributes": {
            "id": "prod-eks-node-20250213112647415900000005",
            "policy_arn": "arn:aws:iam::aws:policy/AmazonEC2ContainerRegistryReadOnly",
            "role": "prod-eks-node"
          },
          "sensitive_attributes": [],
          "private": "bnVsbA==",
          "dependencies": [
            "module.eks.aws_iam_role.eks_node"
          ],
          "create_before_destroy": true
        }
      ]
    },
    {
      "module": "module.eks",
      "mode": "managed",
      "type": "aws_iam_role_policy_attachment",
      "name": "eks_node_AmazonEKSWorkerNodePolicy",
      "provider": "provider[\"registry.terraform.io/hashicorp/aws\"]",
      "instances": [
        {
          "schema_version": 0,
          "attributes": {
            "id": "prod-eks-node-20250213112647211400000004",
            "policy_arn": "arn:aws:iam::aws:policy/AmazonEKSWorkerNodePolicy",
            "role": "prod-eks-node"
          },
          "sensitive_attributes": [],
          "private": "bnVsbA==",
          "dependencies": [
            "module.eks.aws_iam_role.eks_node"
          ],
          "create_before_destroy": true
        }
      ]
    },
    {
      "module": "module.eks",
      "mode": "managed",
      "type": "aws_iam_role_policy_attachment",
      "name": "eks_node_AmazonEKS_CNI_Policy",
      "provider": "provider[\"registry.terraform.io/hashicorp/aws\"]",
      "instances": [
        {
          "schema_version": 0,
          "attributes": {
            "id": "prod-eks-node-20250213112647799400000006",
            "policy_arn": "arn:aws:iam::aws:policy/AmazonEKS_CNI_Policy",
            "role": "prod-eks-node"
          },
          "sensitive_attributes": [],
          "private": "bnVsbA==",
          "dependencies": [
            "module.eks.aws_iam_role.eks_node"
          ],
          "create_before_destroy": true
        }
      ]
    },
    {
      "module": "module.eks",
      "mode": "managed",
      "type": "aws_internet_gateway",
      "name": "main",
      "provider": "provider[\"registry.terraform.io/hashicorp/aws\"]",
      "instances": [
        {
          "schema_version": 0,
          "attributes": {
            "arn": "arn:aws:ec2:us-east-1:891377123177:internet-gateway/igw-030e0a5d356d3eb70",
            "id": "igw-030e0a5d356d3eb70",
            "owner_id": "891377123177",
            "tags": {
              "Name": "prod-igw"
            },
            "tags_all": {
              "Name": "prod-igw"
            },
            "timeouts": null,
            "vpc_id": "vpc-023b32858c068d150"
          },
          "sensitive_attributes": [],
          "private": "eyJlMmJmYjczMC1lY2FhLTExZTYtOGY4OC0zNDM2M2JjN2M0YzAiOnsiY3JlYXRlIjoxMjAwMDAwMDAwMDAwLCJkZWxldGUiOjEyMDAwMDAwMDAwMDAsInVwZGF0ZSI6MTIwMDAwMDAwMDAwMH19",
          "dependencies": [
            "module.eks.aws_vpc.main"
          ]
        }
      ]
    },
    {
      "module": "module.eks",
      "mode": "managed",
      "type": "aws_nat_gateway",
      "name": "nat_gtw",
      "provider": "provider[\"registry.terraform.io/hashicorp/aws\"]",
      "instances": [
        {
          "index_key": 0,
          "schema_version": 0,
          "attributes": {
            "allocation_id": "eipalloc-0eed47d1ad00ef128",
            "association_id": "eipassoc-0e455ff497d6150ab",
            "connectivity_type": "public",
            "id": "nat-0f298d537ea014292",
            "network_interface_id": "eni-09cdb929027f0711a",
            "private_ip": "10.0.1.123",
            "public_ip": "44.205.47.17",
            "secondary_allocation_ids": [],
            "secondary_private_ip_address_count": 0,
            "secondary_private_ip_addresses": [],
            "subnet_id": "subnet-02706db42a4fb5e42",
            "tags": {
              "Name": "prod-nat-gtw-1"
            },
            "tags_all": {
              "Name": "prod-nat-gtw-1"
            },
            "timeouts": null
          },
          "sensitive_attributes": [],
          "private": "eyJlMmJmYjczMC1lY2FhLTExZTYtOGY4OC0zNDM2M2JjN2M0YzAiOnsiY3JlYXRlIjo2MDAwMDAwMDAwMDAsImRlbGV0ZSI6MTgwMDAwMDAwMDAwMCwidXBkYXRlIjo2MDAwMDAwMDAwMDB9fQ==",
          "dependencies": [
            "module.eks.aws_eip.nat_gtw",
            "module.eks.aws_subnet.public_subnet",
            "module.eks.aws_vpc.main",
            "module.eks.data.aws_availability_zones.available"
          ]
        },
        {
          "index_key": 1,
          "schema_version": 0,
          "attributes": {
            "allocation_id": "eipalloc-090ccbf474d0cf38a",
            "association_id": "eipassoc-04ffd400b9703f6bf",
            "connectivity_type": "public",
            "id": "nat-0030b5f3fe115b5d7",
            "network_interface_id": "eni-025c72b34dd29e27c",
            "private_ip": "10.0.2.62",
            "public_ip": "18.209.77.128",
            "secondary_allocation_ids": [],
            "secondary_private_ip_address_count": 0,
            "secondary_private_ip_addresses": [],
            "subnet_id": "subnet-052e3741b3d763f19",
            "tags": {
              "Name": "prod-nat-gtw-2"
            },
            "tags_all": {
              "Name": "prod-nat-gtw-2"
            },
            "timeouts": null
          },
          "sensitive_attributes": [],
          "private": "eyJlMmJmYjczMC1lY2FhLTExZTYtOGY4OC0zNDM2M2JjN2M0YzAiOnsiY3JlYXRlIjo2MDAwMDAwMDAwMDAsImRlbGV0ZSI6MTgwMDAwMDAwMDAwMCwidXBkYXRlIjo2MDAwMDAwMDAwMDB9fQ==",
          "dependencies": [
            "module.eks.aws_eip.nat_gtw",
            "module.eks.aws_subnet.public_subnet",
            "module.eks.aws_vpc.main",
            "module.eks.data.aws_availability_zones.available"
          ]
        }
      ]
    },
    {
      "module": "module.eks",
      "mode": "managed",
      "type": "aws_route_table",
      "name": "private",
      "provider": "provider[\"registry.terraform.io/hashicorp/aws\"]",
      "instances": [
        {
          "index_key": 0,
          "schema_version": 0,
          "attributes": {
            "arn": "arn:aws:ec2:us-east-1:891377123177:route-table/rtb-074bad1dc1b2a0eb5",
            "id": "rtb-074bad1dc1b2a0eb5",
            "owner_id": "891377123177",
            "propagating_vgws": [],
            "route": [
              {
                "carrier_gateway_id": "",
                "cidr_block": "0.0.0.0/0",
                "core_network_arn": "",
                "destination_prefix_list_id": "",
                "egress_only_gateway_id": "",
                "gateway_id": "nat-0f298d537ea014292",
                "ipv6_cidr_block": "",
                "local_gateway_id": "",
                "nat_gateway_id": "",
                "network_interface_id": "",
                "transit_gateway_id": "",
                "vpc_endpoint_id": "",
                "vpc_peering_connection_id": ""
              }
            ],
            "tags": {
              "Name": "prod-private-rtb-1"
            },
            "tags_all": {
              "Name": "prod-private-rtb-1"
            },
            "timeouts": null,
            "vpc_id": "vpc-023b32858c068d150"
          },
          "sensitive_attributes": [],
          "private": "eyJlMmJmYjczMC1lY2FhLTExZTYtOGY4OC0zNDM2M2JjN2M0YzAiOnsiY3JlYXRlIjozMDAwMDAwMDAwMDAsImRlbGV0ZSI6MzAwMDAwMDAwMDAwLCJ1cGRhdGUiOjEyMDAwMDAwMDAwMH19",
          "dependencies": [
            "module.eks.aws_eip.nat_gtw",
            "module.eks.aws_nat_gateway.nat_gtw",
            "module.eks.aws_subnet.public_subnet",
            "module.eks.aws_vpc.main",
            "module.eks.data.aws_availability_zones.available"
          ]
        },
        {
          "index_key": 1,
          "schema_version": 0,
          "attributes": {
            "arn": "arn:aws:ec2:us-east-1:891377123177:route-table/rtb-07ae67ca654a294f9",
            "id": "rtb-07ae67ca654a294f9",
            "owner_id": "891377123177",
            "propagating_vgws": [],
            "route": [
              {
                "carrier_gateway_id": "",
                "cidr_block": "0.0.0.0/0",
                "core_network_arn": "",
                "destination_prefix_list_id": "",
                "egress_only_gateway_id": "",
                "gateway_id": "nat-0030b5f3fe115b5d7",
                "ipv6_cidr_block": "",
                "local_gateway_id": "",
                "nat_gateway_id": "",
                "network_interface_id": "",
                "transit_gateway_id": "",
                "vpc_endpoint_id": "",
                "vpc_peering_connection_id": ""
              }
            ],
            "tags": {
              "Name": "prod-private-rtb-2"
            },
            "tags_all": {
              "Name": "prod-private-rtb-2"
            },
            "timeouts": null,
            "vpc_id": "vpc-023b32858c068d150"
          },
          "sensitive_attributes": [],
          "private": "eyJlMmJmYjczMC1lY2FhLTExZTYtOGY4OC0zNDM2M2JjN2M0YzAiOnsiY3JlYXRlIjozMDAwMDAwMDAwMDAsImRlbGV0ZSI6MzAwMDAwMDAwMDAwLCJ1cGRhdGUiOjEyMDAwMDAwMDAwMH19",
          "dependencies": [
            "module.eks.aws_eip.nat_gtw",
            "module.eks.aws_nat_gateway.nat_gtw",
            "module.eks.aws_subnet.public_subnet",
            "module.eks.aws_vpc.main",
            "module.eks.data.aws_availability_zones.available"
          ]
        }
      ]
    },
    {
      "module": "module.eks",
      "mode": "managed",
      "type": "aws_route_table",
      "name": "public",
      "provider": "provider[\"registry.terraform.io/hashicorp/aws\"]",
      "instances": [
        {
          "schema_version": 0,
          "attributes": {
            "arn": "arn:aws:ec2:us-east-1:891377123177:route-table/rtb-058727ab055a6f70d",
            "id": "rtb-058727ab055a6f70d",
            "owner_id": "891377123177",
            "propagating_vgws": [],
            "route": [
              {
                "carrier_gateway_id": "",
                "cidr_block": "0.0.0.0/0",
                "core_network_arn": "",
                "destination_prefix_list_id": "",
                "egress_only_gateway_id": "",
                "gateway_id": "igw-030e0a5d356d3eb70",
                "ipv6_cidr_block": "",
                "local_gateway_id": "",
                "nat_gateway_id": "",
                "network_interface_id": "",
                "transit_gateway_id": "",
                "vpc_endpoint_id": "",
                "vpc_peering_connection_id": ""
              }
            ],
            "tags": {},
            "tags_all": {},
            "timeouts": null,
            "vpc_id": "vpc-023b32858c068d150"
          },
          "sensitive_attributes": [],
          "private": "eyJlMmJmYjczMC1lY2FhLTExZTYtOGY4OC0zNDM2M2JjN2M0YzAiOnsiY3JlYXRlIjozMDAwMDAwMDAwMDAsImRlbGV0ZSI6MzAwMDAwMDAwMDAwLCJ1cGRhdGUiOjEyMDAwMDAwMDAwMH19",
          "dependencies": [
            "module.eks.aws_internet_gateway.main",
            "module.eks.aws_vpc.main"
          ]
        }
      ]
    },
    {
      "module": "module.eks",
      "mode": "managed",
      "type": "aws_route_table_association",
      "name": "private",
      "provider": "provider[\"registry.terraform.io/hashicorp/aws\"]",
      "instances": [
        {
          "index_key": 0,
          "schema_version": 0,
          "attributes": {
            "gateway_id": "",
            "id": "rtbassoc-0a02ad3cd410ac22d",
            "route_table_id": "rtb-074bad1dc1b2a0eb5",
            "subnet_id": "subnet-008d9e01437cb8574",
            "timeouts": null
          },
          "sensitive_attributes": [],
          "private": "eyJlMmJmYjczMC1lY2FhLTExZTYtOGY4OC0zNDM2M2JjN2M0YzAiOnsiY3JlYXRlIjozMDAwMDAwMDAwMDAsImRlbGV0ZSI6MzAwMDAwMDAwMDAwLCJ1cGRhdGUiOjEyMDAwMDAwMDAwMH19",
          "dependencies": [
            "module.eks.aws_eip.nat_gtw",
            "module.eks.aws_nat_gateway.nat_gtw",
            "module.eks.aws_route_table.private",
            "module.eks.aws_subnet.private_subnet",
            "module.eks.aws_subnet.public_subnet",
            "module.eks.aws_vpc.main",
            "module.eks.data.aws_availability_zones.available"
          ]
        },
        {
          "index_key": 1,
          "schema_version": 0,
          "attributes": {
            "gateway_id": "",
            "id": "rtbassoc-0f5483e4b220502ba",
            "route_table_id": "rtb-07ae67ca654a294f9",
            "subnet_id": "subnet-0a924765064e9c88a",
            "timeouts": null
          },
          "sensitive_attributes": [],
          "private": "eyJlMmJmYjczMC1lY2FhLTExZTYtOGY4OC0zNDM2M2JjN2M0YzAiOnsiY3JlYXRlIjozMDAwMDAwMDAwMDAsImRlbGV0ZSI6MzAwMDAwMDAwMDAwLCJ1cGRhdGUiOjEyMDAwMDAwMDAwMH19",
          "dependencies": [
            "module.eks.aws_eip.nat_gtw",
            "module.eks.aws_nat_gateway.nat_gtw",
            "module.eks.aws_route_table.private",
            "module.eks.aws_subnet.private_subnet",
            "module.eks.aws_subnet.public_subnet",
            "module.eks.aws_vpc.main",
            "module.eks.data.aws_availability_zones.available"
          ]
        }
      ]
    },
    {
      "module": "module.eks",
      "mode": "managed",
      "type": "aws_route_table_association",
      "name": "public",
      "provider": "provider[\"registry.terraform.io/hashicorp/aws\"]",
      "instances": [
        {
          "index_key": 0,
          "schema_version": 0,
          "attributes": {
            "gateway_id": "",
            "id": "rtbassoc-024f6e451d14d39ab",
            "route_table_id": "rtb-058727ab055a6f70d",
            "subnet_id": "subnet-02706db42a4fb5e42",
            "timeouts": null
          },
          "sensitive_attributes": [],
          "private": "eyJlMmJmYjczMC1lY2FhLTExZTYtOGY4OC0zNDM2M2JjN2M0YzAiOnsiY3JlYXRlIjozMDAwMDAwMDAwMDAsImRlbGV0ZSI6MzAwMDAwMDAwMDAwLCJ1cGRhdGUiOjEyMDAwMDAwMDAwMH19",
          "dependencies": [
            "module.eks.aws_internet_gateway.main",
            "module.eks.aws_route_table.public",
            "module.eks.aws_subnet.public_subnet",
            "module.eks.aws_vpc.main",
            "module.eks.data.aws_availability_zones.available"
          ]
        },
        {
          "index_key": 1,
          "schema_version": 0,
          "attributes": {
            "gateway_id": "",
            "id": "rtbassoc-05c503ae1b660dc29",
            "route_table_id": "rtb-058727ab055a6f70d",
            "subnet_id": "subnet-052e3741b3d763f19",
            "timeouts": null
          },
          "sensitive_attributes": [],
          "private": "eyJlMmJmYjczMC1lY2FhLTExZTYtOGY4OC0zNDM2M2JjN2M0YzAiOnsiY3JlYXRlIjozMDAwMDAwMDAwMDAsImRlbGV0ZSI6MzAwMDAwMDAwMDAwLCJ1cGRhdGUiOjEyMDAwMDAwMDAwMH19",
          "dependencies": [
            "module.eks.aws_internet_gateway.main",
            "module.eks.aws_route_table.public",
            "module.eks.aws_subnet.public_subnet",
            "module.eks.aws_vpc.main",
            "module.eks.data.aws_availability_zones.available"
          ]
        }
      ]
    },
    {
      "module": "module.eks",
      "mode": "managed",
      "type": "aws_security_group",
      "name": "cluster",
      "provider": "provider[\"registry.terraform.io/hashicorp/aws\"]",
      "instances": [
        {
          "schema_version": 1,
          "attributes": {
            "arn": "arn:aws:ec2:us-east-1:891377123177:security-group/sg-0bc43c52df9b5d31e",
            "description": "Cluster communication with worker nodes",
            "egress": [
              {
                "cidr_blocks": [
                  "0.0.0.0/0"
                ],
                "description": "Allow cluster egress access to the Internet.",
                "from_port": 0,
                "ipv6_cidr_blocks": [],
                "prefix_list_ids": [],
                "protocol": "-1",
                "security_groups": [],
                "self": false,
                "to_port": 0
              }
            ],
            "id": "sg-0bc43c52df9b5d31e",
            "ingress": [],
            "name": "prod-cluster20250213112648573900000007",
            "name_prefix": "prod-cluster",
            "owner_id": "891377123177",
            "revoke_rules_on_delete": false,
            "tags": {
              "Name": "SG-cluster"
            },
            "tags_all": {
              "Name": "SG-cluster"
            },
            "timeouts": null,
            "vpc_id": "vpc-023b32858c068d150"
          },
          "sensitive_attributes": [],
          "private": "eyJlMmJmYjczMC1lY2FhLTExZTYtOGY4OC0zNDM2M2JjN2M0YzAiOnsiY3JlYXRlIjo2MDAwMDAwMDAwMDAsImRlbGV0ZSI6OTAwMDAwMDAwMDAwfSwic2NoZW1hX3ZlcnNpb24iOiIxIn0=",
          "dependencies": [
            "module.eks.aws_vpc.main"
          ],
          "create_before_destroy": true
        }
      ]
    },
    {
      "module": "module.eks",
      "mode": "managed",
      "type": "aws_security_group",
      "name": "worker_group_mgmt",
      "provider": "provider[\"registry.terraform.io/hashicorp/aws\"]",
      "instances": [
        {
          "schema_version": 1,
          "attributes": {
            "arn": "arn:aws:ec2:us-east-1:891377123177:security-group/sg-0d195800dddb50d19",
            "description": "Managed by Terraform",
            "egress": [],
            "id": "sg-0d195800dddb50d19",
            "ingress": [
              {
                "cidr_blocks": [
                  "158.181.157.142/32"
                ],
                "description": "",
                "from_port": 22,
                "ipv6_cidr_blocks": [],
                "prefix_list_ids": [],
                "protocol": "tcp",
                "security_groups": [],
                "self": false,
                "to_port": 22
              }
            ],
            "name": "prod-worker-sg-mgmt20250213112648574800000008",
            "name_prefix": "prod-worker-sg-mgmt",
            "owner_id": "891377123177",
            "revoke_rules_on_delete": false,
            "tags": {},
            "tags_all": {},
            "timeouts": null,
            "vpc_id": "vpc-023b32858c068d150"
          },
          "sensitive_attributes": [],
          "private": "eyJlMmJmYjczMC1lY2FhLTExZTYtOGY4OC0zNDM2M2JjN2M0YzAiOnsiY3JlYXRlIjo2MDAwMDAwMDAwMDAsImRlbGV0ZSI6OTAwMDAwMDAwMDAwfSwic2NoZW1hX3ZlcnNpb24iOiIxIn0=",
          "dependencies": [
            "module.eks.aws_vpc.main"
          ],
          "create_before_destroy": true
        }
      ]
    },
    {
      "module": "module.eks",
      "mode": "managed",
      "type": "aws_security_group_rule",
      "name": "cluster_egress_internet",
      "provider": "provider[\"registry.terraform.io/hashicorp/aws\"]",
      "instances": [
        {
          "schema_version": 2,
          "attributes": {
            "cidr_blocks": [
              "0.0.0.0/0"
            ],
            "description": "Allow cluster egress access to the Internet.",
            "from_port": 0,
            "id": "sgrule-4051553182",
            "ipv6_cidr_blocks": null,
            "prefix_list_ids": null,
            "protocol": "-1",
            "security_group_id": "sg-0bc43c52df9b5d31e",
            "security_group_rule_id": "sgr-0056964744dd43730",
            "self": false,
            "source_security_group_id": null,
            "timeouts": null,
            "to_port": 0,
            "type": "egress"
          },
          "sensitive_attributes": [],
          "private": "eyJlMmJmYjczMC1lY2FhLTExZTYtOGY4OC0zNDM2M2JjN2M0YzAiOnsiY3JlYXRlIjozMDAwMDAwMDAwMDB9LCJzY2hlbWFfdmVyc2lvbiI6IjIifQ==",
          "dependencies": [
            "module.eks.aws_security_group.cluster",
            "module.eks.aws_vpc.main"
          ],
          "create_before_destroy": true
        }
      ]
    },
    {
      "module": "module.eks",
      "mode": "managed",
      "type": "aws_subnet",
      "name": "private_subnet",
      "provider": "provider[\"registry.terraform.io/hashicorp/aws\"]",
      "instances": [
        {
          "index_key": 0,
          "schema_version": 1,
          "attributes": {
            "arn": "arn:aws:ec2:us-east-1:891377123177:subnet/subnet-008d9e01437cb8574",
            "assign_ipv6_address_on_creation": false,
            "availability_zone": "us-east-1a",
            "availability_zone_id": "use1-az4",
            "cidr_block": "10.0.11.0/24",
            "customer_owned_ipv4_pool": "",
            "enable_dns64": false,
            "enable_lni_at_device_index": 0,
            "enable_resource_name_dns_a_record_on_launch": false,
            "enable_resource_name_dns_aaaa_record_on_launch": false,
            "id": "subnet-008d9e01437cb8574",
            "ipv6_cidr_block": "",
            "ipv6_cidr_block_association_id": "",
            "ipv6_native": false,
            "map_customer_owned_ip_on_launch": false,
            "map_public_ip_on_launch": false,
            "outpost_arn": "",
            "owner_id": "891377123177",
            "private_dns_hostname_type_on_launch": "ip-name",
            "tags": {
              "Name": "prod-private-1",
              "kubernetes.io/cluster/prod-cluster": "owned",
              "kubernetes.io/role/internal-elb": "1"
            },
            "tags_all": {
              "Name": "prod-private-1",
              "kubernetes.io/cluster/prod-cluster": "owned",
              "kubernetes.io/role/internal-elb": "1"
            },
            "timeouts": null,
            "vpc_id": "vpc-023b32858c068d150"
          },
          "sensitive_attributes": [],
          "private": "eyJlMmJmYjczMC1lY2FhLTExZTYtOGY4OC0zNDM2M2JjN2M0YzAiOnsiY3JlYXRlIjo2MDAwMDAwMDAwMDAsImRlbGV0ZSI6MTIwMDAwMDAwMDAwMH0sInNjaGVtYV92ZXJzaW9uIjoiMSJ9",
          "dependencies": [
            "module.eks.aws_vpc.main",
            "module.eks.data.aws_availability_zones.available"
          ],
          "create_before_destroy": true
        },
        {
          "index_key": 1,
          "schema_version": 1,
          "attributes": {
            "arn": "arn:aws:ec2:us-east-1:891377123177:subnet/subnet-0a924765064e9c88a",
            "assign_ipv6_address_on_creation": false,
            "availability_zone": "us-east-1b",
            "availability_zone_id": "use1-az6",
            "cidr_block": "10.0.22.0/24",
            "customer_owned_ipv4_pool": "",
            "enable_dns64": false,
            "enable_lni_at_device_index": 0,
            "enable_resource_name_dns_a_record_on_launch": false,
            "enable_resource_name_dns_aaaa_record_on_launch": false,
            "id": "subnet-0a924765064e9c88a",
            "ipv6_cidr_block": "",
            "ipv6_cidr_block_association_id": "",
            "ipv6_native": false,
            "map_customer_owned_ip_on_launch": false,
            "map_public_ip_on_launch": false,
            "outpost_arn": "",
            "owner_id": "891377123177",
            "private_dns_hostname_type_on_launch": "ip-name",
            "tags": {
              "Name": "prod-private-2",
              "kubernetes.io/cluster/prod-cluster": "owned",
              "kubernetes.io/role/internal-elb": "1"
            },
            "tags_all": {
              "Name": "prod-private-2",
              "kubernetes.io/cluster/prod-cluster": "owned",
              "kubernetes.io/role/internal-elb": "1"
            },
            "timeouts": null,
            "vpc_id": "vpc-023b32858c068d150"
          },
          "sensitive_attributes": [],
          "private": "eyJlMmJmYjczMC1lY2FhLTExZTYtOGY4OC0zNDM2M2JjN2M0YzAiOnsiY3JlYXRlIjo2MDAwMDAwMDAwMDAsImRlbGV0ZSI6MTIwMDAwMDAwMDAwMH0sInNjaGVtYV92ZXJzaW9uIjoiMSJ9",
          "dependencies": [
            "module.eks.aws_vpc.main",
            "module.eks.data.aws_availability_zones.available"
          ],
          "create_before_destroy": true
        }
      ]
    },
    {
      "module": "module.eks",
      "mode": "managed",
      "type": "aws_subnet",
      "name": "public_subnet",
      "provider": "provider[\"registry.terraform.io/hashicorp/aws\"]",
      "instances": [
        {
          "index_key": 0,
          "schema_version": 1,
          "attributes": {
            "arn": "arn:aws:ec2:us-east-1:891377123177:subnet/subnet-02706db42a4fb5e42",
            "assign_ipv6_address_on_creation": false,
            "availability_zone": "us-east-1a",
            "availability_zone_id": "use1-az4",
            "cidr_block": "10.0.1.0/24",
            "customer_owned_ipv4_pool": "",
            "enable_dns64": false,
            "enable_lni_at_device_index": 0,
            "enable_resource_name_dns_a_record_on_launch": false,
            "enable_resource_name_dns_aaaa_record_on_launch": false,
            "id": "subnet-02706db42a4fb5e42",
            "ipv6_cidr_block": "",
            "ipv6_cidr_block_association_id": "",
            "ipv6_native": false,
            "map_customer_owned_ip_on_launch": false,
            "map_public_ip_on_launch": true,
            "outpost_arn": "",
            "owner_id": "891377123177",
            "private_dns_hostname_type_on_launch": "ip-name",
            "tags": {
              "Name": "prod-public-1",
              "kubernetes.io/cluster/prod-cluster": "owned",
              "kubernetes.io/role/elb": "1"
            },
            "tags_all": {
              "Name": "prod-public-1",
              "kubernetes.io/cluster/prod-cluster": "owned",
              "kubernetes.io/role/elb": "1"
            },
            "timeouts": null,
            "vpc_id": "vpc-023b32858c068d150"
          },
          "sensitive_attributes": [],
          "private": "eyJlMmJmYjczMC1lY2FhLTExZTYtOGY4OC0zNDM2M2JjN2M0YzAiOnsiY3JlYXRlIjo2MDAwMDAwMDAwMDAsImRlbGV0ZSI6MTIwMDAwMDAwMDAwMH0sInNjaGVtYV92ZXJzaW9uIjoiMSJ9",
          "dependencies": [
            "module.eks.aws_vpc.main",
            "module.eks.data.aws_availability_zones.available"
          ],
          "create_before_destroy": true
        },
        {
          "index_key": 1,
          "schema_version": 1,
          "attributes": {
            "arn": "arn:aws:ec2:us-east-1:891377123177:subnet/subnet-052e3741b3d763f19",
            "assign_ipv6_address_on_creation": false,
            "availability_zone": "us-east-1b",
            "availability_zone_id": "use1-az6",
            "cidr_block": "10.0.2.0/24",
            "customer_owned_ipv4_pool": "",
            "enable_dns64": false,
            "enable_lni_at_device_index": 0,
            "enable_resource_name_dns_a_record_on_launch": false,
            "enable_resource_name_dns_aaaa_record_on_launch": false,
            "id": "subnet-052e3741b3d763f19",
            "ipv6_cidr_block": "",
            "ipv6_cidr_block_association_id": "",
            "ipv6_native": false,
            "map_customer_owned_ip_on_launch": false,
            "map_public_ip_on_launch": true,
            "outpost_arn": "",
            "owner_id": "891377123177",
            "private_dns_hostname_type_on_launch": "ip-name",
            "tags": {
              "Name": "prod-public-2",
              "kubernetes.io/cluster/prod-cluster": "owned",
              "kubernetes.io/role/elb": "1"
            },
            "tags_all": {
              "Name": "prod-public-2",
              "kubernetes.io/cluster/prod-cluster": "owned",
              "kubernetes.io/role/elb": "1"
            },
            "timeouts": null,
            "vpc_id": "vpc-023b32858c068d150"
          },
          "sensitive_attributes": [],
          "private": "eyJlMmJmYjczMC1lY2FhLTExZTYtOGY4OC0zNDM2M2JjN2M0YzAiOnsiY3JlYXRlIjo2MDAwMDAwMDAwMDAsImRlbGV0ZSI6MTIwMDAwMDAwMDAwMH0sInNjaGVtYV92ZXJzaW9uIjoiMSJ9",
          "dependencies": [
            "module.eks.aws_vpc.main",
            "module.eks.data.aws_availability_zones.available"
          ],
          "create_before_destroy": true
        }
      ]
    },
    {
      "module": "module.eks",
      "mode": "managed",
      "type": "aws_vpc",
      "name": "main",
      "provider": "provider[\"registry.terraform.io/hashicorp/aws\"]",
      "instances": [
        {
          "schema_version": 1,
          "attributes": {
            "arn": "arn:aws:ec2:us-east-1:891377123177:vpc/vpc-023b32858c068d150",
            "assign_generated_ipv6_cidr_block": false,
            "cidr_block": "10.0.0.0/16",
            "default_network_acl_id": "acl-01d83c6d39a30895e",
            "default_route_table_id": "rtb-0819836d4fd454122",
            "default_security_group_id": "sg-0493602b407430b4f",
            "dhcp_options_id": "dopt-0c4e2ff9d10080522",
            "enable_dns_hostnames": false,
            "enable_dns_support": true,
            "enable_network_address_usage_metrics": false,
            "id": "vpc-023b32858c068d150",
            "instance_tenancy": "default",
            "ipv4_ipam_pool_id": null,
            "ipv4_netmask_length": null,
            "ipv6_association_id": "",
            "ipv6_cidr_block": "",
            "ipv6_cidr_block_network_border_group": "",
            "ipv6_ipam_pool_id": "",
            "ipv6_netmask_length": 0,
            "main_route_table_id": "rtb-0819836d4fd454122",
            "owner_id": "891377123177",
            "tags": {
              "Name": "prod-vpc"
            },
            "tags_all": {
              "Name": "prod-vpc"
            }
          },
          "sensitive_attributes": [],
          "private": "eyJzY2hlbWFfdmVyc2lvbiI6IjEifQ==",
          "create_before_destroy": true
        }
      ]
    },
    {
      "module": "module.rds",
      "mode": "data",
      "type": "aws_ami",
      "name": "latest_ubuntu",
      "provider": "provider[\"registry.terraform.io/hashicorp/aws\"]",
      "instances": [
        {
          "schema_version": 0,
          "attributes": {
            "architecture": "x86_64",
            "arn": "arn:aws:ec2:us-east-1::image/ami-007f35e81392786a4",
            "block_device_mappings": [
              {
                "device_name": "/dev/sda1",
                "ebs": {
                  "delete_on_termination": "true",
                  "encrypted": "false",
                  "iops": "0",
                  "snapshot_id": "snap-0fbb0afdd66b4f257",
                  "throughput": "0",
                  "volume_size": "8",
                  "volume_type": "gp2"
                },
                "no_device": "",
                "virtual_name": ""
              },
              {
                "device_name": "/dev/sdb",
                "ebs": {},
                "no_device": "",
                "virtual_name": "ephemeral0"
              },
              {
                "device_name": "/dev/sdc",
                "ebs": {},
                "no_device": "",
                "virtual_name": "ephemeral1"
              }
            ],
            "boot_mode": "legacy-bios",
            "creation_date": "2025-02-10T22:44:07.000Z",
            "deprecation_time": "2027-02-10T22:44:07.000Z",
            "description": "Canonical, Ubuntu, 20.04, amd64 focal image",
            "ena_support": true,
            "executable_users": null,
            "filter": [
              {
                "name": "name",
                "values": [
                  "ubuntu/images/hvm-ssd/ubuntu-focal-20.04-amd64-server-*"
                ]
              }
            ],
            "hypervisor": "xen",
            "id": "ami-007f35e81392786a4",
            "image_id": "ami-007f35e81392786a4",
            "image_location": "amazon/ubuntu/images/hvm-ssd/ubuntu-focal-20.04-amd64-server-20250210",
            "image_owner_alias": "amazon",
            "image_type": "machine",
            "imds_support": "",
            "include_deprecated": false,
            "kernel_id": "",
            "most_recent": true,
            "name": "ubuntu/images/hvm-ssd/ubuntu-focal-20.04-amd64-server-20250210",
            "name_regex": null,
            "owner_id": "099720109477",
            "owners": [
              "099720109477"
            ],
            "platform": "",
            "platform_details": "Linux/UNIX",
            "product_codes": [],
            "public": true,
            "ramdisk_id": "",
            "root_device_name": "/dev/sda1",
            "root_device_type": "ebs",
            "root_snapshot_id": "snap-0fbb0afdd66b4f257",
            "sriov_net_support": "simple",
            "state": "available",
            "state_reason": {
              "code": "UNSET",
              "message": "UNSET"
            },
            "tags": {},
            "timeouts": null,
            "tpm_support": "",
            "uefi_data": null,
            "usage_operation": "RunInstances",
            "virtualization_type": "hvm"
          },
          "sensitive_attributes": []
        }
      ]
    },
    {
      "module": "module.rds",
      "mode": "managed",
      "type": "aws_db_instance",
      "name": "rds",
      "provider": "provider[\"registry.terraform.io/hashicorp/aws\"]",
      "instances": [
        {
          "schema_version": 2,
          "attributes": {
            "address": "rds-postgres.cjkgw8okegba.us-east-1.rds.amazonaws.com",
            "allocated_storage": 30,
            "allow_major_version_upgrade": null,
            "apply_immediately": true,
            "arn": "arn:aws:rds:us-east-1:891377123177:db:rds-postgres",
            "auto_minor_version_upgrade": true,
            "availability_zone": "us-east-1b",
            "backup_retention_period": 0,
            "backup_target": "region",
            "backup_window": "08:29-08:59",
            "blue_green_update": [],
            "ca_cert_identifier": "rds-ca-rsa2048-g1",
            "character_set_name": "",
            "copy_tags_to_snapshot": false,
            "custom_iam_instance_profile": "",
            "customer_owned_ip_enabled": false,
            "db_name": "mydb",
            "db_subnet_group_name": "main_subnet_group",
            "dedicated_log_volume": false,
            "delete_automated_backups": true,
            "deletion_protection": false,
            "domain": "",
            "domain_auth_secret_arn": "",
            "domain_dns_ips": [],
            "domain_fqdn": "",
            "domain_iam_role_name": "",
            "domain_ou": "",
            "enabled_cloudwatch_logs_exports": [],
            "endpoint": "rds-postgres.cjkgw8okegba.us-east-1.rds.amazonaws.com:5432",
            "engine": "postgres",
            "engine_lifecycle_support": "open-source-rds-extended-support",
            "engine_version": "14.15",
            "engine_version_actual": "14.15",
            "final_snapshot_identifier": null,
            "hosted_zone_id": "Z2R2ITUGPM61AM",
            "iam_database_authentication_enabled": false,
            "id": "db-7PDKZYAQOD67PGFN2JIQQOSMP4",
            "identifier": "rds-postgres",
            "identifier_prefix": "",
            "instance_class": "db.t3.micro",
            "iops": 0,
            "kms_key_id": "",
            "latest_restorable_time": "",
            "license_model": "postgresql-license",
            "listener_endpoint": [],
            "maintenance_window": "wed:03:38-wed:04:08",
            "manage_master_user_password": null,
            "master_user_secret": [],
            "master_user_secret_kms_key_id": null,
            "max_allocated_storage": 0,
            "monitoring_interval": 0,
            "monitoring_role_arn": "",
            "multi_az": false,
            "nchar_character_set_name": "",
            "network_type": "IPV4",
            "option_group_name": "default:postgres-14",
            "parameter_group_name": "default.postgres14",
            "password": "OLi#99pEyxhgEV\u0026%",
            "performance_insights_enabled": false,
            "performance_insights_kms_key_id": "",
            "performance_insights_retention_period": 0,
            "port": 5432,
            "publicly_accessible": false,
            "replica_mode": "",
            "replicas": [],
            "replicate_source_db": "",
            "resource_id": "db-7PDKZYAQOD67PGFN2JIQQOSMP4",
            "restore_to_point_in_time": [],
            "s3_import": [],
            "skip_final_snapshot": true,
            "snapshot_identifier": null,
            "status": "available",
            "storage_encrypted": false,
            "storage_throughput": 0,
            "storage_type": "gp2",
            "tags": {
              "Name": "prod-rds-postgres"
            },
            "tags_all": {
              "Name": "prod-rds-postgres"
            },
            "timeouts": null,
            "timezone": "",
            "upgrade_storage_config": null,
            "username": "db_admin",
            "vpc_security_group_ids": [
              "sg-037ce38c24735fffb"
            ]
          },
          "sensitive_attributes": [
            [
              {
                "type": "get_attr",
                "value": "password"
              }
            ]
          ],
          "private": "eyJlMmJmYjczMC1lY2FhLTExZTYtOGY4OC0zNDM2M2JjN2M0YzAiOnsiY3JlYXRlIjozMDAwMDAwMDAwMDAwLCJkZWxldGUiOjM2MDAwMDAwMDAwMDAsInVwZGF0ZSI6NDgwMDAwMDAwMDAwMH0sInNjaGVtYV92ZXJzaW9uIjoiMiJ9",
          "dependencies": [
            "module.eks.aws_subnet.private_subnet",
            "module.eks.aws_vpc.main",
            "module.eks.data.aws_availability_zones.available",
            "module.rds.aws_db_subnet_group.db_subnet_group",
            "module.rds.aws_security_group.db_security_group",
            "module.rds.random_password.rds_password"
          ]
        }
      ]
    },
    {
      "module": "module.rds",
      "mode": "managed",
      "type": "aws_db_subnet_group",
      "name": "db_subnet_group",
      "provider": "provider[\"registry.terraform.io/hashicorp/aws\"]",
      "instances": [
        {
          "schema_version": 0,
          "attributes": {
            "arn": "arn:aws:rds:us-east-1:891377123177:subgrp:main_subnet_group",
            "description": "The main group of subnets",
            "id": "main_subnet_group",
            "name": "main_subnet_group",
            "name_prefix": "",
            "subnet_ids": [
              "subnet-008d9e01437cb8574",
              "subnet-0a924765064e9c88a"
            ],
            "supported_network_types": [
              "IPV4"
            ],
            "tags": {},
            "tags_all": {},
            "vpc_id": "vpc-023b32858c068d150"
          },
          "sensitive_attributes": [],
          "private": "bnVsbA==",
          "dependencies": [
            "module.eks.aws_subnet.private_subnet",
            "module.eks.aws_vpc.main",
            "module.eks.data.aws_availability_zones.available"
          ]
        }
      ]
    },
    {
      "module": "module.rds",
      "mode": "managed",
      "type": "aws_eip",
      "name": "web_eip",
      "provider": "provider[\"registry.terraform.io/hashicorp/aws\"]",
      "instances": [
        {
          "index_key": 0,
          "schema_version": 0,
          "attributes": {
            "address": null,
            "allocation_id": "eipalloc-0fcf510e880599452",
            "arn": "arn:aws:ec2:us-east-1:891377123177:elastic-ip/eipalloc-0fcf510e880599452",
            "associate_with_private_ip": null,
            "association_id": "eipassoc-076e6d78b13d25aa8",
            "carrier_ip": "",
            "customer_owned_ip": "",
            "customer_owned_ipv4_pool": "",
            "domain": "vpc",
            "id": "eipalloc-0fcf510e880599452",
            "instance": "i-093bc1d50e6909ff4",
            "ipam_pool_id": null,
            "network_border_group": "us-east-1",
            "network_interface": "eni-056a4ec48465f3f90",
            "private_dns": "ip-10-0-1-235.ec2.internal",
            "private_ip": "10.0.1.235",
            "ptr_record": "",
            "public_dns": "ec2-44-215-227-242.compute-1.amazonaws.com",
            "public_ip": "44.215.227.242",
            "public_ipv4_pool": "amazon",
            "tags": {
              "Name": "web-eip-1"
            },
            "tags_all": {
              "Name": "web-eip-1"
            },
            "timeouts": null,
            "vpc": true
          },
          "sensitive_attributes": [],
          "private": "eyJlMmJmYjczMC1lY2FhLTExZTYtOGY4OC0zNDM2M2JjN2M0YzAiOnsiZGVsZXRlIjoxODAwMDAwMDAwMDAsInJlYWQiOjkwMDAwMDAwMDAwMCwidXBkYXRlIjozMDAwMDAwMDAwMDB9fQ==",
          "dependencies": [
            "module.eks.aws_subnet.public_subnet",
            "module.eks.aws_vpc.main",
            "module.eks.data.aws_availability_zones.available",
            "module.rds.aws_instance.web_server",
            "module.rds.aws_key_pair.my_key_pair",
            "module.rds.aws_security_group.web_sg",
            "module.rds.data.aws_ami.latest_ubuntu",
            "module.rds.tls_private_key.my_key_pair"
          ]
        }
      ]
    },
    {
      "module": "module.rds",
      "mode": "managed",
      "type": "aws_instance",
      "name": "web_server",
      "provider": "provider[\"registry.terraform.io/hashicorp/aws\"]",
      "instances": [
        {
          "index_key": 0,
          "schema_version": 1,
          "attributes": {
            "ami": "ami-007f35e81392786a4",
            "arn": "arn:aws:ec2:us-east-1:891377123177:instance/i-093bc1d50e6909ff4",
            "associate_public_ip_address": true,
            "availability_zone": "us-east-1a",
            "capacity_reservation_specification": [
              {
                "capacity_reservation_preference": "open",
                "capacity_reservation_target": []
              }
            ],
            "cpu_core_count": 1,
            "cpu_options": [
              {
                "amd_sev_snp": "",
                "core_count": 1,
                "threads_per_core": 2
              }
            ],
            "cpu_threads_per_core": 2,
            "credit_specification": [
              {
                "cpu_credits": "unlimited"
              }
            ],
            "disable_api_stop": false,
            "disable_api_termination": false,
            "ebs_block_device": [],
            "ebs_optimized": false,
            "enable_primary_ipv6": null,
            "enclave_options": [
              {
                "enabled": false
              }
            ],
            "ephemeral_block_device": [],
            "get_password_data": false,
            "hibernation": false,
            "host_id": "",
            "host_resource_group_arn": null,
            "iam_instance_profile": "",
            "id": "i-093bc1d50e6909ff4",
            "instance_initiated_shutdown_behavior": "stop",
            "instance_lifecycle": "",
            "instance_market_options": [],
            "instance_state": "running",
            "instance_type": "t3.micro",
            "ipv6_address_count": 0,
            "ipv6_addresses": [],
            "key_name": "my-ec2-key",
            "launch_template": [],
            "maintenance_options": [
              {
                "auto_recovery": "default"
              }
            ],
            "metadata_options": [
              {
                "http_endpoint": "enabled",
                "http_protocol_ipv6": "disabled",
                "http_put_response_hop_limit": 1,
                "http_tokens": "optional",
                "instance_metadata_tags": "disabled"
              }
            ],
            "monitoring": false,
            "network_interface": [],
            "outpost_arn": "",
            "password_data": "",
            "placement_group": "",
            "placement_partition_number": 0,
            "primary_network_interface_id": "eni-056a4ec48465f3f90",
            "private_dns": "ip-10-0-1-235.ec2.internal",
            "private_dns_name_options": [
              {
                "enable_resource_name_dns_a_record": false,
                "enable_resource_name_dns_aaaa_record": false,
                "hostname_type": "ip-name"
              }
            ],
            "private_ip": "10.0.1.235",
            "public_dns": "",
            "public_ip": "44.215.227.242",
            "root_block_device": [
              {
                "delete_on_termination": true,
                "device_name": "/dev/sda1",
                "encrypted": false,
                "iops": 100,
                "kms_key_id": "",
                "tags": {},
                "tags_all": {},
                "throughput": 0,
                "volume_id": "vol-0b97dc2e0207157a1",
                "volume_size": 8,
                "volume_type": "gp2"
              }
            ],
            "secondary_private_ips": [],
            "security_groups": [],
            "source_dest_check": true,
            "spot_instance_request_id": "",
            "subnet_id": "subnet-02706db42a4fb5e42",
            "tags": {
              "Name": "prod-web-instance-1"
            },
            "tags_all": {
              "Name": "prod-web-instance-1"
            },
            "tenancy": "default",
            "timeouts": null,
            "user_data": null,
            "user_data_base64": null,
            "user_data_replace_on_change": false,
            "volume_tags": null,
            "vpc_security_group_ids": [
              "sg-061c771dca944e9d7"
            ]
          },
          "sensitive_attributes": [],
          "private": "eyJlMmJmYjczMC1lY2FhLTExZTYtOGY4OC0zNDM2M2JjN2M0YzAiOnsiY3JlYXRlIjo2MDAwMDAwMDAwMDAsImRlbGV0ZSI6MTIwMDAwMDAwMDAwMCwicmVhZCI6OTAwMDAwMDAwMDAwLCJ1cGRhdGUiOjYwMDAwMDAwMDAwMH0sInNjaGVtYV92ZXJzaW9uIjoiMSJ9",
          "dependencies": [
            "module.eks.aws_subnet.public_subnet",
            "module.eks.aws_vpc.main",
            "module.eks.data.aws_availability_zones.available",
            "module.rds.aws_key_pair.my_key_pair",
            "module.rds.aws_security_group.web_sg",
            "module.rds.data.aws_ami.latest_ubuntu",
            "module.rds.tls_private_key.my_key_pair"
          ]
        }
      ]
    },
    {
      "module": "module.rds",
      "mode": "managed",
      "type": "aws_key_pair",
      "name": "my_key_pair",
      "provider": "provider[\"registry.terraform.io/hashicorp/aws\"]",
      "instances": [
        {
          "schema_version": 1,
          "attributes": {
            "arn": "arn:aws:ec2:us-east-1:891377123177:key-pair/my-ec2-key",
            "fingerprint": "f3:df:f1:f9:5d:96:33:d3:74:cd:b3:b2:a3:b1:fa:fe",
            "id": "my-ec2-key",
            "key_name": "my-ec2-key",
            "key_name_prefix": "",
            "key_pair_id": "key-029bb16da75cf6e67",
            "key_type": "rsa",
            "public_key": "ssh-rsa AAAAB3NzaC1yc2EAAAADAQABAAACAQC1mQn3N1QmP4hxBQIpnXl6nivMCQSBXetTrPa9bP8NzK8l78ZKXD2dx8sx+BuIPTTeLz44nTxp5Cy39c8HAOsLw1EcyuPli/OAuwtWkE/zB3tCnYScPnYvS5CrzWCv8VCBkQzrjwxr8GY7XMV2YBUq80/0KCtPCHTc78t7WAdEpX8xGnf6jQngKEzFcGhX7chsHwb04GixxOxmXfsot+u2cAX/imgCMynKZCMhKwF5Plmbni3TlmgboamdmV8Ja4ZVlpi/NfG/TxQSf7OsaVeC1OnSWlab6X3KTYmhqfzA59eeraBRqnITz6qCe0MinLa546TqFi1szoB9JD0dMBBbxvYzOpx5DLdIBZDGgfaNg1WXwu3OiwmD+uPU+VituYysUhjcMnkr8CV5w7ks8jWeAuKDJj4gDsGJ6QdhAQEeb0Jrqw7kwFr66lLmICTQx/nQiJ6fojc2NPrRz6WrgL6J0XLgCe/K2sDnJwyoqpX4D6VgUH2x0GJPqE1EM2M6KCSm2dOwRJAW/S8rfuMtEh2vIZMazi04UAMmC1gdQf16v54lv+QJ+myJAnAMVL2gzUCv76e3b7UVvOJDnYXlreCN7bHk5UqI/QUpHTRwHAMipME7m/ycfx21NvbxWTIB2xm5KEGIh84f1yNcngUNyLzrPvYiqMWhyfGGFsKwq48jDQ==",
            "tags": {},
            "tags_all": {}
          },
          "sensitive_attributes": [],
          "private": "eyJzY2hlbWFfdmVyc2lvbiI6IjEifQ==",
          "dependencies": [
            "module.rds.tls_private_key.my_key_pair"
          ]
        }
      ]
    },
    {
      "module": "module.rds",
      "mode": "managed",
      "type": "aws_security_group",
      "name": "db_security_group",
      "provider": "provider[\"registry.terraform.io/hashicorp/aws\"]",
      "instances": [
        {
          "schema_version": 1,
          "attributes": {
            "arn": "arn:aws:ec2:us-east-1:891377123177:security-group/sg-037ce38c24735fffb",
            "description": "Securtiy Group for Database",
            "egress": [
              {
                "cidr_blocks": [
                  "0.0.0.0/0"
                ],
                "description": "",
                "from_port": 0,
                "ipv6_cidr_blocks": [],
                "prefix_list_ids": [],
                "protocol": "-1",
                "security_groups": [],
                "self": false,
                "to_port": 0
              }
            ],
            "id": "sg-037ce38c24735fffb",
            "ingress": [
              {
                "cidr_blocks": [
                  "10.0.0.0/16"
                ],
                "description": "",
                "from_port": 5432,
                "ipv6_cidr_blocks": [],
                "prefix_list_ids": [],
                "protocol": "tcp",
                "security_groups": [],
                "self": false,
                "to_port": 5432
              }
            ],
            "name": "main-rds-sg",
            "name_prefix": "",
            "owner_id": "891377123177",
            "revoke_rules_on_delete": false,
            "tags": {
              "Name": "sg-prod-rds-postgres"
            },
            "tags_all": {
              "Name": "sg-prod-rds-postgres"
            },
            "timeouts": null,
            "vpc_id": "vpc-023b32858c068d150"
          },
          "sensitive_attributes": [],
          "private": "eyJlMmJmYjczMC1lY2FhLTExZTYtOGY4OC0zNDM2M2JjN2M0YzAiOnsiY3JlYXRlIjo2MDAwMDAwMDAwMDAsImRlbGV0ZSI6OTAwMDAwMDAwMDAwfSwic2NoZW1hX3ZlcnNpb24iOiIxIn0=",
          "dependencies": [
            "module.eks.aws_vpc.main"
          ]
        }
      ]
    },
    {
      "module": "module.rds",
      "mode": "managed",
      "type": "aws_security_group",
      "name": "web_sg",
      "provider": "provider[\"registry.terraform.io/hashicorp/aws\"]",
      "instances": [
        {
          "schema_version": 1,
          "attributes": {
            "arn": "arn:aws:ec2:us-east-1:891377123177:security-group/sg-061c771dca944e9d7",
            "description": "Security Group for Web Servers",
            "egress": [
              {
                "cidr_blocks": [
                  "0.0.0.0/0"
                ],
                "description": "",
                "from_port": 0,
                "ipv6_cidr_blocks": [],
                "prefix_list_ids": [],
                "protocol": "-1",
                "security_groups": [],
                "self": false,
                "to_port": 0
              }
            ],
            "id": "sg-061c771dca944e9d7",
            "ingress": [
              {
                "cidr_blocks": [
                  "0.0.0.0/0"
                ],
                "description": "Allow all traffic through HTTP",
                "from_port": 80,
                "ipv6_cidr_blocks": [],
                "prefix_list_ids": [],
                "protocol": "tcp",
                "security_groups": [],
                "self": false,
                "to_port": 80
              },
              {
                "cidr_blocks": [
                  "0.0.0.0/0"
                ],
                "description": "Allow all traffic through HTTPS",
                "from_port": 443,
                "ipv6_cidr_blocks": [],
                "prefix_list_ids": [],
                "protocol": "tcp",
                "security_groups": [],
                "self": false,
                "to_port": 443
              },
              {
                "cidr_blocks": [
                  "158.181.157.142/32"
                ],
                "description": "Allow SSH from my computer",
                "from_port": 22,
                "ipv6_cidr_blocks": [],
                "prefix_list_ids": [],
                "protocol": "tcp",
                "security_groups": [],
                "self": false,
                "to_port": 22
              }
            ],
            "name": "web-security-group",
            "name_prefix": "",
            "owner_id": "891377123177",
            "revoke_rules_on_delete": false,
            "tags": {
              "Name": "prod-sg"
            },
            "tags_all": {
              "Name": "prod-sg"
            },
            "timeouts": null,
            "vpc_id": "vpc-023b32858c068d150"
          },
          "sensitive_attributes": [],
          "private": "eyJlMmJmYjczMC1lY2FhLTExZTYtOGY4OC0zNDM2M2JjN2M0YzAiOnsiY3JlYXRlIjo2MDAwMDAwMDAwMDAsImRlbGV0ZSI6OTAwMDAwMDAwMDAwfSwic2NoZW1hX3ZlcnNpb24iOiIxIn0=",
          "dependencies": [
            "module.eks.aws_vpc.main"
          ]
        }
      ]
    },
    {
      "module": "module.rds",
      "mode": "managed",
      "type": "aws_ssm_parameter",
      "name": "rds_password",
      "provider": "provider[\"registry.terraform.io/hashicorp/aws\"]",
      "instances": [
        {
          "schema_version": 0,
          "attributes": {
            "allowed_pattern": "",
            "arn": "arn:aws:ssm:us-east-1:891377123177:parameter/prod/mysql",
            "data_type": "text",
            "description": "Password for MySQL",
            "id": "/prod/mysql",
            "insecure_value": null,
            "key_id": "alias/aws/ssm",
            "name": "/prod/mysql",
            "overwrite": null,
            "tags": {},
            "tags_all": {},
            "tier": "Standard",
            "type": "SecureString",
            "value": "OLi#99pEyxhgEV\u0026%",
            "version": 1
          },
          "sensitive_attributes": [
            [
              {
                "type": "get_attr",
                "value": "value"
              }
            ]
          ],
          "private": "bnVsbA==",
          "dependencies": [
            "module.rds.random_password.rds_password"
          ]
        }
      ]
    },
    {
      "module": "module.rds",
      "mode": "managed",
      "type": "local_file",
      "name": "private_key_pem",
      "provider": "provider[\"registry.terraform.io/hashicorp/local\"]",
      "instances": [
        {
          "schema_version": 0,
          "attributes": {
            "content": "-----BEGIN RSA PRIVATE KEY-----\nMIIJKQIBAAKCAgEAtZkJ9zdUJj+IcQUCKZ15ep4rzAkEgV3rU6z2vWz/DcyvJe/G\nSlw9ncfLMfgbiD003i8+OJ08aeQst/XPBwDrC8NRHMrj5YvzgLsLVpBP8wd7Qp2E\nnD52L0uQq81gr/FQgZEM648Ma/BmO1zFdmAVKvNP9CgrTwh03O/Le1gHRKV/MRp3\n+o0J4ChMxXBoV+3IbB8G9OBoscTsZl37KLfrtnAF/4poAjMpymQjISsBeT5Zm54t\n05ZoG6GpnZlfCWuGVZaYvzXxv08UEn+zrGlXgtTp0lpWm+l9yk2Joan8wOfXnq2g\nUapyE8+qgntDIpy2ueOk6hYtbM6AfSQ9HTAQW8b2MzqceQy3SAWQxoH2jYNVl8Lt\nzosJg/rj1PlYrbmMrFIY3DJ5K/AlecO5LPI1ngLigyY+IA7BiekHYQEBHm9Ca6sO\n5MBa+upS5iAk0Mf50Iien6I3NjT60c+lq4C+idFy4AnvytrA5ycMqKqV+A+lYFB9\nsdBiT6hNRDNjOigkptnTsESQFv0vK37jLRIdryGTGs4tOFADJgtYHUH9er+eJb/k\nCfpsiQJwDFS9oM1Ar++nt2+1FbziQ52F5a3gje2x5OVKiP0FKR00cBwDIqTBO5v8\nnH8dtTb28VkyAdsZuShBiIfOH9cjXJ4FDci86z72IqjFocnxhhbCsKuPIw0CAwEA\nAQKCAgBFe80oXm9AQ0b9l6EAM1Tr6eFwLHMg3MLSPXgber0MlqjdpyUEBs88s9m3\nwOsn8eNssD7qgp8/FSNXMCKK13sYAR/kGG2iwy3kr6zi7kzo/I/ZKVQ4RF4MMqmk\nUu0P5RGcwddjulRSaKV1SUX0yUbQLFEHZudLUj0E3GvLQh9l0L0eGLaXk6eXsVPO\np/gEzOLHHAgZYlQs0OBzOrqDFfyGzc49vMOXM+RloHMgmcfykDzRInD+aKplCDJS\nLwECJbY8wWaoowdg3+0aNuqUqanmUXk2F4LUHT8YTRrAVL51QUBrYpvZI5KKqgbf\n7jH96GCyN7w+JUY0P79CIr+Pj3hyP9kzEZiubcgCVnLCVYKuhgtb9Vqfd/Oorzny\n1D9BYfLGCkVH+cs+Pm7y7lOW5X37CcUEC9EUmF8F8jDHPMC+C74lM5vZMED3qClA\nrwjP89iJGw5O+aNTlFm2+VzyQaOWlmVbaix/V77EmIsLRK9qt9ajkOaXK73S9beQ\nf/H+oHj+8NnwvTBGtERUejIS2UQEKBxcvMIwa4Y+1DG2lAwbmJ3E8z9IeP4Bc1su\nq64CqA94GXm0a09sneghRMMISuERiSlW94fL2gqSqIY65b7qa08UPCskNq6kQs4X\nBx7OtMDPv19f6fuhCTpu9d/+AOXOOHVdXFNSybF4qaYkpQrVsQKCAQEA6kSQMQ7M\ny+8ymp4XpWPGZeQWP3ST0KyGBu5B3nOn8NLpfp6n0fW67P9NVX0Yk0h3LnK0j+xu\nzkXTGT78p3qLbOMZJVTUfAiYbW9p9cie5dPG5EPDqTBj2AR92vey+Vmd3YrZxqyv\nTjVdldDMqNU0qrohDQ1hCtWSmyqxuTBYNih2GlzjJXRwP60FoF6dGv1O/3g/zcHD\nKfOUBq5ldPm3RzLH6Dk4nlgkAS3t1bXZ0EAqAJSOWI11Rqct4/8CNr4PWlKl/fnx\n/ietYnz3KsmhaMl5USZyLbjCJnur+RcGcCIAOwE35szkMwEMlkyF1Ig5FS6SrM53\nIpyVa7EJ+gtU4wKCAQEAxnGoexRj3eSgcFO97WMpr3QEbRGzvTsNCGQjHFfrBjkL\n6V9PyY0egbpkz9j1XYdslHy7wNvLiQ1vAoORqXEQ5rl6cSKDdrtqW46pCoiidg0T\nxgJ4QIwt4SzusTg0Ps9g4utQTY29dfD4XK6HRnPLM5NK8nrkKlKPhiWSRzXL6Nd8\nJyMnNt024qNXAoJORGZFoSPUqR+ne1b34PeF1zI9CAZx9tKYRLI9tPhuOCxXpgpx\n1T+HnXctAVnXug4A7emQpKg31ICJlSg/I16zgEuDAiECAQL/ygj/drXkgBobHGeG\nnXeIRjs620SSbRYL4rBwBt5+XeIFzy9Y2Xh+RjQbTwKCAQEArTw8YHqwSRI+GoZT\nuBL7MHelWBFOCV660b84aFagVv6wedi7AxEyxHTabCBQnwFUWL2r9k4Bdnm97Ape\n7T46gi/BdZCwfHQiu7JK6d0MW6nqhvvxYViOTLytkNHgwHFbwusdtcQW8r+Vz+aS\noTrgcmunay58l3Vtr164A9jTMmFjTIVp11Wud/frlDbC+KVe2J3EmNPzDT+5M+Oc\n1Q6gUH8lwv0leDp3jYO4P3P1eQEpzjoMtUEN+0w/LD10FqUfV0yMwS4mnCodFhqQ\n8EwgFwv9sVu7zUG2GJ0Vg+JZ+Wu7Pebdvse+7FSXSUGXKZ3+kEJbZnxbLvYZrIRD\ne2sLvwKCAQEAxJyvtOJK3/o5C5Gsx5pMHs3v5LB5SK9NBldQgjCJZyz2JE6Omr76\nzsWCRHxM/lHCvoum6jnauvtYVUFN/HdNq4txSM5NOkIN6pC54vnlHNlwEes4gZth\niYwfIe7xtJl7ANjsQyp/4G7TY+B3ntHzLjJtOzmO/m+2S87F00/1q8hz9cLag31B\nd+MlvhKkwRgjPLhnZvk50vYjuf0D2maoGV9pYobc3pNKmBbb/UPRw2ztw76h+t2s\n9X2yQ2DEgvO6n6kbR6vipKmvhLe7WQ13y5AwkBgMnnuzwEYPEuzKl6XqtfFMT2k3\nsy+JdBM3y23MUMH4qcPaxZ+/hBfh5GST+QKCAQAfIWoF2RqEeM5wyzevFxIWyVxD\nfOx8Uw2aPhQm/d3cchtHDmeMwGrp+Sq2oGkkWh5SZpVEo7SDy5nCU1wBII78P3Pz\nPUvPsFsi/xVeJK0HlqhRz3mfm/nJ/PrVjOEiho6ePWgKG9zs7+U2B+3dmM+kHVD9\nDz4Bv1Bx74iqCFcTS4bcWz7RvbqpaNB0DxOwevt4myH2nDuOYVI/hL+4VwKezf5D\nXCjMr/ypuysowPpP9RAq2AQRmEItdMByBR5dxnBqEmZo0TSMxsTY2o8LeYWz51iT\nAuTk/eJp6BCpTAb1E01jmOk45I1tSmduIR2L4zirXjYpr2A5Q6u2tArQpQBR\n-----END RSA PRIVATE KEY-----\n",
            "content_base64": null,
            "content_base64sha256": "aUaXc/a+/URKMgs1isyWJL/vy2OlkKYIrtuXcF0vd+c=",
            "content_base64sha512": "LW7IdJFS8I7xsHJ6u/7YCt21ETA6zRNA232kGrVNipn6t7kcxnBIY9JMDjbIX285JftgAigXfCoaUF0k/8WN2w==",
            "content_md5": "30b4df26abdd7eb281980b38c1101bf8",
            "content_sha1": "2a0176ad229ccc8a80665cd253aeb68b270a887f",
            "content_sha256": "69469773f6befd444a320b358acc9624bfefcb63a590a608aedb97705d2f77e7",
            "content_sha512": "2d6ec8749152f08ef1b0727abbfed80addb511303acd1340db7da41ab54d8a99fab7b91cc6704863d24c0e36c85f6f3925fb600228177c2a1a505d24ffc58ddb",
            "directory_permission": "0777",
            "file_permission": "0400",
            "filename": "./my-ec2-key.pem",
            "id": "2a0176ad229ccc8a80665cd253aeb68b270a887f",
            "sensitive_content": null,
            "source": null
          },
          "sensitive_attributes": [
            [
              {
                "type": "get_attr",
                "value": "content"
              }
            ],
            [
              {
                "type": "get_attr",
                "value": "sensitive_content"
              }
            ]
          ],
          "dependencies": [
            "module.rds.tls_private_key.my_key_pair"
          ]
        }
      ]
    },
    {
      "module": "module.rds",
      "mode": "managed",
      "type": "random_password",
      "name": "rds_password",
      "provider": "provider[\"registry.terraform.io/hashicorp/random\"]",
      "instances": [
        {
          "schema_version": 3,
          "attributes": {
            "bcrypt_hash": "$2a$10$.h4TsIKyM5vQpUqd8eYnCOCb3QSIMzPc1..ApjJpt47/ulH9Kl2ke",
            "id": "none",
            "keepers": null,
            "length": 16,
            "lower": true,
            "min_lower": 0,
            "min_numeric": 0,
            "min_special": 0,
            "min_upper": 0,
            "number": true,
            "numeric": true,
            "override_special": "!#$%\u0026*()-_=+[]{}\u003c\u003e:?",
            "result": "OLi#99pEyxhgEV\u0026%",
            "special": true,
            "upper": true
          },
          "sensitive_attributes": [
            [
              {
                "type": "get_attr",
                "value": "bcrypt_hash"
              }
            ],
            [
              {
                "type": "get_attr",
                "value": "result"
              }
            ]
          ]
        }
      ]
    },
    {
      "module": "module.rds",
      "mode": "managed",
      "type": "tls_private_key",
      "name": "my_key_pair",
      "provider": "provider[\"registry.terraform.io/hashicorp/tls\"]",
      "instances": [
        {
          "schema_version": 1,
          "attributes": {
            "algorithm": "RSA",
            "ecdsa_curve": "P224",
            "id": "f2c387300be10a47c3792957513388b6fbea7897",
            "private_key_openssh": "-----BEGIN OPENSSH PRIVATE KEY-----\nb3BlbnNzaC1rZXktdjEAAAAABG5vbmUAAAAEbm9uZQAAAAAAAAABAAACFwAAAAdz\nc2gtcnNhAAAAAwEAAQAAAgEAtZkJ9zdUJj+IcQUCKZ15ep4rzAkEgV3rU6z2vWz/\nDcyvJe/GSlw9ncfLMfgbiD003i8+OJ08aeQst/XPBwDrC8NRHMrj5YvzgLsLVpBP\n8wd7Qp2EnD52L0uQq81gr/FQgZEM648Ma/BmO1zFdmAVKvNP9CgrTwh03O/Le1gH\nRKV/MRp3+o0J4ChMxXBoV+3IbB8G9OBoscTsZl37KLfrtnAF/4poAjMpymQjISsB\neT5Zm54t05ZoG6GpnZlfCWuGVZaYvzXxv08UEn+zrGlXgtTp0lpWm+l9yk2Joan8\nwOfXnq2gUapyE8+qgntDIpy2ueOk6hYtbM6AfSQ9HTAQW8b2MzqceQy3SAWQxoH2\njYNVl8LtzosJg/rj1PlYrbmMrFIY3DJ5K/AlecO5LPI1ngLigyY+IA7BiekHYQEB\nHm9Ca6sO5MBa+upS5iAk0Mf50Iien6I3NjT60c+lq4C+idFy4AnvytrA5ycMqKqV\n+A+lYFB9sdBiT6hNRDNjOigkptnTsESQFv0vK37jLRIdryGTGs4tOFADJgtYHUH9\ner+eJb/kCfpsiQJwDFS9oM1Ar++nt2+1FbziQ52F5a3gje2x5OVKiP0FKR00cBwD\nIqTBO5v8nH8dtTb28VkyAdsZuShBiIfOH9cjXJ4FDci86z72IqjFocnxhhbCsKuP\nIw0AAAc4Bm9OcgZvTnIAAAAHc3NoLXJzYQAAAgEAtZkJ9zdUJj+IcQUCKZ15ep4r\nzAkEgV3rU6z2vWz/DcyvJe/GSlw9ncfLMfgbiD003i8+OJ08aeQst/XPBwDrC8NR\nHMrj5YvzgLsLVpBP8wd7Qp2EnD52L0uQq81gr/FQgZEM648Ma/BmO1zFdmAVKvNP\n9CgrTwh03O/Le1gHRKV/MRp3+o0J4ChMxXBoV+3IbB8G9OBoscTsZl37KLfrtnAF\n/4poAjMpymQjISsBeT5Zm54t05ZoG6GpnZlfCWuGVZaYvzXxv08UEn+zrGlXgtTp\n0lpWm+l9yk2Joan8wOfXnq2gUapyE8+qgntDIpy2ueOk6hYtbM6AfSQ9HTAQW8b2\nMzqceQy3SAWQxoH2jYNVl8LtzosJg/rj1PlYrbmMrFIY3DJ5K/AlecO5LPI1ngLi\ngyY+IA7BiekHYQEBHm9Ca6sO5MBa+upS5iAk0Mf50Iien6I3NjT60c+lq4C+idFy\n4AnvytrA5ycMqKqV+A+lYFB9sdBiT6hNRDNjOigkptnTsESQFv0vK37jLRIdryGT\nGs4tOFADJgtYHUH9er+eJb/kCfpsiQJwDFS9oM1Ar++nt2+1FbziQ52F5a3gje2x\n5OVKiP0FKR00cBwDIqTBO5v8nH8dtTb28VkyAdsZuShBiIfOH9cjXJ4FDci86z72\nIqjFocnxhhbCsKuPIw0AAAADAQABAAACAEV7zSheb0BDRv2XoQAzVOvp4XAscyDc\nwtI9eBt6vQyWqN2nJQQGzzyz2bfA6yfx42ywPuqCnz8VI1cwIorXexgBH+QYbaLD\nLeSvrOLuTOj8j9kpVDhEXgwyqaRS7Q/lEZzB12O6VFJopXVJRfTJRtAsUQdm50tS\nPQTca8tCH2XQvR4YtpeTp5exU86n+ATM4sccCBliVCzQ4HM6uoMV/IbNzj28w5cz\n5GWgcyCZx/KQPNEicP5oqmUIMlIvAQIltjzBZqijB2Df7Ro26pSpqeZReTYXgtQd\nPxhNGsBUvnVBQGtim9kjkoqqBt/uMf3oYLI3vD4lRjQ/v0Iiv4+PeHI/2TMRmK5t\nyAJWcsJVgq6GC1v1Wp9386ivOfLUP0Fh8sYKRUf5yz4+bvLuU5blffsJxQQL0RSY\nXwXyMMc8wL4LviUzm9kwQPeoKUCvCM/z2IkbDk75o1OUWbb5XPJBo5aWZVtqLH9X\nvsSYiwtEr2q31qOQ5pcrvdL1t5B/8f6geP7w2fC9MEa0RFR6MhLZRAQoHFy8wjBr\nhj7UMbaUDBuYncTzP0h4/gFzWy6rrgKoD3gZebRrT2yd6CFEwwhK4RGJKVb3h8va\nCpKohjrlvuprTxQ8KyQ2rqRCzhcHHs60wM+/X1/p+6EJOm713/4A5c44dV1cU1LJ\nsXippiSlCtWxAAABAB8hagXZGoR4znDLN68XEhbJXEN87HxTDZo+FCb93dxyG0cO\nZ4zAaun5KragaSRaHlJmlUSjtIPLmcJTXAEgjvw/c/M9S8+wWyL/FV4krQeWqFHP\neZ+b+cn8+tWM4SKGjp49aAob3Ozv5TYH7d2Yz6QdUP0PPgG/UHHviKoIVxNLhtxb\nPtG9uqlo0HQPE7B6+3ibIfacO45hUj+Ev7hXAp7N/kNcKMyv/Km7KyjA+k/1ECrY\nBBGYQi10wHIFHl3GcGoSZmjRNIzGxNjajwt5hbPnWJMC5OT94mnoEKlMBvUTTWOY\n6TjkjW1KZ24hHYvjOKteNimvYDlDq7a0CtClAFEAAAEBAOpEkDEOzMvvMpqeF6Vj\nxmXkFj90k9CshgbuQd5zp/DS6X6ep9H1uuz/TVV9GJNIdy5ytI/sbs5F0xk+/Kd6\ni2zjGSVU1HwImG1vafXInuXTxuRDw6kwY9gEfdr3svlZnd2K2casr041XZXQzKjV\nNKq6IQ0NYQrVkpsqsbkwWDYodhpc4yV0cD+tBaBenRr9Tv94P83BwynzlAauZXT5\nt0cyx+g5OJ5YJAEt7dW12dBAKgCUjliNdUanLeP/Aja+D1pSpf358f4nrWJ89yrJ\noWjJeVEmci24wiZ7q/kXBnAiADsBN+bM5DMBDJZMhdSIORUukqzOdyKclWuxCfoL\nVOMAAAEBAMZxqHsUY93koHBTve1jKa90BG0Rs707DQhkIxxX6wY5C+lfT8mNHoG6\nZM/Y9V2HbJR8u8Dby4kNbwKDkalxEOa5enEig3a7aluOqQqIonYNE8YCeECMLeEs\n7rE4ND7PYOLrUE2NvXXw+Fyuh0ZzyzOTSvJ65CpSj4Ylkkc1y+jXfCcjJzbdNuKj\nVwKCTkRmRaEj1Kkfp3tW9+D3hdcyPQgGcfbSmESyPbT4bjgsV6YKcdU/h513LQFZ\n17oOAO3pkKSoN9SAiZUoPyNes4BLgwIhAgEC/8oI/3a15IAaGxxnhp13iEY7OttE\nkm0WC+KwcAbefl3iBc8vWNl4fkY0G08AAAAAAQID\n-----END OPENSSH PRIVATE KEY-----\n",
            "private_key_pem": "-----BEGIN RSA PRIVATE KEY-----\nMIIJKQIBAAKCAgEAtZkJ9zdUJj+IcQUCKZ15ep4rzAkEgV3rU6z2vWz/DcyvJe/G\nSlw9ncfLMfgbiD003i8+OJ08aeQst/XPBwDrC8NRHMrj5YvzgLsLVpBP8wd7Qp2E\nnD52L0uQq81gr/FQgZEM648Ma/BmO1zFdmAVKvNP9CgrTwh03O/Le1gHRKV/MRp3\n+o0J4ChMxXBoV+3IbB8G9OBoscTsZl37KLfrtnAF/4poAjMpymQjISsBeT5Zm54t\n05ZoG6GpnZlfCWuGVZaYvzXxv08UEn+zrGlXgtTp0lpWm+l9yk2Joan8wOfXnq2g\nUapyE8+qgntDIpy2ueOk6hYtbM6AfSQ9HTAQW8b2MzqceQy3SAWQxoH2jYNVl8Lt\nzosJg/rj1PlYrbmMrFIY3DJ5K/AlecO5LPI1ngLigyY+IA7BiekHYQEBHm9Ca6sO\n5MBa+upS5iAk0Mf50Iien6I3NjT60c+lq4C+idFy4AnvytrA5ycMqKqV+A+lYFB9\nsdBiT6hNRDNjOigkptnTsESQFv0vK37jLRIdryGTGs4tOFADJgtYHUH9er+eJb/k\nCfpsiQJwDFS9oM1Ar++nt2+1FbziQ52F5a3gje2x5OVKiP0FKR00cBwDIqTBO5v8\nnH8dtTb28VkyAdsZuShBiIfOH9cjXJ4FDci86z72IqjFocnxhhbCsKuPIw0CAwEA\nAQKCAgBFe80oXm9AQ0b9l6EAM1Tr6eFwLHMg3MLSPXgber0MlqjdpyUEBs88s9m3\nwOsn8eNssD7qgp8/FSNXMCKK13sYAR/kGG2iwy3kr6zi7kzo/I/ZKVQ4RF4MMqmk\nUu0P5RGcwddjulRSaKV1SUX0yUbQLFEHZudLUj0E3GvLQh9l0L0eGLaXk6eXsVPO\np/gEzOLHHAgZYlQs0OBzOrqDFfyGzc49vMOXM+RloHMgmcfykDzRInD+aKplCDJS\nLwECJbY8wWaoowdg3+0aNuqUqanmUXk2F4LUHT8YTRrAVL51QUBrYpvZI5KKqgbf\n7jH96GCyN7w+JUY0P79CIr+Pj3hyP9kzEZiubcgCVnLCVYKuhgtb9Vqfd/Oorzny\n1D9BYfLGCkVH+cs+Pm7y7lOW5X37CcUEC9EUmF8F8jDHPMC+C74lM5vZMED3qClA\nrwjP89iJGw5O+aNTlFm2+VzyQaOWlmVbaix/V77EmIsLRK9qt9ajkOaXK73S9beQ\nf/H+oHj+8NnwvTBGtERUejIS2UQEKBxcvMIwa4Y+1DG2lAwbmJ3E8z9IeP4Bc1su\nq64CqA94GXm0a09sneghRMMISuERiSlW94fL2gqSqIY65b7qa08UPCskNq6kQs4X\nBx7OtMDPv19f6fuhCTpu9d/+AOXOOHVdXFNSybF4qaYkpQrVsQKCAQEA6kSQMQ7M\ny+8ymp4XpWPGZeQWP3ST0KyGBu5B3nOn8NLpfp6n0fW67P9NVX0Yk0h3LnK0j+xu\nzkXTGT78p3qLbOMZJVTUfAiYbW9p9cie5dPG5EPDqTBj2AR92vey+Vmd3YrZxqyv\nTjVdldDMqNU0qrohDQ1hCtWSmyqxuTBYNih2GlzjJXRwP60FoF6dGv1O/3g/zcHD\nKfOUBq5ldPm3RzLH6Dk4nlgkAS3t1bXZ0EAqAJSOWI11Rqct4/8CNr4PWlKl/fnx\n/ietYnz3KsmhaMl5USZyLbjCJnur+RcGcCIAOwE35szkMwEMlkyF1Ig5FS6SrM53\nIpyVa7EJ+gtU4wKCAQEAxnGoexRj3eSgcFO97WMpr3QEbRGzvTsNCGQjHFfrBjkL\n6V9PyY0egbpkz9j1XYdslHy7wNvLiQ1vAoORqXEQ5rl6cSKDdrtqW46pCoiidg0T\nxgJ4QIwt4SzusTg0Ps9g4utQTY29dfD4XK6HRnPLM5NK8nrkKlKPhiWSRzXL6Nd8\nJyMnNt024qNXAoJORGZFoSPUqR+ne1b34PeF1zI9CAZx9tKYRLI9tPhuOCxXpgpx\n1T+HnXctAVnXug4A7emQpKg31ICJlSg/I16zgEuDAiECAQL/ygj/drXkgBobHGeG\nnXeIRjs620SSbRYL4rBwBt5+XeIFzy9Y2Xh+RjQbTwKCAQEArTw8YHqwSRI+GoZT\nuBL7MHelWBFOCV660b84aFagVv6wedi7AxEyxHTabCBQnwFUWL2r9k4Bdnm97Ape\n7T46gi/BdZCwfHQiu7JK6d0MW6nqhvvxYViOTLytkNHgwHFbwusdtcQW8r+Vz+aS\noTrgcmunay58l3Vtr164A9jTMmFjTIVp11Wud/frlDbC+KVe2J3EmNPzDT+5M+Oc\n1Q6gUH8lwv0leDp3jYO4P3P1eQEpzjoMtUEN+0w/LD10FqUfV0yMwS4mnCodFhqQ\n8EwgFwv9sVu7zUG2GJ0Vg+JZ+Wu7Pebdvse+7FSXSUGXKZ3+kEJbZnxbLvYZrIRD\ne2sLvwKCAQEAxJyvtOJK3/o5C5Gsx5pMHs3v5LB5SK9NBldQgjCJZyz2JE6Omr76\nzsWCRHxM/lHCvoum6jnauvtYVUFN/HdNq4txSM5NOkIN6pC54vnlHNlwEes4gZth\niYwfIe7xtJl7ANjsQyp/4G7TY+B3ntHzLjJtOzmO/m+2S87F00/1q8hz9cLag31B\nd+MlvhKkwRgjPLhnZvk50vYjuf0D2maoGV9pYobc3pNKmBbb/UPRw2ztw76h+t2s\n9X2yQ2DEgvO6n6kbR6vipKmvhLe7WQ13y5AwkBgMnnuzwEYPEuzKl6XqtfFMT2k3\nsy+JdBM3y23MUMH4qcPaxZ+/hBfh5GST+QKCAQAfIWoF2RqEeM5wyzevFxIWyVxD\nfOx8Uw2aPhQm/d3cchtHDmeMwGrp+Sq2oGkkWh5SZpVEo7SDy5nCU1wBII78P3Pz\nPUvPsFsi/xVeJK0HlqhRz3mfm/nJ/PrVjOEiho6ePWgKG9zs7+U2B+3dmM+kHVD9\nDz4Bv1Bx74iqCFcTS4bcWz7RvbqpaNB0DxOwevt4myH2nDuOYVI/hL+4VwKezf5D\nXCjMr/ypuysowPpP9RAq2AQRmEItdMByBR5dxnBqEmZo0TSMxsTY2o8LeYWz51iT\nAuTk/eJp6BCpTAb1E01jmOk45I1tSmduIR2L4zirXjYpr2A5Q6u2tArQpQBR\n-----END RSA PRIVATE KEY-----\n",
            "private_key_pem_pkcs8": "-----BEGIN PRIVATE KEY-----\nMIIJQwIBADANBgkqhkiG9w0BAQEFAASCCS0wggkpAgEAAoICAQC1mQn3N1QmP4hx\nBQIpnXl6nivMCQSBXetTrPa9bP8NzK8l78ZKXD2dx8sx+BuIPTTeLz44nTxp5Cy3\n9c8HAOsLw1EcyuPli/OAuwtWkE/zB3tCnYScPnYvS5CrzWCv8VCBkQzrjwxr8GY7\nXMV2YBUq80/0KCtPCHTc78t7WAdEpX8xGnf6jQngKEzFcGhX7chsHwb04GixxOxm\nXfsot+u2cAX/imgCMynKZCMhKwF5Plmbni3TlmgboamdmV8Ja4ZVlpi/NfG/TxQS\nf7OsaVeC1OnSWlab6X3KTYmhqfzA59eeraBRqnITz6qCe0MinLa546TqFi1szoB9\nJD0dMBBbxvYzOpx5DLdIBZDGgfaNg1WXwu3OiwmD+uPU+VituYysUhjcMnkr8CV5\nw7ks8jWeAuKDJj4gDsGJ6QdhAQEeb0Jrqw7kwFr66lLmICTQx/nQiJ6fojc2NPrR\nz6WrgL6J0XLgCe/K2sDnJwyoqpX4D6VgUH2x0GJPqE1EM2M6KCSm2dOwRJAW/S8r\nfuMtEh2vIZMazi04UAMmC1gdQf16v54lv+QJ+myJAnAMVL2gzUCv76e3b7UVvOJD\nnYXlreCN7bHk5UqI/QUpHTRwHAMipME7m/ycfx21NvbxWTIB2xm5KEGIh84f1yNc\nngUNyLzrPvYiqMWhyfGGFsKwq48jDQIDAQABAoICAEV7zSheb0BDRv2XoQAzVOvp\n4XAscyDcwtI9eBt6vQyWqN2nJQQGzzyz2bfA6yfx42ywPuqCnz8VI1cwIorXexgB\nH+QYbaLDLeSvrOLuTOj8j9kpVDhEXgwyqaRS7Q/lEZzB12O6VFJopXVJRfTJRtAs\nUQdm50tSPQTca8tCH2XQvR4YtpeTp5exU86n+ATM4sccCBliVCzQ4HM6uoMV/IbN\nzj28w5cz5GWgcyCZx/KQPNEicP5oqmUIMlIvAQIltjzBZqijB2Df7Ro26pSpqeZR\neTYXgtQdPxhNGsBUvnVBQGtim9kjkoqqBt/uMf3oYLI3vD4lRjQ/v0Iiv4+PeHI/\n2TMRmK5tyAJWcsJVgq6GC1v1Wp9386ivOfLUP0Fh8sYKRUf5yz4+bvLuU5blffsJ\nxQQL0RSYXwXyMMc8wL4LviUzm9kwQPeoKUCvCM/z2IkbDk75o1OUWbb5XPJBo5aW\nZVtqLH9XvsSYiwtEr2q31qOQ5pcrvdL1t5B/8f6geP7w2fC9MEa0RFR6MhLZRAQo\nHFy8wjBrhj7UMbaUDBuYncTzP0h4/gFzWy6rrgKoD3gZebRrT2yd6CFEwwhK4RGJ\nKVb3h8vaCpKohjrlvuprTxQ8KyQ2rqRCzhcHHs60wM+/X1/p+6EJOm713/4A5c44\ndV1cU1LJsXippiSlCtWxAoIBAQDqRJAxDszL7zKanhelY8Zl5BY/dJPQrIYG7kHe\nc6fw0ul+nqfR9brs/01VfRiTSHcucrSP7G7ORdMZPvyneots4xklVNR8CJhtb2n1\nyJ7l08bkQ8OpMGPYBH3a97L5WZ3ditnGrK9ONV2V0Myo1TSquiENDWEK1ZKbKrG5\nMFg2KHYaXOMldHA/rQWgXp0a/U7/eD/NwcMp85QGrmV0+bdHMsfoOTieWCQBLe3V\ntdnQQCoAlI5YjXVGpy3j/wI2vg9aUqX9+fH+J61ifPcqyaFoyXlRJnItuMIme6v5\nFwZwIgA7ATfmzOQzAQyWTIXUiDkVLpKszncinJVrsQn6C1TjAoIBAQDGcah7FGPd\n5KBwU73tYymvdARtEbO9Ow0IZCMcV+sGOQvpX0/JjR6BumTP2PVdh2yUfLvA28uJ\nDW8Cg5GpcRDmuXpxIoN2u2pbjqkKiKJ2DRPGAnhAjC3hLO6xODQ+z2Di61BNjb11\n8PhcrodGc8szk0ryeuQqUo+GJZJHNcvo13wnIyc23Tbio1cCgk5EZkWhI9SpH6d7\nVvfg94XXMj0IBnH20phEsj20+G44LFemCnHVP4eddy0BWde6DgDt6ZCkqDfUgImV\nKD8jXrOAS4MCIQIBAv/KCP92teSAGhscZ4add4hGOzrbRJJtFgvisHAG3n5d4gXP\nL1jZeH5GNBtPAoIBAQCtPDxgerBJEj4ahlO4Evswd6VYEU4JXrrRvzhoVqBW/rB5\n2LsDETLEdNpsIFCfAVRYvav2TgF2eb3sCl7tPjqCL8F1kLB8dCK7skrp3QxbqeqG\n+/FhWI5MvK2Q0eDAcVvC6x21xBbyv5XP5pKhOuBya6drLnyXdW2vXrgD2NMyYWNM\nhWnXVa539+uUNsL4pV7YncSY0/MNP7kz45zVDqBQfyXC/SV4OneNg7g/c/V5ASnO\nOgy1QQ37TD8sPXQWpR9XTIzBLiacKh0WGpDwTCAXC/2xW7vNQbYYnRWD4ln5a7s9\n5t2+x77sVJdJQZcpnf6QQltmfFsu9hmshEN7awu/AoIBAQDEnK+04krf+jkLkazH\nmkweze/ksHlIr00GV1CCMIlnLPYkTo6avvrOxYJEfEz+UcK+i6bqOdq6+1hVQU38\nd02ri3FIzk06Qg3qkLni+eUc2XAR6ziBm2GJjB8h7vG0mXsA2OxDKn/gbtNj4Hee\n0fMuMm07OY7+b7ZLzsXTT/WryHP1wtqDfUF34yW+EqTBGCM8uGdm+TnS9iO5/QPa\nZqgZX2lihtzek0qYFtv9Q9HDbO3DvqH63az1fbJDYMSC87qfqRtHq+Kkqa+Et7tZ\nDXfLkDCQGAyee7PARg8S7MqXpeq18UxPaTezL4l0EzfLbcxQwfipw9rFn7+EF+Hk\nZJP5AoIBAB8hagXZGoR4znDLN68XEhbJXEN87HxTDZo+FCb93dxyG0cOZ4zAaun5\nKragaSRaHlJmlUSjtIPLmcJTXAEgjvw/c/M9S8+wWyL/FV4krQeWqFHPeZ+b+cn8\n+tWM4SKGjp49aAob3Ozv5TYH7d2Yz6QdUP0PPgG/UHHviKoIVxNLhtxbPtG9uqlo\n0HQPE7B6+3ibIfacO45hUj+Ev7hXAp7N/kNcKMyv/Km7KyjA+k/1ECrYBBGYQi10\nwHIFHl3GcGoSZmjRNIzGxNjajwt5hbPnWJMC5OT94mnoEKlMBvUTTWOY6TjkjW1K\nZ24hHYvjOKteNimvYDlDq7a0CtClAFE=\n-----END PRIVATE KEY-----\n",
            "public_key_fingerprint_md5": "a0:2c:56:09:b8:8d:dc:a1:f7:92:48:63:6d:d1:e5:5d",
            "public_key_fingerprint_sha256": "SHA256:i4UPcd4R8wFyYFqTk/wEJtqHKwcsMT//OUrttxNbZWc",
            "public_key_openssh": "ssh-rsa AAAAB3NzaC1yc2EAAAADAQABAAACAQC1mQn3N1QmP4hxBQIpnXl6nivMCQSBXetTrPa9bP8NzK8l78ZKXD2dx8sx+BuIPTTeLz44nTxp5Cy39c8HAOsLw1EcyuPli/OAuwtWkE/zB3tCnYScPnYvS5CrzWCv8VCBkQzrjwxr8GY7XMV2YBUq80/0KCtPCHTc78t7WAdEpX8xGnf6jQngKEzFcGhX7chsHwb04GixxOxmXfsot+u2cAX/imgCMynKZCMhKwF5Plmbni3TlmgboamdmV8Ja4ZVlpi/NfG/TxQSf7OsaVeC1OnSWlab6X3KTYmhqfzA59eeraBRqnITz6qCe0MinLa546TqFi1szoB9JD0dMBBbxvYzOpx5DLdIBZDGgfaNg1WXwu3OiwmD+uPU+VituYysUhjcMnkr8CV5w7ks8jWeAuKDJj4gDsGJ6QdhAQEeb0Jrqw7kwFr66lLmICTQx/nQiJ6fojc2NPrRz6WrgL6J0XLgCe/K2sDnJwyoqpX4D6VgUH2x0GJPqE1EM2M6KCSm2dOwRJAW/S8rfuMtEh2vIZMazi04UAMmC1gdQf16v54lv+QJ+myJAnAMVL2gzUCv76e3b7UVvOJDnYXlreCN7bHk5UqI/QUpHTRwHAMipME7m/ycfx21NvbxWTIB2xm5KEGIh84f1yNcngUNyLzrPvYiqMWhyfGGFsKwq48jDQ==\n",
            "public_key_pem": "-----BEGIN PUBLIC KEY-----\nMIICIjANBgkqhkiG9w0BAQEFAAOCAg8AMIICCgKCAgEAtZkJ9zdUJj+IcQUCKZ15\nep4rzAkEgV3rU6z2vWz/DcyvJe/GSlw9ncfLMfgbiD003i8+OJ08aeQst/XPBwDr\nC8NRHMrj5YvzgLsLVpBP8wd7Qp2EnD52L0uQq81gr/FQgZEM648Ma/BmO1zFdmAV\nKvNP9CgrTwh03O/Le1gHRKV/MRp3+o0J4ChMxXBoV+3IbB8G9OBoscTsZl37KLfr\ntnAF/4poAjMpymQjISsBeT5Zm54t05ZoG6GpnZlfCWuGVZaYvzXxv08UEn+zrGlX\ngtTp0lpWm+l9yk2Joan8wOfXnq2gUapyE8+qgntDIpy2ueOk6hYtbM6AfSQ9HTAQ\nW8b2MzqceQy3SAWQxoH2jYNVl8LtzosJg/rj1PlYrbmMrFIY3DJ5K/AlecO5LPI1\nngLigyY+IA7BiekHYQEBHm9Ca6sO5MBa+upS5iAk0Mf50Iien6I3NjT60c+lq4C+\nidFy4AnvytrA5ycMqKqV+A+lYFB9sdBiT6hNRDNjOigkptnTsESQFv0vK37jLRId\nryGTGs4tOFADJgtYHUH9er+eJb/kCfpsiQJwDFS9oM1Ar++nt2+1FbziQ52F5a3g\nje2x5OVKiP0FKR00cBwDIqTBO5v8nH8dtTb28VkyAdsZuShBiIfOH9cjXJ4FDci8\n6z72IqjFocnxhhbCsKuPIw0CAwEAAQ==\n-----END PUBLIC KEY-----\n",
            "rsa_bits": 4096
          },
          "sensitive_attributes": [
            [
              {
                "type": "get_attr",
                "value": "private_key_openssh"
              }
            ],
            [
              {
                "type": "get_attr",
                "value": "private_key_pem"
              }
            ],
            [
              {
                "type": "get_attr",
                "value": "private_key_pem_pkcs8"
              }
            ]
          ]
        }
      ]
    },
    {
      "module": "module.s3",
      "mode": "managed",
      "type": "aws_dynamodb_table",
      "name": "state",
      "provider": "provider[\"registry.terraform.io/hashicorp/aws\"]",
      "instances": [
        {
          "schema_version": 1,
          "attributes": {
            "arn": "arn:aws:dynamodb:us-east-1:891377123177:table/prod-table-for-terraform-state",
            "attribute": [
              {
                "name": "LockID",
                "type": "S"
              }
            ],
            "billing_mode": "PROVISIONED",
            "deletion_protection_enabled": false,
            "global_secondary_index": [],
            "hash_key": "LockID",
            "id": "prod-table-for-terraform-state",
            "import_table": [],
            "local_secondary_index": [],
            "name": "prod-table-for-terraform-state",
            "on_demand_throughput": [],
            "point_in_time_recovery": [
              {
                "enabled": false
              }
            ],
            "range_key": null,
            "read_capacity": 20,
            "replica": [],
            "restore_date_time": null,
            "restore_source_name": null,
            "restore_source_table_arn": null,
            "restore_to_latest_time": null,
            "server_side_encryption": [],
            "stream_arn": "",
            "stream_enabled": false,
            "stream_label": "",
            "stream_view_type": "",
            "table_class": "STANDARD",
            "tags": {
              "Name": "Final DynamoDB Table",
              "env": "Prod",
              "project": "Final"
            },
            "tags_all": {
              "Name": "Final DynamoDB Table",
              "env": "Prod",
              "project": "Final"
            },
            "timeouts": null,
            "ttl": [
              {
                "attribute_name": "",
                "enabled": false
              }
            ],
            "write_capacity": 20
          },
          "sensitive_attributes": [],
          "private": "eyJlMmJmYjczMC1lY2FhLTExZTYtOGY4OC0zNDM2M2JjN2M0YzAiOnsiY3JlYXRlIjoxODAwMDAwMDAwMDAwLCJkZWxldGUiOjYwMDAwMDAwMDAwMCwidXBkYXRlIjozNjAwMDAwMDAwMDAwfSwic2NoZW1hX3ZlcnNpb24iOiIxIn0="
        }
      ]
    },
    {
      "module": "module.s3",
      "mode": "managed",
      "type": "aws_kms_key",
      "name": "encryption",
      "provider": "provider[\"registry.terraform.io/hashicorp/aws\"]",
      "instances": [
        {
          "schema_version": 0,
          "attributes": {
            "arn": "arn:aws:kms:us-east-1:891377123177:key/mrk-24931b7995da448a8daa4eb1d5e21a38",
            "bypass_policy_lockout_safety_check": false,
            "custom_key_store_id": "",
            "customer_master_key_spec": "SYMMETRIC_DEFAULT",
            "deletion_window_in_days": null,
            "description": "",
            "enable_key_rotation": false,
            "id": "mrk-24931b7995da448a8daa4eb1d5e21a38",
            "is_enabled": true,
            "key_id": "mrk-24931b7995da448a8daa4eb1d5e21a38",
            "key_usage": "ENCRYPT_DECRYPT",
            "multi_region": true,
            "policy": "{\"Id\":\"key-default-1\",\"Statement\":[{\"Action\":\"kms:*\",\"Effect\":\"Allow\",\"Principal\":{\"AWS\":\"arn:aws:iam::891377123177:root\"},\"Resource\":\"*\",\"Sid\":\"Enable IAM User Permissions\"}],\"Version\":\"2012-10-17\"}",
            "rotation_period_in_days": 0,
            "tags": {},
            "tags_all": {},
            "timeouts": null,
            "xks_key_id": ""
          },
          "sensitive_attributes": [],
          "private": "eyJlMmJmYjczMC1lY2FhLTExZTYtOGY4OC0zNDM2M2JjN2M0YzAiOnsiY3JlYXRlIjoxMjAwMDAwMDAwMDB9fQ=="
        }
      ]
    },
    {
      "module": "module.s3",
      "mode": "managed",
      "type": "aws_s3_bucket",
      "name": "remote",
      "provider": "provider[\"registry.terraform.io/hashicorp/aws\"]",
      "instances": [
        {
          "schema_version": 0,
          "attributes": {
            "acceleration_status": "",
            "acl": null,
            "arn": "arn:aws:s3:::prod-bucket-for-terraform-state",
            "bucket": "prod-bucket-for-terraform-state",
            "bucket_domain_name": "prod-bucket-for-terraform-state.s3.amazonaws.com",
            "bucket_prefix": "",
            "bucket_regional_domain_name": "prod-bucket-for-terraform-state.s3.us-east-1.amazonaws.com",
            "cors_rule": [],
            "force_destroy": false,
            "grant": [
              {
                "id": "60edbed1929675f9b7330eb262722fcc062ec639b9a90833a7d4a6867c52044f",
                "permissions": [
                  "FULL_CONTROL"
                ],
                "type": "CanonicalUser",
                "uri": ""
              }
            ],
            "hosted_zone_id": "Z3AQBSTGFYJSTF",
            "id": "prod-bucket-for-terraform-state",
            "lifecycle_rule": [],
            "logging": [],
            "object_lock_configuration": [],
            "object_lock_enabled": false,
            "policy": "",
            "region": "us-east-1",
            "replication_configuration": [],
            "request_payer": "BucketOwner",
            "server_side_encryption_configuration": [
              {
                "rule": [
                  {
                    "apply_server_side_encryption_by_default": [
                      {
                        "kms_master_key_id": "mrk-24931b7995da448a8daa4eb1d5e21a38",
                        "sse_algorithm": "aws:kms"
                      }
                    ],
                    "bucket_key_enabled": false
                  }
                ]
              }
            ],
            "tags": {
              "Name": "Final S3 Bucket for State File",
              "env": "Prod",
              "project": "Final"
            },
            "tags_all": {
              "Name": "Final S3 Bucket for State File",
              "env": "Prod",
              "project": "Final"
            },
            "timeouts": null,
            "versioning": [
              {
                "enabled": true,
                "mfa_delete": false
              }
            ],
            "website": [],
            "website_domain": null,
            "website_endpoint": null
          },
          "sensitive_attributes": [],
          "private": "eyJlMmJmYjczMC1lY2FhLTExZTYtOGY4OC0zNDM2M2JjN2M0YzAiOnsiY3JlYXRlIjoxMjAwMDAwMDAwMDAwLCJkZWxldGUiOjM2MDAwMDAwMDAwMDAsInJlYWQiOjEyMDAwMDAwMDAwMDAsInVwZGF0ZSI6MTIwMDAwMDAwMDAwMH19"
        }
      ]
    },
    {
      "module": "module.s3",
      "mode": "managed",
      "type": "aws_s3_bucket_acl",
      "name": "example",
      "provider": "provider[\"registry.terraform.io/hashicorp/aws\"]",
      "instances": [
        {
          "schema_version": 0,
          "attributes": {
            "access_control_policy": [
              {
                "grant": [
                  {
                    "grantee": [
                      {
                        "display_name": "lab-aws+LabServices-prod-12533",
                        "email_address": "",
                        "id": "60edbed1929675f9b7330eb262722fcc062ec639b9a90833a7d4a6867c52044f",
                        "type": "CanonicalUser",
                        "uri": ""
                      }
                    ],
                    "permission": "FULL_CONTROL"
                  }
                ],
                "owner": [
                  {
                    "display_name": "lab-aws+LabServices-prod-12533",
                    "id": "60edbed1929675f9b7330eb262722fcc062ec639b9a90833a7d4a6867c52044f"
                  }
                ]
              }
            ],
            "acl": "private",
            "bucket": "prod-bucket-for-terraform-state",
            "expected_bucket_owner": "",
            "id": "prod-bucket-for-terraform-state,private"
          },
          "sensitive_attributes": [],
          "private": "bnVsbA==",
          "dependencies": [
            "module.s3.aws_s3_bucket.remote",
            "module.s3.aws_s3_bucket_ownership_controls.example"
          ]
        }
      ]
    },
    {
      "module": "module.s3",
      "mode": "managed",
      "type": "aws_s3_bucket_ownership_controls",
      "name": "example",
      "provider": "provider[\"registry.terraform.io/hashicorp/aws\"]",
      "instances": [
        {
          "schema_version": 0,
          "attributes": {
            "bucket": "prod-bucket-for-terraform-state",
            "id": "prod-bucket-for-terraform-state",
            "rule": [
              {
                "object_ownership": "BucketOwnerPreferred"
              }
            ]
          },
          "sensitive_attributes": [],
          "private": "bnVsbA==",
          "dependencies": [
            "module.s3.aws_s3_bucket.remote"
          ]
        }
      ]
    },
    {
      "module": "module.s3",
      "mode": "managed",
      "type": "aws_s3_bucket_public_access_block",
      "name": "example",
      "provider": "provider[\"registry.terraform.io/hashicorp/aws\"]",
      "instances": [
        {
          "schema_version": 0,
          "attributes": {
            "block_public_acls": true,
            "block_public_policy": true,
            "bucket": "prod-bucket-for-terraform-state",
            "id": "prod-bucket-for-terraform-state",
            "ignore_public_acls": true,
            "restrict_public_buckets": true
          },
          "sensitive_attributes": [],
          "private": "bnVsbA==",
          "dependencies": [
            "module.s3.aws_s3_bucket.remote"
          ]
        }
      ]
    },
    {
      "module": "module.s3",
      "mode": "managed",
      "type": "aws_s3_bucket_server_side_encryption_configuration",
      "name": "example",
      "provider": "provider[\"registry.terraform.io/hashicorp/aws\"]",
      "instances": [
        {
          "schema_version": 0,
          "attributes": {
            "bucket": "prod-bucket-for-terraform-state",
            "expected_bucket_owner": "",
            "id": "prod-bucket-for-terraform-state",
            "rule": [
              {
                "apply_server_side_encryption_by_default": [
                  {
                    "kms_master_key_id": "mrk-24931b7995da448a8daa4eb1d5e21a38",
                    "sse_algorithm": "aws:kms"
                  }
                ],
                "bucket_key_enabled": false
              }
            ]
          },
          "sensitive_attributes": [],
          "private": "bnVsbA==",
          "dependencies": [
            "module.s3.aws_kms_key.encryption",
            "module.s3.aws_s3_bucket.remote"
          ]
        }
      ]
    },
    {
      "module": "module.s3",
      "mode": "managed",
      "type": "aws_s3_bucket_versioning",
      "name": "versioning_example",
      "provider": "provider[\"registry.terraform.io/hashicorp/aws\"]",
      "instances": [
        {
          "schema_version": 0,
          "attributes": {
            "bucket": "prod-bucket-for-terraform-state",
            "expected_bucket_owner": "",
            "id": "prod-bucket-for-terraform-state",
            "mfa": null,
            "versioning_configuration": [
              {
                "mfa_delete": "",
                "status": "Enabled"
              }
            ]
          },
          "sensitive_attributes": [],
          "private": "bnVsbA==",
          "dependencies": [
            "module.s3.aws_s3_bucket.remote"
          ]
        }
      ]
    }
  ],
  "check_results": null
}
