{
  "version": 4,
  "terraform_version": "1.10.5",
  "serial": 79,
  "lineage": "92df1548-ce18-0682-b734-8595f3a1fcd1",
  "outputs": {
    "database_port": {
      "value": 5432,
      "type": "number"
    },
    "dynamodb_table_name": {
      "value": "prod-table-for-terraform-state",
      "type": "string"
    },
    "eks_cluster_name": {
      "value": "prod-cluster",
      "type": "string"
    },
    "private_subnet_ids": {
      "value": [
        "subnet-0ebd681b9d37a48e5",
        "subnet-0246fa486ef130476"
      ],
      "type": [
        "tuple",
        [
          "string",
          "string"
        ]
      ]
    },
    "public_subnet_ids": {
      "value": [
        "subnet-027ab7b1968e8cbfe",
        "subnet-085108eb7ba754239"
      ],
      "type": [
        "tuple",
        [
          "string",
          "string"
        ]
      ]
    },
    "rds_endpoint": {
      "value": "rds-postgres.cfsi4oa8w8gf.us-east-1.rds.amazonaws.com",
      "type": "string"
    },
    "s3_bucket_name": {
      "value": "prod-bucket-for-terraform-state",
      "type": "string"
    },
    "vpc_cidr_block": {
      "value": "10.0.0.0/16",
      "type": "string"
    },
    "vpc_id": {
      "value": "vpc-0858602b5050b1521",
      "type": "string"
    },
    "web_public_dns": {
      "value": "ec2-3-83-196-127.compute-1.amazonaws.com",
      "type": "string"
    }
  },
  "resources": [
    {
      "mode": "data",
      "type": "aws_eks_cluster_auth",
      "name": "auth",
      "provider": "provider[\"registry.terraform.io/hashicorp/aws\"]",
      "instances": [
        {
          "schema_version": 0,
          "attributes": {
            "id": "prod-cluster",
            "name": "prod-cluster",
            "token": "k8s-aws-v1.aHR0cHM6Ly9zdHMudXMtZWFzdC0xLmFtYXpvbmF3cy5jb20vP0FjdGlvbj1HZXRDYWxsZXJJZGVudGl0eSZWZXJzaW9uPTIwMTEtMDYtMTUmWC1BbXotQWxnb3JpdGhtPUFXUzQtSE1BQy1TSEEyNTYmWC1BbXotQ3JlZGVudGlhbD1BS0lBWFlLSlQzQ01XVkNPVzZLRSUyRjIwMjUwMjE5JTJGdXMtZWFzdC0xJTJGc3RzJTJGYXdzNF9yZXF1ZXN0JlgtQW16LURhdGU9MjAyNTAyMTlUMTA1MjA2WiZYLUFtei1FeHBpcmVzPTAmWC1BbXotU2lnbmVkSGVhZGVycz1ob3N0JTNCeC1rOHMtYXdzLWlkJlgtQW16LVNpZ25hdHVyZT1mMDJmOGFkMTljNDA5MjM3ZjdhZGFmOTgzNjg0ZDE2ODU4YTFkMjllZWFkM2RlNDc3MmRiMmVlNDg1ZjJkNjgx"
          },
          "sensitive_attributes": [
            [
              {
                "type": "get_attr",
                "value": "token"
              }
            ]
          ]
        }
      ]
    },
    {
      "mode": "managed",
      "type": "helm_release",
      "name": "aws_lb_controller",
      "provider": "provider[\"registry.terraform.io/hashicorp/helm\"]",
      "instances": [
        {
          "schema_version": 1,
          "attributes": {
            "atomic": false,
            "chart": "aws-load-balancer-controller",
            "cleanup_on_fail": false,
            "create_namespace": false,
            "dependency_update": false,
            "description": null,
            "devel": null,
            "disable_crd_hooks": false,
            "disable_openapi_validation": false,
            "disable_webhooks": false,
            "force_update": false,
            "id": "aws-load-balancer-controller",
            "keyring": null,
            "lint": false,
            "manifest": null,
            "max_history": 0,
            "metadata": [
              {
                "app_version": "v2.11.0",
                "chart": "aws-load-balancer-controller",
                "first_deployed": 1739954737,
                "last_deployed": 1739954737,
                "name": "aws-load-balancer-controller",
                "namespace": "kube-system",
                "notes": "AWS Load Balancer controller installed!\n",
                "revision": 1,
                "values": "{\"clusterName\":\"prod-cluster\",\"region\":\"us-east-1\",\"serviceAccount\":{\"annotations\":{\"eks.amazonaws.com/role-arn\":\"arn:aws:iam::533267208345:role/AWSLoadBalancerControllerRole\"},\"create\":true,\"name\":\"aws-load-balancer-controller\"},\"vpcId\":\"vpc-0858602b5050b1521\"}",
                "version": "1.11.0"
              }
            ],
            "name": "aws-load-balancer-controller",
            "namespace": "kube-system",
            "pass_credentials": false,
            "postrender": [],
            "recreate_pods": false,
            "render_subchart_notes": true,
            "replace": false,
            "repository": "https://aws.github.io/eks-charts",
            "repository_ca_file": null,
            "repository_cert_file": null,
            "repository_key_file": null,
            "repository_password": null,
            "repository_username": null,
            "reset_values": false,
            "reuse_values": false,
            "set": [],
            "set_list": [],
            "set_sensitive": [],
            "skip_crds": false,
            "status": "deployed",
            "timeout": 300,
            "upgrade_install": null,
            "values": [
              "region: us-east-1\nclusterName: prod-cluster\nvpcId: vpc-0858602b5050b1521\nserviceAccount:\n  create: true\n  name: aws-load-balancer-controller\n  annotations:\n    eks.amazonaws.com/role-arn: arn:aws:iam::533267208345:role/AWSLoadBalancerControllerRole\n\n"
            ],
            "verify": false,
            "version": "1.11.0",
            "wait": true,
            "wait_for_jobs": false
          },
          "sensitive_attributes": [
            [
              {
                "type": "get_attr",
                "value": "repository_password"
              }
            ]
          ],
          "private": "eyJzY2hlbWFfdmVyc2lvbiI6IjEifQ==",
          "dependencies": [
            "data.aws_eks_cluster_auth.auth",
            "module.eks.aws_eks_cluster.cluster",
            "module.eks.aws_iam_openid_connect_provider.cluster",
            "module.eks.aws_iam_role.aws_lb_controller_role",
            "module.eks.aws_iam_role.cluster",
            "module.eks.aws_iam_role_policy_attachment.cluster_AmazonEKSClusterPolicy",
            "module.eks.aws_iam_role_policy_attachment.cluster_AmazonEKSServicePolicy",
            "module.eks.aws_iam_role_policy_attachment.cluster_AmazonEKSVPCResourceControllerPolicy",
            "module.eks.aws_security_group.cluster",
            "module.eks.aws_security_group.worker_group_mgmt",
            "module.eks.aws_security_group_rule.cluster_egress_internet",
            "module.eks.aws_subnet.private_subnet",
            "module.eks.aws_vpc.main",
            "module.eks.data.aws_availability_zones.available",
            "module.eks.data.aws_eks_cluster.cluster",
            "module.eks.data.aws_iam_policy_document.oidc-assume-role-policy",
            "module.eks.data.tls_certificate.cluster"
          ]
        }
      ]
    },
    {
      "mode": "managed",
      "type": "helm_release",
      "name": "cert_manager",
      "provider": "provider[\"registry.terraform.io/hashicorp/helm\"]",
      "instances": [
        {
          "schema_version": 1,
          "attributes": {
            "atomic": false,
            "chart": "cert-manager",
            "cleanup_on_fail": false,
            "create_namespace": true,
            "dependency_update": false,
            "description": null,
            "devel": null,
            "disable_crd_hooks": false,
            "disable_openapi_validation": false,
            "disable_webhooks": false,
            "force_update": false,
            "id": "cert-manager",
            "keyring": null,
            "lint": false,
            "manifest": null,
            "max_history": 0,
            "metadata": [
              {
                "app_version": "v1.17.1",
                "chart": "cert-manager",
                "first_deployed": 1739954929,
                "last_deployed": 1739954929,
                "name": "cert-manager",
                "namespace": "cert-manager",
                "notes": "\n⚠️  WARNING: `installCRDs` is deprecated, use `crds.enabled` instead.\ncert-manager v1.17.1 has been deployed successfully!\n\nIn order to begin issuing certificates, you will need to set up a ClusterIssuer\nor Issuer resource (for example, by creating a 'letsencrypt-staging' issuer).\n\nMore information on the different types of issuers and how to configure them\ncan be found in our documentation:\n\nhttps://cert-manager.io/docs/configuration/\n\nFor information on how to configure cert-manager to automatically provision\nCertificates for Ingress resources, take a look at the `ingress-shim`\ndocumentation:\n\nhttps://cert-manager.io/docs/usage/ingress/\n",
                "revision": 1,
                "values": "{\"installCRDs\":true}",
                "version": "v1.17.1"
              }
            ],
            "name": "cert-manager",
            "namespace": "cert-manager",
            "pass_credentials": false,
            "postrender": [],
            "recreate_pods": false,
            "render_subchart_notes": true,
            "replace": false,
            "repository": "https://charts.jetstack.io",
            "repository_ca_file": null,
            "repository_cert_file": null,
            "repository_key_file": null,
            "repository_password": null,
            "repository_username": null,
            "reset_values": false,
            "reuse_values": false,
            "set": [
              {
                "name": "installCRDs",
                "type": "",
                "value": "true"
              }
            ],
            "set_list": [],
            "set_sensitive": [],
            "skip_crds": false,
            "status": "deployed",
            "timeout": 300,
            "upgrade_install": null,
            "values": null,
            "verify": false,
            "version": "v1.17.1",
            "wait": true,
            "wait_for_jobs": false
          },
          "sensitive_attributes": [
            [
              {
                "type": "get_attr",
                "value": "repository_password"
              }
            ]
          ],
          "private": "eyJzY2hlbWFfdmVyc2lvbiI6IjEifQ==",
          "dependencies": [
            "data.aws_eks_cluster_auth.auth",
            "helm_release.aws_lb_controller",
            "helm_release.nginx_ingress",
            "module.eks.aws_eks_cluster.cluster",
            "module.eks.aws_iam_openid_connect_provider.cluster",
            "module.eks.aws_iam_role.aws_lb_controller_role",
            "module.eks.aws_iam_role.cluster",
            "module.eks.aws_iam_role_policy_attachment.cluster_AmazonEKSClusterPolicy",
            "module.eks.aws_iam_role_policy_attachment.cluster_AmazonEKSServicePolicy",
            "module.eks.aws_iam_role_policy_attachment.cluster_AmazonEKSVPCResourceControllerPolicy",
            "module.eks.aws_security_group.cluster",
            "module.eks.aws_security_group.worker_group_mgmt",
            "module.eks.aws_security_group_rule.cluster_egress_internet",
            "module.eks.aws_subnet.private_subnet",
            "module.eks.aws_vpc.main",
            "module.eks.data.aws_availability_zones.available",
            "module.eks.data.aws_eks_cluster.cluster",
            "module.eks.data.aws_iam_policy_document.oidc-assume-role-policy",
            "module.eks.data.tls_certificate.cluster"
          ]
        }
      ]
    },
    {
      "mode": "managed",
      "type": "helm_release",
      "name": "nginx_ingress",
      "provider": "provider[\"registry.terraform.io/hashicorp/helm\"]",
      "instances": [
        {
          "schema_version": 1,
          "attributes": {
            "atomic": false,
            "chart": "ingress-nginx",
            "cleanup_on_fail": false,
            "create_namespace": true,
            "dependency_update": false,
            "description": null,
            "devel": null,
            "disable_crd_hooks": false,
            "disable_openapi_validation": false,
            "disable_webhooks": false,
            "force_update": false,
            "id": "nginx-ingress",
            "keyring": null,
            "lint": false,
            "manifest": null,
            "max_history": 0,
            "metadata": [
              {
                "app_version": "1.0.0",
                "chart": "ingress-nginx",
                "first_deployed": 1739954841,
                "last_deployed": 1739954841,
                "name": "nginx-ingress",
                "namespace": "nginx-ingress",
                "notes": "The ingress-nginx controller has been installed.\nIt may take a few minutes for the LoadBalancer IP to be available.\nYou can watch the status by running 'kubectl --namespace nginx-ingress get services -o wide -w nginx-ingress-ingress-nginx-controller'\n\nAn example Ingress that makes use of the controller:\n\n  apiVersion: networking.k8s.io/v1\n  kind: Ingress\n  metadata:\n    annotations:\n      kubernetes.io/ingress.class: \n    name: example\n    namespace: foo\n  spec:\n    rules:\n      - host: www.example.com\n        http:\n          paths:\n            - backend:\n                serviceName: exampleService\n                servicePort: 80\n              path: /\n    # This section is only required if TLS is to be enabled for the Ingress\n    tls:\n        - hosts:\n            - www.example.com\n          secretName: example-tls\n\nIf TLS is enabled for the Ingress, a Secret containing the certificate and key must also be provided:\n\n  apiVersion: v1\n  kind: Secret\n  metadata:\n    name: example-tls\n    namespace: foo\n  data:\n    tls.crt: \u003cbase64 encoded cert\u003e\n    tls.key: \u003cbase64 encoded key\u003e\n  type: kubernetes.io/tls\n",
                "revision": 1,
                "values": "{\"controller\":{\"externalTrafficPolicy\":\"Local\",\"metrics\":{\"enabled\":false,\"serviceMonitor\":{\"enabled\":true}},\"replicaCount\":2,\"resources\":{\"limits\":{\"cpu\":\"500m\",\"memory\":\"512Mi\"},\"requests\":{\"cpu\":\"100m\",\"memory\":\"128Mi\"}},\"service\":{\"annotations\":{\"service.beta.kubernetes.io/aws-load-balancer-internal\":\"false\",\"service.beta.kubernetes.io/aws-load-balancer-type\":\"nlb\"}}}}",
                "version": "4.0.1"
              }
            ],
            "name": "nginx-ingress",
            "namespace": "nginx-ingress",
            "pass_credentials": false,
            "postrender": [],
            "recreate_pods": false,
            "render_subchart_notes": true,
            "replace": false,
            "repository": "https://kubernetes.github.io/ingress-nginx",
            "repository_ca_file": null,
            "repository_cert_file": null,
            "repository_key_file": null,
            "repository_password": null,
            "repository_username": null,
            "reset_values": false,
            "reuse_values": false,
            "set": [],
            "set_list": [],
            "set_sensitive": [],
            "skip_crds": false,
            "status": "deployed",
            "timeout": 300,
            "upgrade_install": null,
            "values": [
              "controller:\n  replicaCount: 2\n  service:\n    annotations:\n      service.beta.kubernetes.io/aws-load-balancer-type: \"nlb\"\n      service.beta.kubernetes.io/aws-load-balancer-internal: \"false\"  # Set to \"true\" for internal load balancer\n  externalTrafficPolicy: Local\n  resources:\n    requests:\n      cpu: 100m\n      memory: 128Mi\n    limits:\n      cpu: 500m\n      memory: 512Mi\n  metrics:\n    enabled: false\n    serviceMonitor:\n      enabled: true\n"
            ],
            "verify": false,
            "version": "4.0.1",
            "wait": true,
            "wait_for_jobs": false
          },
          "sensitive_attributes": [
            [
              {
                "type": "get_attr",
                "value": "repository_password"
              }
            ]
          ],
          "private": "eyJzY2hlbWFfdmVyc2lvbiI6IjEifQ==",
          "dependencies": [
            "data.aws_eks_cluster_auth.auth",
            "helm_release.aws_lb_controller",
            "module.eks.aws_eks_cluster.cluster",
            "module.eks.aws_iam_openid_connect_provider.cluster",
            "module.eks.aws_iam_role.aws_lb_controller_role",
            "module.eks.aws_iam_role.cluster",
            "module.eks.aws_iam_role_policy_attachment.cluster_AmazonEKSClusterPolicy",
            "module.eks.aws_iam_role_policy_attachment.cluster_AmazonEKSServicePolicy",
            "module.eks.aws_iam_role_policy_attachment.cluster_AmazonEKSVPCResourceControllerPolicy",
            "module.eks.aws_security_group.cluster",
            "module.eks.aws_security_group.worker_group_mgmt",
            "module.eks.aws_security_group_rule.cluster_egress_internet",
            "module.eks.aws_subnet.private_subnet",
            "module.eks.aws_vpc.main",
            "module.eks.data.aws_availability_zones.available",
            "module.eks.data.aws_eks_cluster.cluster",
            "module.eks.data.aws_iam_policy_document.oidc-assume-role-policy",
            "module.eks.data.tls_certificate.cluster"
          ]
        }
      ]
    },
    {
      "mode": "managed",
      "type": "kubectl_manifest",
      "name": "letsencrypt_issuer",
      "provider": "provider[\"registry.terraform.io/gavinbunney/kubectl\"]",
      "instances": [
        {
          "schema_version": 1,
          "attributes": {
            "api_version": "cert-manager.io/v1",
            "apply_only": false,
            "force_conflicts": false,
            "force_new": false,
            "id": "/apis/cert-manager.io/v1/clusterissuers/letsencrypt-prod",
            "ignore_fields": null,
            "kind": "ClusterIssuer",
            "live_manifest_incluster": "234f49a6e60cf0d6cd242c18f905200946fa540eee8957588f418e424f1e1130",
            "live_uid": "58bc8ea0-7a7b-4a2f-bffa-5e2dc0d93c1c",
            "name": "letsencrypt-prod",
            "namespace": null,
            "override_namespace": null,
            "sensitive_fields": null,
            "server_side_apply": false,
            "timeouts": null,
            "uid": "58bc8ea0-7a7b-4a2f-bffa-5e2dc0d93c1c",
            "validate_schema": true,
            "wait": null,
            "wait_for_rollout": true,
            "yaml_body": "apiVersion: cert-manager.io/v1\nkind: ClusterIssuer\nmetadata:\n  name: letsencrypt-prod\nspec:\n  acme:\n    email: \"markibaevadilet2@gmail.com\"\n    server: \"https://acme-v02.api.letsencrypt.org/directory\"\n    privateKeySecretRef:\n      name: letsencrypt-prod\n    solvers:\n    - http01:\n        ingress:\n          class: nginx\n",
            "yaml_body_parsed": "apiVersion: cert-manager.io/v1\nkind: ClusterIssuer\nmetadata:\n  name: letsencrypt-prod\nspec:\n  acme:\n    email: markibaevadilet2@gmail.com\n    privateKeySecretRef:\n      name: letsencrypt-prod\n    server: https://acme-v02.api.letsencrypt.org/directory\n    solvers:\n    - http01:\n        ingress:\n          class: nginx\n",
            "yaml_incluster": "234f49a6e60cf0d6cd242c18f905200946fa540eee8957588f418e424f1e1130"
          },
          "sensitive_attributes": [
            [
              {
                "type": "get_attr",
                "value": "yaml_incluster"
              }
            ],
            [
              {
                "type": "get_attr",
                "value": "live_manifest_incluster"
              }
            ],
            [
              {
                "type": "get_attr",
                "value": "yaml_body"
              }
            ]
          ],
          "private": "eyJlMmJmYjczMC1lY2FhLTExZTYtOGY4OC0zNDM2M2JjN2M0YzAiOnsiY3JlYXRlIjo2MDAwMDAwMDAwMDB9LCJzY2hlbWFfdmVyc2lvbiI6IjEifQ==",
          "dependencies": [
            "data.aws_eks_cluster_auth.auth",
            "helm_release.aws_lb_controller",
            "helm_release.cert_manager",
            "helm_release.nginx_ingress",
            "module.eks.aws_eks_cluster.cluster",
            "module.eks.aws_iam_openid_connect_provider.cluster",
            "module.eks.aws_iam_role.aws_lb_controller_role",
            "module.eks.aws_iam_role.cluster",
            "module.eks.aws_iam_role_policy_attachment.cluster_AmazonEKSClusterPolicy",
            "module.eks.aws_iam_role_policy_attachment.cluster_AmazonEKSServicePolicy",
            "module.eks.aws_iam_role_policy_attachment.cluster_AmazonEKSVPCResourceControllerPolicy",
            "module.eks.aws_security_group.cluster",
            "module.eks.aws_security_group.worker_group_mgmt",
            "module.eks.aws_security_group_rule.cluster_egress_internet",
            "module.eks.aws_subnet.private_subnet",
            "module.eks.aws_vpc.main",
            "module.eks.data.aws_availability_zones.available",
            "module.eks.data.aws_eks_cluster.cluster",
            "module.eks.data.aws_iam_policy_document.oidc-assume-role-policy",
            "module.eks.data.tls_certificate.cluster"
          ]
        }
      ]
    },
    {
      "mode": "managed",
      "type": "kubectl_manifest",
      "name": "tls_certificate",
      "provider": "provider[\"registry.terraform.io/gavinbunney/kubectl\"]",
      "instances": [
        {
          "schema_version": 1,
          "attributes": {
            "api_version": "cert-manager.io/v1",
            "apply_only": false,
            "force_conflicts": false,
            "force_new": false,
            "id": "/apis/cert-manager.io/v1/namespaces/nginx-ingress/certificates/cert-tls",
            "ignore_fields": null,
            "kind": "Certificate",
            "live_manifest_incluster": "3269485498743efab7c110e6fe44e5ca06854e53eb1acfc16cfa8682aeb6d034",
            "live_uid": "3800972a-9bf8-47cb-b084-2ddb30a1b652",
            "name": "cert-tls",
            "namespace": "nginx-ingress",
            "override_namespace": null,
            "sensitive_fields": null,
            "server_side_apply": false,
            "timeouts": null,
            "uid": "3800972a-9bf8-47cb-b084-2ddb30a1b652",
            "validate_schema": true,
            "wait": null,
            "wait_for_rollout": true,
            "yaml_body": "apiVersion: cert-manager.io/v1\nkind: Certificate\nmetadata:\n  name: cert-tls\n  namespace: nginx-ingress\nspec:\n  secretName: cert-tls\n  issuerRef:\n    name: letsencrypt-prod\n    kind: ClusterIssuer\n  commonName: 533267208345.realhandsonlabs.net \n  dnsNames:\n  - 533267208345.realhandsonlabs.net \n",
            "yaml_body_parsed": "apiVersion: cert-manager.io/v1\nkind: Certificate\nmetadata:\n  name: cert-tls\n  namespace: nginx-ingress\nspec:\n  commonName: 533267208345.realhandsonlabs.net\n  dnsNames:\n  - 533267208345.realhandsonlabs.net\n  issuerRef:\n    kind: ClusterIssuer\n    name: letsencrypt-prod\n  secretName: cert-tls\n",
            "yaml_incluster": "3269485498743efab7c110e6fe44e5ca06854e53eb1acfc16cfa8682aeb6d034"
          },
          "sensitive_attributes": [
            [
              {
                "type": "get_attr",
                "value": "live_manifest_incluster"
              }
            ],
            [
              {
                "type": "get_attr",
                "value": "yaml_incluster"
              }
            ],
            [
              {
                "type": "get_attr",
                "value": "yaml_body"
              }
            ]
          ],
          "private": "eyJlMmJmYjczMC1lY2FhLTExZTYtOGY4OC0zNDM2M2JjN2M0YzAiOnsiY3JlYXRlIjo2MDAwMDAwMDAwMDB9LCJzY2hlbWFfdmVyc2lvbiI6IjEifQ==",
          "dependencies": [
            "data.aws_eks_cluster_auth.auth",
            "helm_release.aws_lb_controller",
            "helm_release.cert_manager",
            "helm_release.nginx_ingress",
            "kubectl_manifest.letsencrypt_issuer",
            "module.eks.aws_eks_cluster.cluster",
            "module.eks.aws_iam_openid_connect_provider.cluster",
            "module.eks.aws_iam_role.aws_lb_controller_role",
            "module.eks.aws_iam_role.cluster",
            "module.eks.aws_iam_role_policy_attachment.cluster_AmazonEKSClusterPolicy",
            "module.eks.aws_iam_role_policy_attachment.cluster_AmazonEKSServicePolicy",
            "module.eks.aws_iam_role_policy_attachment.cluster_AmazonEKSVPCResourceControllerPolicy",
            "module.eks.aws_security_group.cluster",
            "module.eks.aws_security_group.worker_group_mgmt",
            "module.eks.aws_security_group_rule.cluster_egress_internet",
            "module.eks.aws_subnet.private_subnet",
            "module.eks.aws_vpc.main",
            "module.eks.data.aws_availability_zones.available",
            "module.eks.data.aws_eks_cluster.cluster",
            "module.eks.data.aws_iam_policy_document.oidc-assume-role-policy",
            "module.eks.data.tls_certificate.cluster"
          ]
        }
      ]
    },
    {
      "module": "module.eks",
      "mode": "data",
      "type": "aws_availability_zones",
      "name": "available",
      "provider": "provider[\"registry.terraform.io/hashicorp/aws\"]",
      "instances": [
        {
          "schema_version": 0,
          "attributes": {
            "all_availability_zones": null,
            "exclude_names": null,
            "exclude_zone_ids": null,
            "filter": null,
            "group_names": [
              "us-east-1-zg-1"
            ],
            "id": "us-east-1",
            "names": [
              "us-east-1a",
              "us-east-1b",
              "us-east-1c",
              "us-east-1d",
              "us-east-1e",
              "us-east-1f"
            ],
            "state": null,
            "timeouts": null,
            "zone_ids": [
              "use1-az1",
              "use1-az2",
              "use1-az4",
              "use1-az6",
              "use1-az3",
              "use1-az5"
            ]
          },
          "sensitive_attributes": []
        }
      ]
    },
    {
      "module": "module.eks",
      "mode": "data",
      "type": "aws_caller_identity",
      "name": "current",
      "provider": "provider[\"registry.terraform.io/hashicorp/aws\"]",
      "instances": [
        {
          "schema_version": 0,
          "attributes": {
            "account_id": "533267208345",
            "arn": "arn:aws:iam::533267208345:user/cloud_user",
            "id": "533267208345",
            "user_id": "AIDAXYKJT3CM6XO46HWVA"
          },
          "sensitive_attributes": []
        }
      ]
    },
    {
      "module": "module.eks",
      "mode": "data",
      "type": "aws_eks_cluster",
      "name": "cluster",
      "provider": "provider[\"registry.terraform.io/hashicorp/aws\"]",
      "instances": [
        {
          "schema_version": 0,
          "attributes": {
            "access_config": [
              {
                "authentication_mode": "CONFIG_MAP",
                "bootstrap_cluster_creator_admin_permissions": true
              }
            ],
            "arn": "arn:aws:eks:us-east-1:533267208345:cluster/prod-cluster",
            "certificate_authority": [
              {
                "data": "LS0tLS1CRUdJTiBDRVJUSUZJQ0FURS0tLS0tCk1JSURCVENDQWUyZ0F3SUJBZ0lJZC9iZUE5RlU0T0l3RFFZSktvWklodmNOQVFFTEJRQXdGVEVUTUJFR0ExVUUKQXhNS2EzVmlaWEp1WlhSbGN6QWVGdzB5TlRBeU1Ua3dPRE0yTVRGYUZ3MHpOVEF5TVRjd09EUXhNVEZhTUJVeApFekFSQmdOVkJBTVRDbXQxWW1WeWJtVjBaWE13Z2dFaU1BMEdDU3FHU0liM0RRRUJBUVVBQTRJQkR3QXdnZ0VLCkFvSUJBUURlMmlabEpVdGVjYWhySWhnM3J3a1FYeVZLZjVYNWJnVmJsSm5KRDZVTTRXRml5NnN4RzZpUkkwdkMKck1JTVEwNVAzUVd2ZDN1anhTaVFkcU1xdFRaTXRwclNEQVdRdlhmOUdZV1FBU2Q4YkRSeHk4akxCbzN4am40RAo2NEZrNHlCbFU4ODUyZ0R6eCtQRjJCQi9JSU10b1BIV0x2RjBscDhXK3lDNnpObHd6c0IrekZ5T25Ta0xFeE9kClpTUVlqbmZ0bGIyZ3NUdURwS0tWTFkxUUwwak8rUCtMYTlwbDc4SmM0YUtsc0o0M28wR0xvQnNvbk80R29KWUcKZU5rNytDTjQyaEtZQnlVN1RBZHFINjk5T1oyOUxaL0xMRXF4enIxNm1ldVFGczlxd0xTMXFOLzFRaWZxNzRVeQpyTlhyb3g1bHE3WU5QdytFb0JpOUtKUmJZK2hCQWdNQkFBR2pXVEJYTUE0R0ExVWREd0VCL3dRRUF3SUNwREFQCkJnTlZIUk1CQWY4RUJUQURBUUgvTUIwR0ExVWREZ1FXQkJSZW85aVUzNnFZRUlUY0pjOG4zejNGdEJNdW5UQVYKQmdOVkhSRUVEakFNZ2dwcmRXSmxjbTVsZEdWek1BMEdDU3FHU0liM0RRRUJDd1VBQTRJQkFRRFFKelR0alZuYgpjNG4wclhRbGpxaWVhcjdDL1UrRDFucDlkRjVKMENZMTVFQ2llRXc5N09xaXZlN2xyQmRuK3FPR2hoRThCRXprCll6c0lmQkowSFRLbngrY2ZMbkE1MS9NdEJQZjJ2ekJQVG5jcDFWTnRhRW5nendEMGZZaVg2cTJpUE9xQXJKS0oKeXMyRnFqbnVGbHIrWWdoKzZUQ25nK1BvT0dYa3BYbFUvNVFzZjZVa3FBMFUrQnBtTkY1TjMrTXMyMitlOEY2cwpXQWY0RGFVS21ZQXpTTlRRNFdmcGN5QTlWSWZjNnZzNWJrY010Nm1uY001bStTUkRWdllUbU1iRFVZcXdQb3FVCjl4Y1UraHpSRUI4aXphdXZHS1c2ZklDcVFUdkJCUmN6VUhEeHcxWlk4NnFUUHJxUmt6ZUxGOFR6MGxDR3BiNkkKcC9nZUpNcEFCVHlsCi0tLS0tRU5EIENFUlRJRklDQVRFLS0tLS0K"
              }
            ],
            "cluster_id": null,
            "compute_config": [],
            "created_at": "2025-02-19T08:36:24Z",
            "enabled_cluster_log_types": [],
            "endpoint": "https://B0051EA9E4CE23CA0B440D2445264320.gr7.us-east-1.eks.amazonaws.com",
            "id": "prod-cluster",
            "identity": [
              {
                "oidc": [
                  {
                    "issuer": "https://oidc.eks.us-east-1.amazonaws.com/id/B0051EA9E4CE23CA0B440D2445264320"
                  }
                ]
              }
            ],
            "kubernetes_network_config": [
              {
                "elastic_load_balancing": [
                  {
                    "enabled": false
                  }
                ],
                "ip_family": "ipv4",
                "service_ipv4_cidr": "172.20.0.0/16",
                "service_ipv6_cidr": ""
              }
            ],
            "name": "prod-cluster",
            "outpost_config": [],
            "platform_version": "eks.36",
            "remote_network_config": [],
            "role_arn": "arn:aws:iam::533267208345:role/prod-cluster-iam",
            "status": "ACTIVE",
            "storage_config": [],
            "tags": {},
            "upgrade_policy": [
              {
                "support_type": "EXTENDED"
              }
            ],
            "version": "1.28",
            "vpc_config": [
              {
                "cluster_security_group_id": "sg-0851e2589d2681517",
                "endpoint_private_access": true,
                "endpoint_public_access": true,
                "public_access_cidrs": [
                  "0.0.0.0/0"
                ],
                "security_group_ids": [
                  "sg-00a1607f57f86c2ae",
                  "sg-03a7a6ff0113b34b9"
                ],
                "subnet_ids": [
                  "subnet-0246fa486ef130476",
                  "subnet-0ebd681b9d37a48e5"
                ],
                "vpc_id": "vpc-0858602b5050b1521"
              }
            ],
            "zonal_shift_config": []
          },
          "sensitive_attributes": []
        }
      ]
    },
    {
      "module": "module.eks",
      "mode": "data",
      "type": "aws_iam_policy_document",
      "name": "oidc-assume-role-policy",
      "provider": "provider[\"registry.terraform.io/hashicorp/aws\"]",
      "instances": [
        {
          "schema_version": 0,
          "attributes": {
            "id": "3702981445",
            "json": "{\n  \"Version\": \"2012-10-17\",\n  \"Statement\": [\n    {\n      \"Effect\": \"Allow\",\n      \"Action\": \"sts:AssumeRoleWithWebIdentity\",\n      \"Principal\": {\n        \"Federated\": \"arn:aws:iam::533267208345:oidc-provider/oidc.eks.us-east-1.amazonaws.com/id/B0051EA9E4CE23CA0B440D2445264320\"\n      },\n      \"Condition\": {\n        \"StringEquals\": {\n          \"oidc.eks.us-east-1.amazonaws.com/id/B0051EA9E4CE23CA0B440D2445264320:sub\": \"system:serviceaccount:kube-system:aws-load-balancer-controller\"\n        }\n      }\n    }\n  ]\n}",
            "minified_json": "{\"Version\":\"2012-10-17\",\"Statement\":[{\"Effect\":\"Allow\",\"Action\":\"sts:AssumeRoleWithWebIdentity\",\"Principal\":{\"Federated\":\"arn:aws:iam::533267208345:oidc-provider/oidc.eks.us-east-1.amazonaws.com/id/B0051EA9E4CE23CA0B440D2445264320\"},\"Condition\":{\"StringEquals\":{\"oidc.eks.us-east-1.amazonaws.com/id/B0051EA9E4CE23CA0B440D2445264320:sub\":\"system:serviceaccount:kube-system:aws-load-balancer-controller\"}}}]}",
            "override_json": null,
            "override_policy_documents": null,
            "policy_id": null,
            "source_json": null,
            "source_policy_documents": null,
            "statement": [
              {
                "actions": [
                  "sts:AssumeRoleWithWebIdentity"
                ],
                "condition": [
                  {
                    "test": "StringEquals",
                    "values": [
                      "system:serviceaccount:kube-system:aws-load-balancer-controller"
                    ],
                    "variable": "oidc.eks.us-east-1.amazonaws.com/id/B0051EA9E4CE23CA0B440D2445264320:sub"
                  }
                ],
                "effect": "Allow",
                "not_actions": [],
                "not_principals": [],
                "not_resources": [],
                "principals": [
                  {
                    "identifiers": [
                      "arn:aws:iam::533267208345:oidc-provider/oidc.eks.us-east-1.amazonaws.com/id/B0051EA9E4CE23CA0B440D2445264320"
                    ],
                    "type": "Federated"
                  }
                ],
                "resources": [],
                "sid": ""
              }
            ],
            "version": "2012-10-17"
          },
          "sensitive_attributes": []
        }
      ]
    },
    {
      "module": "module.eks",
      "mode": "data",
      "type": "tls_certificate",
      "name": "cluster",
      "provider": "provider[\"registry.terraform.io/hashicorp/tls\"]",
      "instances": [
        {
          "schema_version": 0,
          "attributes": {
            "certificates": [
              {
                "cert_pem": "-----BEGIN CERTIFICATE-----\nMIIEdTCCA12gAwIBAgIJAKcOSkw0grd/MA0GCSqGSIb3DQEBCwUAMGgxCzAJBgNV\nBAYTAlVTMSUwIwYDVQQKExxTdGFyZmllbGQgVGVjaG5vbG9naWVzLCBJbmMuMTIw\nMAYDVQQLEylTdGFyZmllbGQgQ2xhc3MgMiBDZXJ0aWZpY2F0aW9uIEF1dGhvcml0\neTAeFw0wOTA5MDIwMDAwMDBaFw0zNDA2MjgxNzM5MTZaMIGYMQswCQYDVQQGEwJV\nUzEQMA4GA1UECBMHQXJpem9uYTETMBEGA1UEBxMKU2NvdHRzZGFsZTElMCMGA1UE\nChMcU3RhcmZpZWxkIFRlY2hub2xvZ2llcywgSW5jLjE7MDkGA1UEAxMyU3RhcmZp\nZWxkIFNlcnZpY2VzIFJvb3QgQ2VydGlmaWNhdGUgQXV0aG9yaXR5IC0gRzIwggEi\nMA0GCSqGSIb3DQEBAQUAA4IBDwAwggEKAoIBAQDVDDrEKvlO4vW+GZdfjohTsR8/\ny8+fIBNtKTrID30892t2OGPZNmCom15cAICyL1l/9of5JUOG52kbUpqQ4XHj2C0N\nTm/2yEnZtvMaVq4rtnQU68/7JuMauh2WLmo7WJSJR1b/JaCTcFOD2oR0FMNnngRo\nOt+OQFodSk7PQ5E751bWAHDLUu57fa4657wx+UX2wmDPE1kCK4DMNEffud6QZW0C\nzyyRpqbn3oUYSXxmTqM6bam17jQuug0DuDPfR+uxa40l2ZvOgdFFRjKWcIfeAg5J\nQ4W2bHO7ZOphQazJ1FTfhy/HIrImzJ9ZVGif/L4qL8RVHHVAYBeFAlU5i38FAgMB\nAAGjgfAwge0wDwYDVR0TAQH/BAUwAwEB/zAOBgNVHQ8BAf8EBAMCAYYwHQYDVR0O\nBBYEFJxfAN+qAdcwKziIorhtSpzyEZGDMB8GA1UdIwQYMBaAFL9ft9HO3R+G9FtV\nrNzXEMIOqYjnME8GCCsGAQUFBwEBBEMwQTAcBggrBgEFBQcwAYYQaHR0cDovL28u\nc3MyLnVzLzAhBggrBgEFBQcwAoYVaHR0cDovL3guc3MyLnVzL3guY2VyMCYGA1Ud\nHwQfMB0wG6AZoBeGFWh0dHA6Ly9zLnNzMi51cy9yLmNybDARBgNVHSAECjAIMAYG\nBFUdIAAwDQYJKoZIhvcNAQELBQADggEBACMd44pXyn3pF3lM8R5V/cxTbj5HD9/G\nVfKyBDbtgB9TxF00KGu+x1X8Z+rLP3+QsjPNG1gQggL4+C/1E2DUBc7xgQjB3ad1\nl08YuW3e95ORCLp+QCztweq7dp4zBncdDQh/U90bZKuCJ/Fp1U1ervShw3WnWEQt\n8jxwmKy6abaVd38PMV4s/KCHOkdp8Hlf9BRUpJVeEXgSYCfOn8J3/yNTd126/+pZ\n59vPr5KW7ySaNRB6nJHGDn2Z9j8Z3/VyVOEVqQdZe4O/Ui5GjLIAZHYcSNPYeehu\nVsyuLAOQ1xk4meTKCRlb/weWsKh/NEnfVqn3sF/tM+2MR7cwA130A4w=\n-----END CERTIFICATE-----\n",
                "is_ca": true,
                "issuer": "OU=Starfield Class 2 Certification Authority,O=Starfield Technologies\\, Inc.,C=US",
                "not_after": "2034-06-28T17:39:16Z",
                "not_before": "2009-09-02T00:00:00Z",
                "public_key_algorithm": "RSA",
                "serial_number": "12037640545166866303",
                "sha1_fingerprint": "9e99a48a9960b14926bb7f3b02e22da2b0ab7280",
                "signature_algorithm": "SHA256-RSA",
                "subject": "CN=Starfield Services Root Certificate Authority - G2,O=Starfield Technologies\\, Inc.,L=Scottsdale,ST=Arizona,C=US",
                "version": 3
              },
              {
                "cert_pem": "-----BEGIN CERTIFICATE-----\nMIIEkjCCA3qgAwIBAgITBn+USionzfP6wq4rAfkI7rnExjANBgkqhkiG9w0BAQsF\nADCBmDELMAkGA1UEBhMCVVMxEDAOBgNVBAgTB0FyaXpvbmExEzARBgNVBAcTClNj\nb3R0c2RhbGUxJTAjBgNVBAoTHFN0YXJmaWVsZCBUZWNobm9sb2dpZXMsIEluYy4x\nOzA5BgNVBAMTMlN0YXJmaWVsZCBTZXJ2aWNlcyBSb290IENlcnRpZmljYXRlIEF1\ndGhvcml0eSAtIEcyMB4XDTE1MDUyNTEyMDAwMFoXDTM3MTIzMTAxMDAwMFowOTEL\nMAkGA1UEBhMCVVMxDzANBgNVBAoTBkFtYXpvbjEZMBcGA1UEAxMQQW1hem9uIFJv\nb3QgQ0EgMTCCASIwDQYJKoZIhvcNAQEBBQADggEPADCCAQoCggEBALJ4gHHKeNXj\nca9HgFB0fW7Y14h29Jlo91ghYPl0hAEvrAIthtOgQ3pOsqTQNroBvo3bSMgHFzZM\n9O6II8c+6zf1tRn4SWiw3te5djgdYZ6k/oI2peVKVuRF4fn9tBb6dNqcmzU5L/qw\nIFAGbHrQgLKm+a/sRxmPUDgH3KKHOVj4utWp+UhnMJbulHheb4mjUcAwhmahRWa6\nVOujw5H5SNz/0egwLX0tdHA114gk957EWW67c4cX8jJGKLhD+rcdqsq08p8kDi1L\n93FcXmn/6pUCyziKrlA4b9v7LWIbxcceVOF34GfID5yHI9Y/QCB/IIDEgEw+OyQm\njgSubJrIqg0CAwEAAaOCATEwggEtMA8GA1UdEwEB/wQFMAMBAf8wDgYDVR0PAQH/\nBAQDAgGGMB0GA1UdDgQWBBSEGMyFNOy8DJSULghZnMeyEE4KCDAfBgNVHSMEGDAW\ngBScXwDfqgHXMCs4iKK4bUqc8hGRgzB4BggrBgEFBQcBAQRsMGowLgYIKwYBBQUH\nMAGGImh0dHA6Ly9vY3NwLnJvb3RnMi5hbWF6b250cnVzdC5jb20wOAYIKwYBBQUH\nMAKGLGh0dHA6Ly9jcnQucm9vdGcyLmFtYXpvbnRydXN0LmNvbS9yb290ZzIuY2Vy\nMD0GA1UdHwQ2MDQwMqAwoC6GLGh0dHA6Ly9jcmwucm9vdGcyLmFtYXpvbnRydXN0\nLmNvbS9yb290ZzIuY3JsMBEGA1UdIAQKMAgwBgYEVR0gADANBgkqhkiG9w0BAQsF\nAAOCAQEAYjdCXLwQtT6LLOkMm2xF4gcAevnFWAu5CIw+7bMlPLVvUOTNNWqnkzSW\nMiGpSESrnO09tKpzbeR/FoCJbM8oAxiDR3mjEH4wW6w7sGDgd9QIpuEdfF7Au/ma\neyKdpwAJfqxGF4PcnCZXmTA5YpaP7dreqsXMGz7KQ2hsVxa81Q4gLv7/wmpdLqBK\nbRRYh5TmOTFffHPLkIhqhBGWJ6bt2YFGpn6jcgAKUj6DiAdjd4lpFw85hdKrCEVN\n0FE6/V1dN2RMfjCyVSRCnTawXZwXgWHxyvkQAiSr6w10kY17RSlQOYiypok1JR4U\nakcjMS9cmvqtmg5iUaQqqcT5NJ0hGA==\n-----END CERTIFICATE-----\n",
                "is_ca": true,
                "issuer": "CN=Starfield Services Root Certificate Authority - G2,O=Starfield Technologies\\, Inc.,L=Scottsdale,ST=Arizona,C=US",
                "not_after": "2037-12-31T01:00:00Z",
                "not_before": "2015-05-25T12:00:00Z",
                "public_key_algorithm": "RSA",
                "serial_number": "144918191876577076464031512351042010504348870",
                "sha1_fingerprint": "06b25927c42a721631c1efd9431e648fa62e1e39",
                "signature_algorithm": "SHA256-RSA",
                "subject": "CN=Amazon Root CA 1,O=Amazon,C=US",
                "version": 3
              },
              {
                "cert_pem": "-----BEGIN CERTIFICATE-----\nMIIEXjCCA0agAwIBAgITB3MSSkvL1E7HtTvq8ZSELToPoTANBgkqhkiG9w0BAQsF\nADA5MQswCQYDVQQGEwJVUzEPMA0GA1UEChMGQW1hem9uMRkwFwYDVQQDExBBbWF6\nb24gUm9vdCBDQSAxMB4XDTIyMDgyMzIyMjUzMFoXDTMwMDgyMzIyMjUzMFowPDEL\nMAkGA1UEBhMCVVMxDzANBgNVBAoTBkFtYXpvbjEcMBoGA1UEAxMTQW1hem9uIFJT\nQSAyMDQ4IE0wMjCCASIwDQYJKoZIhvcNAQEBBQADggEPADCCAQoCggEBALtDGMZa\nqHneKei1by6+pUPPLljTB143Si6VpEWPc6mSkFhZb/6qrkZyoHlQLbDYnI2D7hD0\nsdzEqfnuAjIsuXQLG3A8TvX6V3oFNBFVe8NlLJHvBseKY88saLwufxkZVwk74g4n\nWlNMXzla9Y5F3wwRHwMVH443xGz6UtGSZSqQ94eFx5X7Tlqt8whi8qCaKdZ5rNak\n+r9nUThOeClqFd4oXych//Rc7Y0eX1KNWHYSI1Nk31mYgiK3JvH063g+K9tHA63Z\neTgKgndlh+WI+zv7i44HepRZjA1FYwYZ9Vv/9UkC5Yz8/yU65fgjaE+wVHM4e/Yy\nC2osrPWE7gJ+dXMCAwEAAaOCAVowggFWMBIGA1UdEwEB/wQIMAYBAf8CAQAwDgYD\nVR0PAQH/BAQDAgGGMB0GA1UdJQQWMBQGCCsGAQUFBwMBBggrBgEFBQcDAjAdBgNV\nHQ4EFgQUwDFSzVpQw4J8dHHOy+mc+XrrguIwHwYDVR0jBBgwFoAUhBjMhTTsvAyU\nlC4IWZzHshBOCggwewYIKwYBBQUHAQEEbzBtMC8GCCsGAQUFBzABhiNodHRwOi8v\nb2NzcC5yb290Y2ExLmFtYXpvbnRydXN0LmNvbTA6BggrBgEFBQcwAoYuaHR0cDov\nL2NydC5yb290Y2ExLmFtYXpvbnRydXN0LmNvbS9yb290Y2ExLmNlcjA/BgNVHR8E\nODA2MDSgMqAwhi5odHRwOi8vY3JsLnJvb3RjYTEuYW1hem9udHJ1c3QuY29tL3Jv\nb3RjYTEuY3JsMBMGA1UdIAQMMAowCAYGZ4EMAQIBMA0GCSqGSIb3DQEBCwUAA4IB\nAQAtTi6Fs0Azfi+iwm7jrz+CSxHH+uHl7Law3MQSXVtR8RV53PtR6r/6gNpqlzdo\nZq4FKbADi1v9Bun8RY8D51uedRfjsbeodizeBB8nXmeyD33Ep7VATj4ozcd31YFV\nfgRhvTSxNrrTlNpWkUk0m3BMPv8sg381HhA6uEYokE5q9uws/3YkKqRiEz3TsaWm\nJqIRZhMbgAfp7O7FUwFIb7UIspogZSKxPIWJpxiPo3TcBambbVtQOcNRWz5qCQdD\nslI2yayq0n2TXoHyNCLEH8rpsJRVILFsg0jc7BaFrMnF462+ajSehgj12IidNeRN\n4zl+EoNaWdpnWndvSpAEkq2P\n-----END CERTIFICATE-----\n",
                "is_ca": true,
                "issuer": "CN=Amazon Root CA 1,O=Amazon,C=US",
                "not_after": "2030-08-23T22:25:30Z",
                "not_before": "2022-08-23T22:25:30Z",
                "public_key_algorithm": "RSA",
                "serial_number": "166129353110899469622597955040406457904926625",
                "sha1_fingerprint": "414a2060b738c635cc7fc243e052615592830c53",
                "signature_algorithm": "SHA256-RSA",
                "subject": "CN=Amazon RSA 2048 M02,O=Amazon,C=US",
                "version": 3
              },
              {
                "cert_pem": "-----BEGIN CERTIFICATE-----\nMIIF5TCCBM2gAwIBAgIQCJL9XGbawpZ6IsGGvDqdyDANBgkqhkiG9w0BAQsFADA8\nMQswCQYDVQQGEwJVUzEPMA0GA1UEChMGQW1hem9uMRwwGgYDVQQDExNBbWF6b24g\nUlNBIDIwNDggTTAyMB4XDTI0MDMyODAwMDAwMFoXDTI1MDQyNjIzNTk1OVowKDEm\nMCQGA1UEAwwdKi5la3MudXMtZWFzdC0xLmFtYXpvbmF3cy5jb20wggEiMA0GCSqG\nSIb3DQEBAQUAA4IBDwAwggEKAoIBAQC4iVpgxjgOmMKdC2tYTHa9yzuuLdYCjpC6\nxN1VgI71uTiSxUGf6R3N/Rdk5vjz2COu3fsVgMh6cCpqrPlxU/5uP0/DFfQGdVxB\nbZ4vYRC9jIbgyKmwqOEJMD/9B3iGHz3KpBpnXDcuulqWsCtuuqxjnMLL4h1UdOeA\nPNwhOyQxKMHl+LfrCZeCuehKch+XM/8lhdKgYyLp8o1Nm7IsNG1aN6iNoZ6rxEyU\nVw6fV+pZDaIrxkYf7unQrAfUWR122pXGzWRtv5VGZLjrci8ev4ZpgGViIzb2LOqT\nFm8gde6aURlAm4uMDFzmZ/iOqEV+52vO9Z0E6Yo5M3dJZqQo7uUpAgMBAAGjggL1\nMIIC8TAfBgNVHSMEGDAWgBTAMVLNWlDDgnx0cc7L6Zz5euuC4jAdBgNVHQ4EFgQU\nhG1ZDKa76htLZVXP+E3P3GnYHjEwKAYDVR0RBCEwH4IdKi5la3MudXMtZWFzdC0x\nLmFtYXpvbmF3cy5jb20wEwYDVR0gBAwwCjAIBgZngQwBAgEwDgYDVR0PAQH/BAQD\nAgWgMB0GA1UdJQQWMBQGCCsGAQUFBwMBBggrBgEFBQcDAjA7BgNVHR8ENDAyMDCg\nLqAshipodHRwOi8vY3JsLnIybTAyLmFtYXpvbnRydXN0LmNvbS9yMm0wMi5jcmww\ndQYIKwYBBQUHAQEEaTBnMC0GCCsGAQUFBzABhiFodHRwOi8vb2NzcC5yMm0wMi5h\nbWF6b250cnVzdC5jb20wNgYIKwYBBQUHMAKGKmh0dHA6Ly9jcnQucjJtMDIuYW1h\nem9udHJ1c3QuY29tL3IybTAyLmNlcjAMBgNVHRMBAf8EAjAAMIIBfQYKKwYBBAHW\neQIEAgSCAW0EggFpAWcAdgDPEVbu1S58r/OHW9lpLpvpGnFnSrAX7KwB0lt3zsw7\nCAAAAY6HAoTcAAAEAwBHMEUCIHI392+k5Ds777nM4CwNr+xjjCr49CQ/vHIJDZJX\nokM7AiEA++VPDyyMLijPy0GR8ZBIvAcrYbjfJXTF3GkizeJLVJIAdgB9WR4S4Xgq\nexxhZ3xe/fjQh1wUoE6VnrkDL9kOjC55uAAAAY6HAoTeAAAEAwBHMEUCICBkhMaf\n9gdR3bCbLxXFbHNEXUh7t3P/SxaUKDcE6UmIAiEA25zZ9aBt/mrhDcMc155V8qnw\nadTEqttLdP4XMEmMsPAAdQDm0jFjQHeMwRBBBtdxuc7B0kD2loSG+7qHMh39HjeO\nUAAAAY6HAoTxAAAEAwBGMEQCIFFF4kpqcNgHFzRi2cnL4HbNApZlnlc+Re9IyYXi\nCldqAiBkZUgs12iu2uWGU97VUAICt2+zZkhjUV3i+O3kYh1yrTANBgkqhkiG9w0B\nAQsFAAOCAQEAWY5OxR7rWtYFS09xAYYIHlBF7wdUxQH60zi/IqAHZIRCFI1xHdsJ\n0BUv30lLyiGtVr4DheBo81/IErBRpXmSkdoDJA+5d/Jz3EFtbrVogjESALAgBfSG\nuJX0QLshjyTl9O2r00qkxIhbKmSPSl9JQVxqt2jTaB6pD3SjWX6U+l397Ns1L6pI\nb1418oVo7LeHwEeEx6APMIyjzlfcXdCHA6lVKeiNF8SH+QW+h6ZOpGXJIU6llBjg\nWAhscqrGRj1APpuKWGVkVCweAjIOcEuWV8Fqmfp1h9jmeUkG6SoBifrl41PvhK0o\nqQ3LlAF6Op6n7JLa2rlXkf6LienZDVlSuQ==\n-----END CERTIFICATE-----\n",
                "is_ca": false,
                "issuer": "CN=Amazon RSA 2048 M02,O=Amazon,C=US",
                "not_after": "2025-04-26T23:59:59Z",
                "not_before": "2024-03-28T00:00:00Z",
                "public_key_algorithm": "RSA",
                "serial_number": "11397038078078022747295509550808604104",
                "sha1_fingerprint": "9451ad2b53c7f41fab22886cc07d482085336561",
                "signature_algorithm": "SHA256-RSA",
                "subject": "CN=*.eks.us-east-1.amazonaws.com",
                "version": 3
              }
            ],
            "content": null,
            "id": "99d41e43229a4cdaf4141f3e8310e6d95c31dab9",
            "url": "https://oidc.eks.us-east-1.amazonaws.com/id/B0051EA9E4CE23CA0B440D2445264320",
            "verify_chain": true
          },
          "sensitive_attributes": []
        }
      ]
    },
    {
      "module": "module.eks",
      "mode": "managed",
      "type": "aws_eip",
      "name": "nat_gtw",
      "provider": "provider[\"registry.terraform.io/hashicorp/aws\"]",
      "instances": [
        {
          "index_key": 0,
          "schema_version": 0,
          "attributes": {
            "address": null,
            "allocation_id": "eipalloc-0d41e3cd9e437539f",
            "arn": "arn:aws:ec2:us-east-1:533267208345:elastic-ip/eipalloc-0d41e3cd9e437539f",
            "associate_with_private_ip": null,
            "association_id": "eipassoc-05e07e55bd34cf7db",
            "carrier_ip": "",
            "customer_owned_ip": "",
            "customer_owned_ipv4_pool": "",
            "domain": "vpc",
            "id": "eipalloc-0d41e3cd9e437539f",
            "instance": "",
            "ipam_pool_id": null,
            "network_border_group": "us-east-1",
            "network_interface": "eni-094f2f66fab8733bf",
            "private_dns": "ip-10-0-1-109.ec2.internal",
            "private_ip": "10.0.1.109",
            "ptr_record": "",
            "public_dns": "ec2-54-162-127-114.compute-1.amazonaws.com",
            "public_ip": "54.162.127.114",
            "public_ipv4_pool": "amazon",
            "tags": {
              "Name": "prod-eip-1"
            },
            "tags_all": {
              "Name": "prod-eip-1"
            },
            "timeouts": null,
            "vpc": true
          },
          "sensitive_attributes": [],
          "private": "eyJlMmJmYjczMC1lY2FhLTExZTYtOGY4OC0zNDM2M2JjN2M0YzAiOnsiZGVsZXRlIjoxODAwMDAwMDAwMDAsInJlYWQiOjkwMDAwMDAwMDAwMCwidXBkYXRlIjozMDAwMDAwMDAwMDB9fQ=="
        },
        {
          "index_key": 1,
          "schema_version": 0,
          "attributes": {
            "address": null,
            "allocation_id": "eipalloc-02cabf6a63710e53f",
            "arn": "arn:aws:ec2:us-east-1:533267208345:elastic-ip/eipalloc-02cabf6a63710e53f",
            "associate_with_private_ip": null,
            "association_id": "eipassoc-0bc7f59982aee773d",
            "carrier_ip": "",
            "customer_owned_ip": "",
            "customer_owned_ipv4_pool": "",
            "domain": "vpc",
            "id": "eipalloc-02cabf6a63710e53f",
            "instance": "",
            "ipam_pool_id": null,
            "network_border_group": "us-east-1",
            "network_interface": "eni-013126799dcc6e4ca",
            "private_dns": "ip-10-0-2-22.ec2.internal",
            "private_ip": "10.0.2.22",
            "ptr_record": "",
            "public_dns": "ec2-18-233-201-190.compute-1.amazonaws.com",
            "public_ip": "18.233.201.190",
            "public_ipv4_pool": "amazon",
            "tags": {
              "Name": "prod-eip-2"
            },
            "tags_all": {
              "Name": "prod-eip-2"
            },
            "timeouts": null,
            "vpc": true
          },
          "sensitive_attributes": [],
          "private": "eyJlMmJmYjczMC1lY2FhLTExZTYtOGY4OC0zNDM2M2JjN2M0YzAiOnsiZGVsZXRlIjoxODAwMDAwMDAwMDAsInJlYWQiOjkwMDAwMDAwMDAwMCwidXBkYXRlIjozMDAwMDAwMDAwMDB9fQ=="
        }
      ]
    },
    {
      "module": "module.eks",
      "mode": "managed",
      "type": "aws_eks_cluster",
      "name": "cluster",
      "provider": "provider[\"registry.terraform.io/hashicorp/aws\"]",
      "instances": [
        {
          "schema_version": 1,
          "attributes": {
            "access_config": [
              {
                "authentication_mode": "CONFIG_MAP",
                "bootstrap_cluster_creator_admin_permissions": true
              }
            ],
            "arn": "arn:aws:eks:us-east-1:533267208345:cluster/prod-cluster",
            "bootstrap_self_managed_addons": true,
            "certificate_authority": [
              {
                "data": "LS0tLS1CRUdJTiBDRVJUSUZJQ0FURS0tLS0tCk1JSURCVENDQWUyZ0F3SUJBZ0lJZC9iZUE5RlU0T0l3RFFZSktvWklodmNOQVFFTEJRQXdGVEVUTUJFR0ExVUUKQXhNS2EzVmlaWEp1WlhSbGN6QWVGdzB5TlRBeU1Ua3dPRE0yTVRGYUZ3MHpOVEF5TVRjd09EUXhNVEZhTUJVeApFekFSQmdOVkJBTVRDbXQxWW1WeWJtVjBaWE13Z2dFaU1BMEdDU3FHU0liM0RRRUJBUVVBQTRJQkR3QXdnZ0VLCkFvSUJBUURlMmlabEpVdGVjYWhySWhnM3J3a1FYeVZLZjVYNWJnVmJsSm5KRDZVTTRXRml5NnN4RzZpUkkwdkMKck1JTVEwNVAzUVd2ZDN1anhTaVFkcU1xdFRaTXRwclNEQVdRdlhmOUdZV1FBU2Q4YkRSeHk4akxCbzN4am40RAo2NEZrNHlCbFU4ODUyZ0R6eCtQRjJCQi9JSU10b1BIV0x2RjBscDhXK3lDNnpObHd6c0IrekZ5T25Ta0xFeE9kClpTUVlqbmZ0bGIyZ3NUdURwS0tWTFkxUUwwak8rUCtMYTlwbDc4SmM0YUtsc0o0M28wR0xvQnNvbk80R29KWUcKZU5rNytDTjQyaEtZQnlVN1RBZHFINjk5T1oyOUxaL0xMRXF4enIxNm1ldVFGczlxd0xTMXFOLzFRaWZxNzRVeQpyTlhyb3g1bHE3WU5QdytFb0JpOUtKUmJZK2hCQWdNQkFBR2pXVEJYTUE0R0ExVWREd0VCL3dRRUF3SUNwREFQCkJnTlZIUk1CQWY4RUJUQURBUUgvTUIwR0ExVWREZ1FXQkJSZW85aVUzNnFZRUlUY0pjOG4zejNGdEJNdW5UQVYKQmdOVkhSRUVEakFNZ2dwcmRXSmxjbTVsZEdWek1BMEdDU3FHU0liM0RRRUJDd1VBQTRJQkFRRFFKelR0alZuYgpjNG4wclhRbGpxaWVhcjdDL1UrRDFucDlkRjVKMENZMTVFQ2llRXc5N09xaXZlN2xyQmRuK3FPR2hoRThCRXprCll6c0lmQkowSFRLbngrY2ZMbkE1MS9NdEJQZjJ2ekJQVG5jcDFWTnRhRW5nendEMGZZaVg2cTJpUE9xQXJKS0oKeXMyRnFqbnVGbHIrWWdoKzZUQ25nK1BvT0dYa3BYbFUvNVFzZjZVa3FBMFUrQnBtTkY1TjMrTXMyMitlOEY2cwpXQWY0RGFVS21ZQXpTTlRRNFdmcGN5QTlWSWZjNnZzNWJrY010Nm1uY001bStTUkRWdllUbU1iRFVZcXdQb3FVCjl4Y1UraHpSRUI4aXphdXZHS1c2ZklDcVFUdkJCUmN6VUhEeHcxWlk4NnFUUHJxUmt6ZUxGOFR6MGxDR3BiNkkKcC9nZUpNcEFCVHlsCi0tLS0tRU5EIENFUlRJRklDQVRFLS0tLS0K"
              }
            ],
            "cluster_id": null,
            "compute_config": [],
            "created_at": "2025-02-19T08:36:24Z",
            "enabled_cluster_log_types": [],
            "encryption_config": [],
            "endpoint": "https://B0051EA9E4CE23CA0B440D2445264320.gr7.us-east-1.eks.amazonaws.com",
            "id": "prod-cluster",
            "identity": [
              {
                "oidc": [
                  {
                    "issuer": "https://oidc.eks.us-east-1.amazonaws.com/id/B0051EA9E4CE23CA0B440D2445264320"
                  }
                ]
              }
            ],
            "kubernetes_network_config": [
              {
                "elastic_load_balancing": [
                  {
                    "enabled": false
                  }
                ],
                "ip_family": "ipv4",
                "service_ipv4_cidr": "172.20.0.0/16",
                "service_ipv6_cidr": ""
              }
            ],
            "name": "prod-cluster",
            "outpost_config": [],
            "platform_version": "eks.36",
            "remote_network_config": [],
            "role_arn": "arn:aws:iam::533267208345:role/prod-cluster-iam",
            "status": "ACTIVE",
            "storage_config": [],
            "tags": {},
            "tags_all": {},
            "timeouts": null,
            "upgrade_policy": [
              {
                "support_type": "EXTENDED"
              }
            ],
            "version": "1.28",
            "vpc_config": [
              {
                "cluster_security_group_id": "sg-0851e2589d2681517",
                "endpoint_private_access": true,
                "endpoint_public_access": true,
                "public_access_cidrs": [
                  "0.0.0.0/0"
                ],
                "security_group_ids": [
                  "sg-00a1607f57f86c2ae",
                  "sg-03a7a6ff0113b34b9"
                ],
                "subnet_ids": [
                  "subnet-0246fa486ef130476",
                  "subnet-0ebd681b9d37a48e5"
                ],
                "vpc_id": "vpc-0858602b5050b1521"
              }
            ],
            "zonal_shift_config": []
          },
          "sensitive_attributes": [],
          "private": "eyJlMmJmYjczMC1lY2FhLTExZTYtOGY4OC0zNDM2M2JjN2M0YzAiOnsiY3JlYXRlIjoxODAwMDAwMDAwMDAwLCJkZWxldGUiOjkwMDAwMDAwMDAwMCwidXBkYXRlIjozNjAwMDAwMDAwMDAwfSwic2NoZW1hX3ZlcnNpb24iOiIxIn0=",
          "dependencies": [
            "module.eks.aws_iam_role.cluster",
            "module.eks.aws_iam_role_policy_attachment.cluster_AmazonEKSClusterPolicy",
            "module.eks.aws_iam_role_policy_attachment.cluster_AmazonEKSServicePolicy",
            "module.eks.aws_iam_role_policy_attachment.cluster_AmazonEKSVPCResourceControllerPolicy",
            "module.eks.aws_security_group.cluster",
            "module.eks.aws_security_group.worker_group_mgmt",
            "module.eks.aws_security_group_rule.cluster_egress_internet",
            "module.eks.aws_subnet.private_subnet",
            "module.eks.aws_vpc.main",
            "module.eks.data.aws_availability_zones.available"
          ],
          "create_before_destroy": true
        }
      ]
    },
    {
      "module": "module.eks",
      "mode": "managed",
      "type": "aws_eks_node_group",
      "name": "workers",
      "provider": "provider[\"registry.terraform.io/hashicorp/aws\"]",
      "instances": [
        {
          "index_key": "5/2",
          "schema_version": 0,
          "attributes": {
            "ami_type": "AL2_x86_64",
            "arn": "arn:aws:eks:us-east-1:533267208345:nodegroup/prod-cluster/prod-node-group-1/8eca8eb1-18da-a3d8-7c2c-7c7b55f51b27",
            "capacity_type": "ON_DEMAND",
            "cluster_name": "prod-cluster",
            "disk_size": 20,
            "force_update_version": null,
            "id": "prod-cluster:prod-node-group-1",
            "instance_types": [
              "t3.medium"
            ],
            "labels": {},
            "launch_template": [],
            "node_group_name": "prod-node-group-1",
            "node_group_name_prefix": "",
            "node_repair_config": [],
            "node_role_arn": "arn:aws:iam::533267208345:role/prod-eks-node",
            "release_version": "1.28.15-20250212",
            "remote_access": [],
            "resources": [
              {
                "autoscaling_groups": [
                  {
                    "name": "eks-prod-node-group-1-8eca8eb1-18da-a3d8-7c2c-7c7b55f51b27"
                  }
                ],
                "remote_access_security_group_id": ""
              }
            ],
            "scaling_config": [
              {
                "desired_size": 3,
                "max_size": 5,
                "min_size": 2
              }
            ],
            "status": "ACTIVE",
            "subnet_ids": [
              "subnet-0246fa486ef130476",
              "subnet-027ab7b1968e8cbfe",
              "subnet-085108eb7ba754239",
              "subnet-0ebd681b9d37a48e5"
            ],
            "tags": {
              "Name": "prod-node-group-1"
            },
            "tags_all": {
              "Name": "prod-node-group-1"
            },
            "taint": [],
            "timeouts": null,
            "update_config": [
              {
                "max_unavailable": 1,
                "max_unavailable_percentage": 0
              }
            ],
            "version": "1.28"
          },
          "sensitive_attributes": [],
          "private": "eyJlMmJmYjczMC1lY2FhLTExZTYtOGY4OC0zNDM2M2JjN2M0YzAiOnsiY3JlYXRlIjozNjAwMDAwMDAwMDAwLCJkZWxldGUiOjM2MDAwMDAwMDAwMDAsInVwZGF0ZSI6MzYwMDAwMDAwMDAwMH19",
          "dependencies": [
            "module.eks.aws_eks_cluster.cluster",
            "module.eks.aws_iam_role.cluster",
            "module.eks.aws_iam_role.eks_node",
            "module.eks.aws_iam_role_policy_attachment.cluster_AmazonEKSClusterPolicy",
            "module.eks.aws_iam_role_policy_attachment.cluster_AmazonEKSServicePolicy",
            "module.eks.aws_iam_role_policy_attachment.cluster_AmazonEKSVPCResourceControllerPolicy",
            "module.eks.aws_iam_role_policy_attachment.eks_node",
            "module.eks.aws_iam_role_policy_attachment.eks_node_AmazonEKSWorkerNodePolicy",
            "module.eks.aws_iam_role_policy_attachment.eks_node_AmazonEKS_CNI_Policy",
            "module.eks.aws_security_group.cluster",
            "module.eks.aws_security_group.worker_group_mgmt",
            "module.eks.aws_security_group_rule.cluster_egress_internet",
            "module.eks.aws_subnet.private_subnet",
            "module.eks.aws_subnet.public_subnet",
            "module.eks.aws_vpc.main",
            "module.eks.data.aws_availability_zones.available"
          ],
          "create_before_destroy": true
        }
      ]
    },
    {
      "module": "module.eks",
      "mode": "managed",
      "type": "aws_iam_openid_connect_provider",
      "name": "cluster",
      "provider": "provider[\"registry.terraform.io/hashicorp/aws\"]",
      "instances": [
        {
          "schema_version": 0,
          "attributes": {
            "arn": "arn:aws:iam::533267208345:oidc-provider/oidc.eks.us-east-1.amazonaws.com/id/B0051EA9E4CE23CA0B440D2445264320",
            "client_id_list": [
              "sts.amazonaws.com"
            ],
            "id": "arn:aws:iam::533267208345:oidc-provider/oidc.eks.us-east-1.amazonaws.com/id/B0051EA9E4CE23CA0B440D2445264320",
            "tags": {},
            "tags_all": {},
            "thumbprint_list": [
              "9e99a48a9960b14926bb7f3b02e22da2b0ab7280"
            ],
            "url": "oidc.eks.us-east-1.amazonaws.com/id/B0051EA9E4CE23CA0B440D2445264320"
          },
          "sensitive_attributes": [],
          "private": "bnVsbA==",
          "dependencies": [
            "module.eks.aws_eks_cluster.cluster",
            "module.eks.aws_iam_role.cluster",
            "module.eks.aws_iam_role_policy_attachment.cluster_AmazonEKSClusterPolicy",
            "module.eks.aws_iam_role_policy_attachment.cluster_AmazonEKSServicePolicy",
            "module.eks.aws_iam_role_policy_attachment.cluster_AmazonEKSVPCResourceControllerPolicy",
            "module.eks.aws_security_group.cluster",
            "module.eks.aws_security_group.worker_group_mgmt",
            "module.eks.aws_security_group_rule.cluster_egress_internet",
            "module.eks.aws_subnet.private_subnet",
            "module.eks.aws_vpc.main",
            "module.eks.data.aws_availability_zones.available",
            "module.eks.data.aws_eks_cluster.cluster",
            "module.eks.data.tls_certificate.cluster"
          ]
        }
      ]
    },
    {
      "module": "module.eks",
      "mode": "managed",
      "type": "aws_iam_policy",
      "name": "additional",
      "provider": "provider[\"registry.terraform.io/hashicorp/aws\"]",
      "instances": [
        {
          "schema_version": 0,
          "attributes": {
            "arn": "arn:aws:iam::533267208345:policy/prod-cluster-additional",
            "attachment_count": 0,
            "description": "prod-cluster additional policies",
            "id": "arn:aws:iam::533267208345:policy/prod-cluster-additional",
            "name": "prod-cluster-additional",
            "name_prefix": "",
            "path": "/",
            "policy": "{\"Statement\":[{\"Action\":[\"ec2:DescribeLaunchTemplateVersions\",\"autoscaling:DescribeTags\",\"autoscaling:DescribeLaunchConfigurations\",\"autoscaling:DescribeAutoScalingInstances\",\"autoscaling:DescribeAutoScalingGroups\"],\"Effect\":\"Allow\",\"Resource\":\"*\",\"Sid\":\"clusterAutoscalerAll\"},{\"Action\":[\"autoscaling:UpdateAutoScalingGroup\",\"autoscaling:TerminateInstanceInAutoScalingGroup\",\"autoscaling:SetDesiredCapacity\"],\"Condition\":{\"StringEquals\":{\"autoscaling:ResourceTag/k8s.io/cluster-autoscaler/enabled\":[\"true\"],\"autoscaling:ResourceTag/kubernetes.io/cluster/prod-cluster\":[\"owned\"]}},\"Effect\":\"Allow\",\"Resource\":\"*\",\"Sid\":\"clusterAutoscalerOwn\"},{\"Action\":[\"ec2:AttachVolume\",\"ec2:CreateSnapshot\",\"ec2:CreateTags\",\"ec2:CreateVolume\",\"ec2:DeleteSnapshot\",\"ec2:DeleteTags\",\"ec2:DeleteVolume\",\"ec2:DescribeInstances\",\"ec2:DescribeSnapshots\",\"ec2:DescribeTags\",\"ec2:DescribeVolumes\",\"ec2:DetachVolume\"],\"Effect\":\"Allow\",\"Resource\":\"*\",\"Sid\":\"ebsAllow\"}],\"Version\":\"2012-10-17\"}",
            "policy_id": "ANPAXYKJT3CMSY5OOANGI",
            "tags": {},
            "tags_all": {}
          },
          "sensitive_attributes": [],
          "private": "bnVsbA=="
        }
      ]
    },
    {
      "module": "module.eks",
      "mode": "managed",
      "type": "aws_iam_policy",
      "name": "aws_lb_controller",
      "provider": "provider[\"registry.terraform.io/hashicorp/aws\"]",
      "instances": [
        {
          "schema_version": 0,
          "attributes": {
            "arn": "arn:aws:iam::533267208345:policy/AWSLoadBalancerControllerIAMPolicy",
            "attachment_count": 1,
            "description": "IAM policy for AWS Load Balancer Controller",
            "id": "arn:aws:iam::533267208345:policy/AWSLoadBalancerControllerIAMPolicy",
            "name": "AWSLoadBalancerControllerIAMPolicy",
            "name_prefix": "",
            "path": "/",
            "policy": "{\"Statement\":[{\"Action\":[\"iam:CreateServiceLinkedRole\"],\"Condition\":{\"StringEquals\":{\"iam:AWSServiceName\":\"elasticloadbalancing.amazonaws.com\"}},\"Effect\":\"Allow\",\"Resource\":\"*\"},{\"Action\":[\"ec2:DescribeAccountAttributes\",\"ec2:DescribeAddresses\",\"ec2:DescribeAvailabilityZones\",\"ec2:DescribeInternetGateways\",\"ec2:DescribeVpcs\",\"ec2:DescribeVpcPeeringConnections\",\"ec2:DescribeSubnets\",\"ec2:DescribeSecurityGroups\",\"ec2:DescribeInstances\",\"ec2:DescribeNetworkInterfaces\",\"ec2:DescribeTags\",\"ec2:GetCoipPoolUsage\",\"ec2:DescribeCoipPools\",\"ec2:GetSecurityGroupsForVpc\",\"elasticloadbalancing:DescribeLoadBalancers\",\"elasticloadbalancing:DescribeLoadBalancerAttributes\",\"elasticloadbalancing:DescribeListeners\",\"elasticloadbalancing:DescribeListenerCertificates\",\"elasticloadbalancing:DescribeSSLPolicies\",\"elasticloadbalancing:DescribeRules\",\"elasticloadbalancing:DescribeTargetGroups\",\"elasticloadbalancing:DescribeTargetGroupAttributes\",\"elasticloadbalancing:DescribeTargetHealth\",\"elasticloadbalancing:DescribeTags\",\"elasticloadbalancing:DescribeTrustStores\",\"elasticloadbalancing:DescribeListenerAttributes\",\"elasticloadbalancing:DescribeCapacityReservation\"],\"Effect\":\"Allow\",\"Resource\":\"*\"},{\"Action\":[\"cognito-idp:DescribeUserPoolClient\",\"acm:ListCertificates\",\"acm:DescribeCertificate\",\"iam:ListServerCertificates\",\"iam:GetServerCertificate\",\"waf-regional:GetWebACL\",\"waf-regional:GetWebACLForResource\",\"waf-regional:AssociateWebACL\",\"waf-regional:DisassociateWebACL\",\"wafv2:GetWebACL\",\"wafv2:GetWebACLForResource\",\"wafv2:AssociateWebACL\",\"wafv2:DisassociateWebACL\",\"shield:GetSubscriptionState\",\"shield:DescribeProtection\",\"shield:CreateProtection\",\"shield:DeleteProtection\"],\"Effect\":\"Allow\",\"Resource\":\"*\"},{\"Action\":[\"ec2:AuthorizeSecurityGroupIngress\",\"ec2:RevokeSecurityGroupIngress\"],\"Effect\":\"Allow\",\"Resource\":\"*\"},{\"Action\":[\"ec2:CreateSecurityGroup\"],\"Effect\":\"Allow\",\"Resource\":\"*\"},{\"Action\":[\"ec2:CreateTags\"],\"Condition\":{\"Null\":{\"aws:RequestTag/elbv2.k8s.aws/cluster\":\"false\"},\"StringEquals\":{\"ec2:CreateAction\":\"CreateSecurityGroup\"}},\"Effect\":\"Allow\",\"Resource\":\"arn:aws:ec2:*:*:security-group/*\"},{\"Action\":[\"ec2:CreateTags\",\"ec2:DeleteTags\"],\"Condition\":{\"Null\":{\"aws:RequestTag/elbv2.k8s.aws/cluster\":\"true\",\"aws:ResourceTag/elbv2.k8s.aws/cluster\":\"false\"}},\"Effect\":\"Allow\",\"Resource\":\"arn:aws:ec2:*:*:security-group/*\"},{\"Action\":[\"ec2:AuthorizeSecurityGroupIngress\",\"ec2:RevokeSecurityGroupIngress\",\"ec2:DeleteSecurityGroup\"],\"Condition\":{\"Null\":{\"aws:ResourceTag/elbv2.k8s.aws/cluster\":\"false\"}},\"Effect\":\"Allow\",\"Resource\":\"*\"},{\"Action\":[\"elasticloadbalancing:CreateLoadBalancer\",\"elasticloadbalancing:CreateTargetGroup\"],\"Condition\":{\"Null\":{\"aws:RequestTag/elbv2.k8s.aws/cluster\":\"false\"}},\"Effect\":\"Allow\",\"Resource\":\"*\"},{\"Action\":[\"elasticloadbalancing:CreateListener\",\"elasticloadbalancing:DeleteListener\",\"elasticloadbalancing:CreateRule\",\"elasticloadbalancing:DeleteRule\"],\"Effect\":\"Allow\",\"Resource\":\"*\"},{\"Action\":[\"elasticloadbalancing:AddTags\",\"elasticloadbalancing:RemoveTags\"],\"Condition\":{\"Null\":{\"aws:RequestTag/elbv2.k8s.aws/cluster\":\"true\",\"aws:ResourceTag/elbv2.k8s.aws/cluster\":\"false\"}},\"Effect\":\"Allow\",\"Resource\":[\"arn:aws:elasticloadbalancing:*:*:targetgroup/*/*\",\"arn:aws:elasticloadbalancing:*:*:loadbalancer/net/*/*\",\"arn:aws:elasticloadbalancing:*:*:loadbalancer/app/*/*\"]},{\"Action\":[\"elasticloadbalancing:AddTags\",\"elasticloadbalancing:RemoveTags\"],\"Effect\":\"Allow\",\"Resource\":[\"arn:aws:elasticloadbalancing:*:*:listener/net/*/*/*\",\"arn:aws:elasticloadbalancing:*:*:listener/app/*/*/*\",\"arn:aws:elasticloadbalancing:*:*:listener-rule/net/*/*/*\",\"arn:aws:elasticloadbalancing:*:*:listener-rule/app/*/*/*\"]},{\"Action\":[\"elasticloadbalancing:ModifyLoadBalancerAttributes\",\"elasticloadbalancing:SetIpAddressType\",\"elasticloadbalancing:SetSecurityGroups\",\"elasticloadbalancing:SetSubnets\",\"elasticloadbalancing:DeleteLoadBalancer\",\"elasticloadbalancing:ModifyTargetGroup\",\"elasticloadbalancing:ModifyTargetGroupAttributes\",\"elasticloadbalancing:DeleteTargetGroup\",\"elasticloadbalancing:ModifyListenerAttributes\",\"elasticloadbalancing:ModifyCapacityReservation\"],\"Condition\":{\"Null\":{\"aws:ResourceTag/elbv2.k8s.aws/cluster\":\"false\"}},\"Effect\":\"Allow\",\"Resource\":\"*\"},{\"Action\":[\"elasticloadbalancing:AddTags\"],\"Condition\":{\"Null\":{\"aws:RequestTag/elbv2.k8s.aws/cluster\":\"false\"},\"StringEquals\":{\"elasticloadbalancing:CreateAction\":[\"CreateTargetGroup\",\"CreateLoadBalancer\"]}},\"Effect\":\"Allow\",\"Resource\":[\"arn:aws:elasticloadbalancing:*:*:targetgroup/*/*\",\"arn:aws:elasticloadbalancing:*:*:loadbalancer/net/*/*\",\"arn:aws:elasticloadbalancing:*:*:loadbalancer/app/*/*\"]},{\"Action\":[\"elasticloadbalancing:RegisterTargets\",\"elasticloadbalancing:DeregisterTargets\"],\"Effect\":\"Allow\",\"Resource\":\"arn:aws:elasticloadbalancing:*:*:targetgroup/*/*\"},{\"Action\":[\"elasticloadbalancing:SetWebAcl\",\"elasticloadbalancing:ModifyListener\",\"elasticloadbalancing:AddListenerCertificates\",\"elasticloadbalancing:RemoveListenerCertificates\",\"elasticloadbalancing:ModifyRule\"],\"Effect\":\"Allow\",\"Resource\":\"*\"}],\"Version\":\"2012-10-17\"}",
            "policy_id": "ANPAXYKJT3CMQGYSD6ASD",
            "tags": {},
            "tags_all": {}
          },
          "sensitive_attributes": [],
          "private": "bnVsbA=="
        }
      ]
    },
    {
      "module": "module.eks",
      "mode": "managed",
      "type": "aws_iam_role",
      "name": "aws_lb_controller_role",
      "provider": "provider[\"registry.terraform.io/hashicorp/aws\"]",
      "instances": [
        {
          "schema_version": 0,
          "attributes": {
            "arn": "arn:aws:iam::533267208345:role/AWSLoadBalancerControllerRole",
            "assume_role_policy": "{\"Statement\":[{\"Action\":\"sts:AssumeRoleWithWebIdentity\",\"Condition\":{\"StringEquals\":{\"oidc.eks.us-east-1.amazonaws.com/id/B0051EA9E4CE23CA0B440D2445264320:sub\":\"system:serviceaccount:kube-system:aws-load-balancer-controller\"}},\"Effect\":\"Allow\",\"Principal\":{\"Federated\":\"arn:aws:iam::533267208345:oidc-provider/oidc.eks.us-east-1.amazonaws.com/id/B0051EA9E4CE23CA0B440D2445264320\"}}],\"Version\":\"2012-10-17\"}",
            "create_date": "2025-02-19T08:45:31Z",
            "description": "",
            "force_detach_policies": false,
            "id": "AWSLoadBalancerControllerRole",
            "inline_policy": [],
            "managed_policy_arns": [
              "arn:aws:iam::533267208345:policy/AWSLoadBalancerControllerIAMPolicy"
            ],
            "max_session_duration": 3600,
            "name": "AWSLoadBalancerControllerRole",
            "name_prefix": "",
            "path": "/",
            "permissions_boundary": "",
            "tags": {},
            "tags_all": {},
            "unique_id": "AROAXYKJT3CMYO3TI2IOD"
          },
          "sensitive_attributes": [],
          "private": "bnVsbA==",
          "dependencies": [
            "module.eks.aws_eks_cluster.cluster",
            "module.eks.aws_iam_openid_connect_provider.cluster",
            "module.eks.aws_iam_role.cluster",
            "module.eks.aws_iam_role_policy_attachment.cluster_AmazonEKSClusterPolicy",
            "module.eks.aws_iam_role_policy_attachment.cluster_AmazonEKSServicePolicy",
            "module.eks.aws_iam_role_policy_attachment.cluster_AmazonEKSVPCResourceControllerPolicy",
            "module.eks.aws_security_group.cluster",
            "module.eks.aws_security_group.worker_group_mgmt",
            "module.eks.aws_security_group_rule.cluster_egress_internet",
            "module.eks.aws_subnet.private_subnet",
            "module.eks.aws_vpc.main",
            "module.eks.data.aws_availability_zones.available",
            "module.eks.data.aws_eks_cluster.cluster",
            "module.eks.data.aws_iam_policy_document.oidc-assume-role-policy",
            "module.eks.data.tls_certificate.cluster"
          ]
        }
      ]
    },
    {
      "module": "module.eks",
      "mode": "managed",
      "type": "aws_iam_role",
      "name": "cluster",
      "provider": "provider[\"registry.terraform.io/hashicorp/aws\"]",
      "instances": [
        {
          "schema_version": 0,
          "attributes": {
            "arn": "arn:aws:iam::533267208345:role/prod-cluster-iam",
            "assume_role_policy": "{\"Statement\":[{\"Action\":\"sts:AssumeRole\",\"Effect\":\"Allow\",\"Principal\":{\"Service\":\"eks.amazonaws.com\"},\"Sid\":\"EKSClusterAssumeRole\"}],\"Version\":\"2012-10-17\"}",
            "create_date": "2025-02-19T08:36:14Z",
            "description": "",
            "force_detach_policies": false,
            "id": "prod-cluster-iam",
            "inline_policy": [],
            "managed_policy_arns": [
              "arn:aws:iam::aws:policy/AmazonEKSClusterPolicy",
              "arn:aws:iam::aws:policy/AmazonEKSServicePolicy",
              "arn:aws:iam::aws:policy/AmazonEKSVPCResourceController"
            ],
            "max_session_duration": 3600,
            "name": "prod-cluster-iam",
            "name_prefix": "",
            "path": "/",
            "permissions_boundary": "",
            "tags": {},
            "tags_all": {},
            "unique_id": "AROAXYKJT3CM47R3VVFXQ"
          },
          "sensitive_attributes": [],
          "private": "bnVsbA==",
          "create_before_destroy": true
        }
      ]
    },
    {
      "module": "module.eks",
      "mode": "managed",
      "type": "aws_iam_role",
      "name": "eks_node",
      "provider": "provider[\"registry.terraform.io/hashicorp/aws\"]",
      "instances": [
        {
          "schema_version": 0,
          "attributes": {
            "arn": "arn:aws:iam::533267208345:role/prod-eks-node",
            "assume_role_policy": "{\"Statement\":[{\"Action\":\"sts:AssumeRole\",\"Effect\":\"Allow\",\"Principal\":{\"Service\":\"ec2.amazonaws.com\"}}],\"Version\":\"2012-10-17\"}",
            "create_date": "2025-02-19T08:36:14Z",
            "description": "",
            "force_detach_policies": false,
            "id": "prod-eks-node",
            "inline_policy": [],
            "managed_policy_arns": [
              "arn:aws:iam::aws:policy/AmazonEC2ContainerRegistryReadOnly",
              "arn:aws:iam::aws:policy/AmazonEKSWorkerNodePolicy",
              "arn:aws:iam::aws:policy/AmazonEKS_CNI_Policy"
            ],
            "max_session_duration": 3600,
            "name": "prod-eks-node",
            "name_prefix": "",
            "path": "/",
            "permissions_boundary": "",
            "tags": {},
            "tags_all": {},
            "unique_id": "AROAXYKJT3CMUO5F3XWFQ"
          },
          "sensitive_attributes": [],
          "private": "bnVsbA==",
          "create_before_destroy": true
        }
      ]
    },
    {
      "module": "module.eks",
      "mode": "managed",
      "type": "aws_iam_role_policy_attachment",
      "name": "aws_lb_controller_attach",
      "provider": "provider[\"registry.terraform.io/hashicorp/aws\"]",
      "instances": [
        {
          "schema_version": 0,
          "attributes": {
            "id": "AWSLoadBalancerControllerRole-20250219084532598600000010",
            "policy_arn": "arn:aws:iam::533267208345:policy/AWSLoadBalancerControllerIAMPolicy",
            "role": "AWSLoadBalancerControllerRole"
          },
          "sensitive_attributes": [],
          "private": "bnVsbA==",
          "dependencies": [
            "module.eks.aws_eks_cluster.cluster",
            "module.eks.aws_iam_openid_connect_provider.cluster",
            "module.eks.aws_iam_policy.aws_lb_controller",
            "module.eks.aws_iam_role.aws_lb_controller_role",
            "module.eks.aws_iam_role.cluster",
            "module.eks.aws_iam_role_policy_attachment.cluster_AmazonEKSClusterPolicy",
            "module.eks.aws_iam_role_policy_attachment.cluster_AmazonEKSServicePolicy",
            "module.eks.aws_iam_role_policy_attachment.cluster_AmazonEKSVPCResourceControllerPolicy",
            "module.eks.aws_security_group.cluster",
            "module.eks.aws_security_group.worker_group_mgmt",
            "module.eks.aws_security_group_rule.cluster_egress_internet",
            "module.eks.aws_subnet.private_subnet",
            "module.eks.aws_vpc.main",
            "module.eks.data.aws_availability_zones.available",
            "module.eks.data.aws_eks_cluster.cluster",
            "module.eks.data.aws_iam_policy_document.oidc-assume-role-policy",
            "module.eks.data.tls_certificate.cluster"
          ]
        }
      ]
    },
    {
      "module": "module.eks",
      "mode": "managed",
      "type": "aws_iam_role_policy_attachment",
      "name": "cluster_AmazonEKSClusterPolicy",
      "provider": "provider[\"registry.terraform.io/hashicorp/aws\"]",
      "instances": [
        {
          "schema_version": 0,
          "attributes": {
            "id": "prod-cluster-iam-20250219083615958200000006",
            "policy_arn": "arn:aws:iam::aws:policy/AmazonEKSClusterPolicy",
            "role": "prod-cluster-iam"
          },
          "sensitive_attributes": [],
          "private": "bnVsbA==",
          "dependencies": [
            "module.eks.aws_iam_role.cluster"
          ],
          "create_before_destroy": true
        }
      ]
    },
    {
      "module": "module.eks",
      "mode": "managed",
      "type": "aws_iam_role_policy_attachment",
      "name": "cluster_AmazonEKSServicePolicy",
      "provider": "provider[\"registry.terraform.io/hashicorp/aws\"]",
      "instances": [
        {
          "schema_version": 0,
          "attributes": {
            "id": "prod-cluster-iam-20250219083615942600000005",
            "policy_arn": "arn:aws:iam::aws:policy/AmazonEKSServicePolicy",
            "role": "prod-cluster-iam"
          },
          "sensitive_attributes": [],
          "private": "bnVsbA==",
          "dependencies": [
            "module.eks.aws_iam_role.cluster"
          ],
          "create_before_destroy": true
        }
      ]
    },
    {
      "module": "module.eks",
      "mode": "managed",
      "type": "aws_iam_role_policy_attachment",
      "name": "cluster_AmazonEKSVPCResourceControllerPolicy",
      "provider": "provider[\"registry.terraform.io/hashicorp/aws\"]",
      "instances": [
        {
          "schema_version": 0,
          "attributes": {
            "id": "prod-cluster-iam-20250219083615939600000004",
            "policy_arn": "arn:aws:iam::aws:policy/AmazonEKSVPCResourceController",
            "role": "prod-cluster-iam"
          },
          "sensitive_attributes": [],
          "private": "bnVsbA==",
          "dependencies": [
            "module.eks.aws_iam_role.cluster"
          ],
          "create_before_destroy": true
        }
      ]
    },
    {
      "module": "module.eks",
      "mode": "managed",
      "type": "aws_iam_role_policy_attachment",
      "name": "eks_node",
      "provider": "provider[\"registry.terraform.io/hashicorp/aws\"]",
      "instances": [
        {
          "schema_version": 0,
          "attributes": {
            "id": "prod-eks-node-20250219083615680700000003",
            "policy_arn": "arn:aws:iam::aws:policy/AmazonEC2ContainerRegistryReadOnly",
            "role": "prod-eks-node"
          },
          "sensitive_attributes": [],
          "private": "bnVsbA==",
          "dependencies": [
            "module.eks.aws_iam_role.eks_node"
          ],
          "create_before_destroy": true
        }
      ]
    },
    {
      "module": "module.eks",
      "mode": "managed",
      "type": "aws_iam_role_policy_attachment",
      "name": "eks_node_AmazonEKSWorkerNodePolicy",
      "provider": "provider[\"registry.terraform.io/hashicorp/aws\"]",
      "instances": [
        {
          "schema_version": 0,
          "attributes": {
            "id": "prod-eks-node-20250219083615198000000001",
            "policy_arn": "arn:aws:iam::aws:policy/AmazonEKSWorkerNodePolicy",
            "role": "prod-eks-node"
          },
          "sensitive_attributes": [],
          "private": "bnVsbA==",
          "dependencies": [
            "module.eks.aws_iam_role.eks_node"
          ],
          "create_before_destroy": true
        }
      ]
    },
    {
      "module": "module.eks",
      "mode": "managed",
      "type": "aws_iam_role_policy_attachment",
      "name": "eks_node_AmazonEKS_CNI_Policy",
      "provider": "provider[\"registry.terraform.io/hashicorp/aws\"]",
      "instances": [
        {
          "schema_version": 0,
          "attributes": {
            "id": "prod-eks-node-20250219083615479900000002",
            "policy_arn": "arn:aws:iam::aws:policy/AmazonEKS_CNI_Policy",
            "role": "prod-eks-node"
          },
          "sensitive_attributes": [],
          "private": "bnVsbA==",
          "dependencies": [
            "module.eks.aws_iam_role.eks_node"
          ],
          "create_before_destroy": true
        }
      ]
    },
    {
      "module": "module.eks",
      "mode": "managed",
      "type": "aws_internet_gateway",
      "name": "main",
      "provider": "provider[\"registry.terraform.io/hashicorp/aws\"]",
      "instances": [
        {
          "schema_version": 0,
          "attributes": {
            "arn": "arn:aws:ec2:us-east-1:533267208345:internet-gateway/igw-09243305289918cf2",
            "id": "igw-09243305289918cf2",
            "owner_id": "533267208345",
            "tags": {
              "Name": "prod-igw"
            },
            "tags_all": {
              "Name": "prod-igw"
            },
            "timeouts": null,
            "vpc_id": "vpc-0858602b5050b1521"
          },
          "sensitive_attributes": [],
          "private": "eyJlMmJmYjczMC1lY2FhLTExZTYtOGY4OC0zNDM2M2JjN2M0YzAiOnsiY3JlYXRlIjoxMjAwMDAwMDAwMDAwLCJkZWxldGUiOjEyMDAwMDAwMDAwMDAsInVwZGF0ZSI6MTIwMDAwMDAwMDAwMH19",
          "dependencies": [
            "module.eks.aws_vpc.main"
          ]
        }
      ]
    },
    {
      "module": "module.eks",
      "mode": "managed",
      "type": "aws_nat_gateway",
      "name": "nat_gtw",
      "provider": "provider[\"registry.terraform.io/hashicorp/aws\"]",
      "instances": [
        {
          "index_key": 0,
          "schema_version": 0,
          "attributes": {
            "allocation_id": "eipalloc-0d41e3cd9e437539f",
            "association_id": "eipassoc-05e07e55bd34cf7db",
            "connectivity_type": "public",
            "id": "nat-0f8f5e86caa8958b0",
            "network_interface_id": "eni-094f2f66fab8733bf",
            "private_ip": "10.0.1.109",
            "public_ip": "54.162.127.114",
            "secondary_allocation_ids": [],
            "secondary_private_ip_address_count": 0,
            "secondary_private_ip_addresses": [],
            "subnet_id": "subnet-027ab7b1968e8cbfe",
            "tags": {
              "Name": "prod-nat-gtw-1"
            },
            "tags_all": {
              "Name": "prod-nat-gtw-1"
            },
            "timeouts": null
          },
          "sensitive_attributes": [],
          "private": "eyJlMmJmYjczMC1lY2FhLTExZTYtOGY4OC0zNDM2M2JjN2M0YzAiOnsiY3JlYXRlIjo2MDAwMDAwMDAwMDAsImRlbGV0ZSI6MTgwMDAwMDAwMDAwMCwidXBkYXRlIjo2MDAwMDAwMDAwMDB9fQ==",
          "dependencies": [
            "module.eks.aws_eip.nat_gtw",
            "module.eks.aws_subnet.public_subnet",
            "module.eks.aws_vpc.main",
            "module.eks.data.aws_availability_zones.available"
          ]
        },
        {
          "index_key": 1,
          "schema_version": 0,
          "attributes": {
            "allocation_id": "eipalloc-02cabf6a63710e53f",
            "association_id": "eipassoc-0bc7f59982aee773d",
            "connectivity_type": "public",
            "id": "nat-0a5090b69124bf1f6",
            "network_interface_id": "eni-013126799dcc6e4ca",
            "private_ip": "10.0.2.22",
            "public_ip": "18.233.201.190",
            "secondary_allocation_ids": [],
            "secondary_private_ip_address_count": 0,
            "secondary_private_ip_addresses": [],
            "subnet_id": "subnet-085108eb7ba754239",
            "tags": {
              "Name": "prod-nat-gtw-2"
            },
            "tags_all": {
              "Name": "prod-nat-gtw-2"
            },
            "timeouts": null
          },
          "sensitive_attributes": [],
          "private": "eyJlMmJmYjczMC1lY2FhLTExZTYtOGY4OC0zNDM2M2JjN2M0YzAiOnsiY3JlYXRlIjo2MDAwMDAwMDAwMDAsImRlbGV0ZSI6MTgwMDAwMDAwMDAwMCwidXBkYXRlIjo2MDAwMDAwMDAwMDB9fQ==",
          "dependencies": [
            "module.eks.aws_eip.nat_gtw",
            "module.eks.aws_subnet.public_subnet",
            "module.eks.aws_vpc.main",
            "module.eks.data.aws_availability_zones.available"
          ]
        }
      ]
    },
    {
      "module": "module.eks",
      "mode": "managed",
      "type": "aws_route_table",
      "name": "private",
      "provider": "provider[\"registry.terraform.io/hashicorp/aws\"]",
      "instances": [
        {
          "index_key": 0,
          "schema_version": 0,
          "attributes": {
            "arn": "arn:aws:ec2:us-east-1:533267208345:route-table/rtb-03004f3f8cad3f124",
            "id": "rtb-03004f3f8cad3f124",
            "owner_id": "533267208345",
            "propagating_vgws": [],
            "route": [
              {
                "carrier_gateway_id": "",
                "cidr_block": "0.0.0.0/0",
                "core_network_arn": "",
                "destination_prefix_list_id": "",
                "egress_only_gateway_id": "",
                "gateway_id": "nat-0f8f5e86caa8958b0",
                "ipv6_cidr_block": "",
                "local_gateway_id": "",
                "nat_gateway_id": "",
                "network_interface_id": "",
                "transit_gateway_id": "",
                "vpc_endpoint_id": "",
                "vpc_peering_connection_id": ""
              }
            ],
            "tags": {
              "Name": "prod-private-rtb-1"
            },
            "tags_all": {
              "Name": "prod-private-rtb-1"
            },
            "timeouts": null,
            "vpc_id": "vpc-0858602b5050b1521"
          },
          "sensitive_attributes": [],
          "private": "eyJlMmJmYjczMC1lY2FhLTExZTYtOGY4OC0zNDM2M2JjN2M0YzAiOnsiY3JlYXRlIjozMDAwMDAwMDAwMDAsImRlbGV0ZSI6MzAwMDAwMDAwMDAwLCJ1cGRhdGUiOjEyMDAwMDAwMDAwMH19",
          "dependencies": [
            "module.eks.aws_eip.nat_gtw",
            "module.eks.aws_nat_gateway.nat_gtw",
            "module.eks.aws_subnet.public_subnet",
            "module.eks.aws_vpc.main",
            "module.eks.data.aws_availability_zones.available"
          ]
        },
        {
          "index_key": 1,
          "schema_version": 0,
          "attributes": {
            "arn": "arn:aws:ec2:us-east-1:533267208345:route-table/rtb-0c27005de56f76c40",
            "id": "rtb-0c27005de56f76c40",
            "owner_id": "533267208345",
            "propagating_vgws": [],
            "route": [
              {
                "carrier_gateway_id": "",
                "cidr_block": "0.0.0.0/0",
                "core_network_arn": "",
                "destination_prefix_list_id": "",
                "egress_only_gateway_id": "",
                "gateway_id": "nat-0a5090b69124bf1f6",
                "ipv6_cidr_block": "",
                "local_gateway_id": "",
                "nat_gateway_id": "",
                "network_interface_id": "",
                "transit_gateway_id": "",
                "vpc_endpoint_id": "",
                "vpc_peering_connection_id": ""
              }
            ],
            "tags": {
              "Name": "prod-private-rtb-2"
            },
            "tags_all": {
              "Name": "prod-private-rtb-2"
            },
            "timeouts": null,
            "vpc_id": "vpc-0858602b5050b1521"
          },
          "sensitive_attributes": [],
          "private": "eyJlMmJmYjczMC1lY2FhLTExZTYtOGY4OC0zNDM2M2JjN2M0YzAiOnsiY3JlYXRlIjozMDAwMDAwMDAwMDAsImRlbGV0ZSI6MzAwMDAwMDAwMDAwLCJ1cGRhdGUiOjEyMDAwMDAwMDAwMH19",
          "dependencies": [
            "module.eks.aws_eip.nat_gtw",
            "module.eks.aws_nat_gateway.nat_gtw",
            "module.eks.aws_subnet.public_subnet",
            "module.eks.aws_vpc.main",
            "module.eks.data.aws_availability_zones.available"
          ]
        }
      ]
    },
    {
      "module": "module.eks",
      "mode": "managed",
      "type": "aws_route_table",
      "name": "public",
      "provider": "provider[\"registry.terraform.io/hashicorp/aws\"]",
      "instances": [
        {
          "schema_version": 0,
          "attributes": {
            "arn": "arn:aws:ec2:us-east-1:533267208345:route-table/rtb-02ff552f89f23fd72",
            "id": "rtb-02ff552f89f23fd72",
            "owner_id": "533267208345",
            "propagating_vgws": [],
            "route": [
              {
                "carrier_gateway_id": "",
                "cidr_block": "0.0.0.0/0",
                "core_network_arn": "",
                "destination_prefix_list_id": "",
                "egress_only_gateway_id": "",
                "gateway_id": "igw-09243305289918cf2",
                "ipv6_cidr_block": "",
                "local_gateway_id": "",
                "nat_gateway_id": "",
                "network_interface_id": "",
                "transit_gateway_id": "",
                "vpc_endpoint_id": "",
                "vpc_peering_connection_id": ""
              }
            ],
            "tags": {},
            "tags_all": {},
            "timeouts": null,
            "vpc_id": "vpc-0858602b5050b1521"
          },
          "sensitive_attributes": [],
          "private": "eyJlMmJmYjczMC1lY2FhLTExZTYtOGY4OC0zNDM2M2JjN2M0YzAiOnsiY3JlYXRlIjozMDAwMDAwMDAwMDAsImRlbGV0ZSI6MzAwMDAwMDAwMDAwLCJ1cGRhdGUiOjEyMDAwMDAwMDAwMH19",
          "dependencies": [
            "module.eks.aws_internet_gateway.main",
            "module.eks.aws_vpc.main"
          ]
        }
      ]
    },
    {
      "module": "module.eks",
      "mode": "managed",
      "type": "aws_route_table_association",
      "name": "private",
      "provider": "provider[\"registry.terraform.io/hashicorp/aws\"]",
      "instances": [
        {
          "index_key": 0,
          "schema_version": 0,
          "attributes": {
            "gateway_id": "",
            "id": "rtbassoc-082c0ac25dcde5c02",
            "route_table_id": "rtb-03004f3f8cad3f124",
            "subnet_id": "subnet-0ebd681b9d37a48e5",
            "timeouts": null
          },
          "sensitive_attributes": [],
          "private": "eyJlMmJmYjczMC1lY2FhLTExZTYtOGY4OC0zNDM2M2JjN2M0YzAiOnsiY3JlYXRlIjozMDAwMDAwMDAwMDAsImRlbGV0ZSI6MzAwMDAwMDAwMDAwLCJ1cGRhdGUiOjEyMDAwMDAwMDAwMH19",
          "dependencies": [
            "module.eks.aws_eip.nat_gtw",
            "module.eks.aws_nat_gateway.nat_gtw",
            "module.eks.aws_route_table.private",
            "module.eks.aws_subnet.private_subnet",
            "module.eks.aws_subnet.public_subnet",
            "module.eks.aws_vpc.main",
            "module.eks.data.aws_availability_zones.available"
          ]
        },
        {
          "index_key": 1,
          "schema_version": 0,
          "attributes": {
            "gateway_id": "",
            "id": "rtbassoc-0a4052c119f2b2a29",
            "route_table_id": "rtb-0c27005de56f76c40",
            "subnet_id": "subnet-0246fa486ef130476",
            "timeouts": null
          },
          "sensitive_attributes": [],
          "private": "eyJlMmJmYjczMC1lY2FhLTExZTYtOGY4OC0zNDM2M2JjN2M0YzAiOnsiY3JlYXRlIjozMDAwMDAwMDAwMDAsImRlbGV0ZSI6MzAwMDAwMDAwMDAwLCJ1cGRhdGUiOjEyMDAwMDAwMDAwMH19",
          "dependencies": [
            "module.eks.aws_eip.nat_gtw",
            "module.eks.aws_nat_gateway.nat_gtw",
            "module.eks.aws_route_table.private",
            "module.eks.aws_subnet.private_subnet",
            "module.eks.aws_subnet.public_subnet",
            "module.eks.aws_vpc.main",
            "module.eks.data.aws_availability_zones.available"
          ]
        }
      ]
    },
    {
      "module": "module.eks",
      "mode": "managed",
      "type": "aws_route_table_association",
      "name": "public",
      "provider": "provider[\"registry.terraform.io/hashicorp/aws\"]",
      "instances": [
        {
          "index_key": 0,
          "schema_version": 0,
          "attributes": {
            "gateway_id": "",
            "id": "rtbassoc-0affd2c8dd63c9535",
            "route_table_id": "rtb-02ff552f89f23fd72",
            "subnet_id": "subnet-027ab7b1968e8cbfe",
            "timeouts": null
          },
          "sensitive_attributes": [],
          "private": "eyJlMmJmYjczMC1lY2FhLTExZTYtOGY4OC0zNDM2M2JjN2M0YzAiOnsiY3JlYXRlIjozMDAwMDAwMDAwMDAsImRlbGV0ZSI6MzAwMDAwMDAwMDAwLCJ1cGRhdGUiOjEyMDAwMDAwMDAwMH19",
          "dependencies": [
            "module.eks.aws_internet_gateway.main",
            "module.eks.aws_route_table.public",
            "module.eks.aws_subnet.public_subnet",
            "module.eks.aws_vpc.main",
            "module.eks.data.aws_availability_zones.available"
          ]
        },
        {
          "index_key": 1,
          "schema_version": 0,
          "attributes": {
            "gateway_id": "",
            "id": "rtbassoc-0208c9a65a27785d4",
            "route_table_id": "rtb-02ff552f89f23fd72",
            "subnet_id": "subnet-085108eb7ba754239",
            "timeouts": null
          },
          "sensitive_attributes": [],
          "private": "eyJlMmJmYjczMC1lY2FhLTExZTYtOGY4OC0zNDM2M2JjN2M0YzAiOnsiY3JlYXRlIjozMDAwMDAwMDAwMDAsImRlbGV0ZSI6MzAwMDAwMDAwMDAwLCJ1cGRhdGUiOjEyMDAwMDAwMDAwMH19",
          "dependencies": [
            "module.eks.aws_internet_gateway.main",
            "module.eks.aws_route_table.public",
            "module.eks.aws_subnet.public_subnet",
            "module.eks.aws_vpc.main",
            "module.eks.data.aws_availability_zones.available"
          ]
        }
      ]
    },
    {
      "module": "module.eks",
      "mode": "managed",
      "type": "aws_security_group",
      "name": "cluster",
      "provider": "provider[\"registry.terraform.io/hashicorp/aws\"]",
      "instances": [
        {
          "schema_version": 1,
          "attributes": {
            "arn": "arn:aws:ec2:us-east-1:533267208345:security-group/sg-03a7a6ff0113b34b9",
            "description": "Cluster communication with worker nodes",
            "egress": [
              {
                "cidr_blocks": [
                  "0.0.0.0/0"
                ],
                "description": "Allow cluster egress access to the Internet.",
                "from_port": 0,
                "ipv6_cidr_blocks": [],
                "prefix_list_ids": [],
                "protocol": "-1",
                "security_groups": [],
                "self": false,
                "to_port": 0
              }
            ],
            "id": "sg-03a7a6ff0113b34b9",
            "ingress": [],
            "name": "prod-cluster20250219083617621000000007",
            "name_prefix": "prod-cluster",
            "owner_id": "533267208345",
            "revoke_rules_on_delete": false,
            "tags": {
              "Name": "SG-cluster"
            },
            "tags_all": {
              "Name": "SG-cluster"
            },
            "timeouts": null,
            "vpc_id": "vpc-0858602b5050b1521"
          },
          "sensitive_attributes": [],
          "private": "eyJlMmJmYjczMC1lY2FhLTExZTYtOGY4OC0zNDM2M2JjN2M0YzAiOnsiY3JlYXRlIjo2MDAwMDAwMDAwMDAsImRlbGV0ZSI6OTAwMDAwMDAwMDAwfSwic2NoZW1hX3ZlcnNpb24iOiIxIn0=",
          "dependencies": [
            "module.eks.aws_vpc.main"
          ],
          "create_before_destroy": true
        }
      ]
    },
    {
      "module": "module.eks",
      "mode": "managed",
      "type": "aws_security_group",
      "name": "worker_group_mgmt",
      "provider": "provider[\"registry.terraform.io/hashicorp/aws\"]",
      "instances": [
        {
          "schema_version": 1,
          "attributes": {
            "arn": "arn:aws:ec2:us-east-1:533267208345:security-group/sg-00a1607f57f86c2ae",
            "description": "Managed by Terraform",
            "egress": [],
            "id": "sg-00a1607f57f86c2ae",
            "ingress": [
              {
                "cidr_blocks": [
                  "158.181.157.142/32"
                ],
                "description": "",
                "from_port": 22,
                "ipv6_cidr_blocks": [],
                "prefix_list_ids": [],
                "protocol": "tcp",
                "security_groups": [],
                "self": false,
                "to_port": 22
              }
            ],
            "name": "prod-worker-sg-mgmt20250219083617624700000008",
            "name_prefix": "prod-worker-sg-mgmt",
            "owner_id": "533267208345",
            "revoke_rules_on_delete": false,
            "tags": {},
            "tags_all": {},
            "timeouts": null,
            "vpc_id": "vpc-0858602b5050b1521"
          },
          "sensitive_attributes": [],
          "private": "eyJlMmJmYjczMC1lY2FhLTExZTYtOGY4OC0zNDM2M2JjN2M0YzAiOnsiY3JlYXRlIjo2MDAwMDAwMDAwMDAsImRlbGV0ZSI6OTAwMDAwMDAwMDAwfSwic2NoZW1hX3ZlcnNpb24iOiIxIn0=",
          "dependencies": [
            "module.eks.aws_vpc.main"
          ],
          "create_before_destroy": true
        }
      ]
    },
    {
      "module": "module.eks",
      "mode": "managed",
      "type": "aws_security_group_rule",
      "name": "cluster_egress_internet",
      "provider": "provider[\"registry.terraform.io/hashicorp/aws\"]",
      "instances": [
        {
          "schema_version": 2,
          "attributes": {
            "cidr_blocks": [
              "0.0.0.0/0"
            ],
            "description": "Allow cluster egress access to the Internet.",
            "from_port": 0,
            "id": "sgrule-75883524",
            "ipv6_cidr_blocks": null,
            "prefix_list_ids": null,
            "protocol": "-1",
            "security_group_id": "sg-03a7a6ff0113b34b9",
            "security_group_rule_id": "sgr-0a54fe8ef41e30b1c",
            "self": false,
            "source_security_group_id": null,
            "timeouts": null,
            "to_port": 0,
            "type": "egress"
          },
          "sensitive_attributes": [],
          "private": "eyJlMmJmYjczMC1lY2FhLTExZTYtOGY4OC0zNDM2M2JjN2M0YzAiOnsiY3JlYXRlIjozMDAwMDAwMDAwMDB9LCJzY2hlbWFfdmVyc2lvbiI6IjIifQ==",
          "dependencies": [
            "module.eks.aws_security_group.cluster",
            "module.eks.aws_vpc.main"
          ],
          "create_before_destroy": true
        }
      ]
    },
    {
      "module": "module.eks",
      "mode": "managed",
      "type": "aws_subnet",
      "name": "private_subnet",
      "provider": "provider[\"registry.terraform.io/hashicorp/aws\"]",
      "instances": [
        {
          "index_key": 0,
          "schema_version": 1,
          "attributes": {
            "arn": "arn:aws:ec2:us-east-1:533267208345:subnet/subnet-0ebd681b9d37a48e5",
            "assign_ipv6_address_on_creation": false,
            "availability_zone": "us-east-1a",
            "availability_zone_id": "use1-az1",
            "cidr_block": "10.0.11.0/24",
            "customer_owned_ipv4_pool": "",
            "enable_dns64": false,
            "enable_lni_at_device_index": 0,
            "enable_resource_name_dns_a_record_on_launch": false,
            "enable_resource_name_dns_aaaa_record_on_launch": false,
            "id": "subnet-0ebd681b9d37a48e5",
            "ipv6_cidr_block": "",
            "ipv6_cidr_block_association_id": "",
            "ipv6_native": false,
            "map_customer_owned_ip_on_launch": false,
            "map_public_ip_on_launch": false,
            "outpost_arn": "",
            "owner_id": "533267208345",
            "private_dns_hostname_type_on_launch": "ip-name",
            "tags": {
              "Name": "prod-private-1",
              "kubernetes.io/cluster/prod-cluster": "owned",
              "kubernetes.io/role/internal-elb": "1"
            },
            "tags_all": {
              "Name": "prod-private-1",
              "kubernetes.io/cluster/prod-cluster": "owned",
              "kubernetes.io/role/internal-elb": "1"
            },
            "timeouts": null,
            "vpc_id": "vpc-0858602b5050b1521"
          },
          "sensitive_attributes": [],
          "private": "eyJlMmJmYjczMC1lY2FhLTExZTYtOGY4OC0zNDM2M2JjN2M0YzAiOnsiY3JlYXRlIjo2MDAwMDAwMDAwMDAsImRlbGV0ZSI6MTIwMDAwMDAwMDAwMH0sInNjaGVtYV92ZXJzaW9uIjoiMSJ9",
          "dependencies": [
            "module.eks.aws_vpc.main",
            "module.eks.data.aws_availability_zones.available"
          ],
          "create_before_destroy": true
        },
        {
          "index_key": 1,
          "schema_version": 1,
          "attributes": {
            "arn": "arn:aws:ec2:us-east-1:533267208345:subnet/subnet-0246fa486ef130476",
            "assign_ipv6_address_on_creation": false,
            "availability_zone": "us-east-1b",
            "availability_zone_id": "use1-az2",
            "cidr_block": "10.0.22.0/24",
            "customer_owned_ipv4_pool": "",
            "enable_dns64": false,
            "enable_lni_at_device_index": 0,
            "enable_resource_name_dns_a_record_on_launch": false,
            "enable_resource_name_dns_aaaa_record_on_launch": false,
            "id": "subnet-0246fa486ef130476",
            "ipv6_cidr_block": "",
            "ipv6_cidr_block_association_id": "",
            "ipv6_native": false,
            "map_customer_owned_ip_on_launch": false,
            "map_public_ip_on_launch": false,
            "outpost_arn": "",
            "owner_id": "533267208345",
            "private_dns_hostname_type_on_launch": "ip-name",
            "tags": {
              "Name": "prod-private-2",
              "kubernetes.io/cluster/prod-cluster": "owned",
              "kubernetes.io/role/internal-elb": "1"
            },
            "tags_all": {
              "Name": "prod-private-2",
              "kubernetes.io/cluster/prod-cluster": "owned",
              "kubernetes.io/role/internal-elb": "1"
            },
            "timeouts": null,
            "vpc_id": "vpc-0858602b5050b1521"
          },
          "sensitive_attributes": [],
          "private": "eyJlMmJmYjczMC1lY2FhLTExZTYtOGY4OC0zNDM2M2JjN2M0YzAiOnsiY3JlYXRlIjo2MDAwMDAwMDAwMDAsImRlbGV0ZSI6MTIwMDAwMDAwMDAwMH0sInNjaGVtYV92ZXJzaW9uIjoiMSJ9",
          "dependencies": [
            "module.eks.aws_vpc.main",
            "module.eks.data.aws_availability_zones.available"
          ],
          "create_before_destroy": true
        }
      ]
    },
    {
      "module": "module.eks",
      "mode": "managed",
      "type": "aws_subnet",
      "name": "public_subnet",
      "provider": "provider[\"registry.terraform.io/hashicorp/aws\"]",
      "instances": [
        {
          "index_key": 0,
          "schema_version": 1,
          "attributes": {
            "arn": "arn:aws:ec2:us-east-1:533267208345:subnet/subnet-027ab7b1968e8cbfe",
            "assign_ipv6_address_on_creation": false,
            "availability_zone": "us-east-1a",
            "availability_zone_id": "use1-az1",
            "cidr_block": "10.0.1.0/24",
            "customer_owned_ipv4_pool": "",
            "enable_dns64": false,
            "enable_lni_at_device_index": 0,
            "enable_resource_name_dns_a_record_on_launch": false,
            "enable_resource_name_dns_aaaa_record_on_launch": false,
            "id": "subnet-027ab7b1968e8cbfe",
            "ipv6_cidr_block": "",
            "ipv6_cidr_block_association_id": "",
            "ipv6_native": false,
            "map_customer_owned_ip_on_launch": false,
            "map_public_ip_on_launch": true,
            "outpost_arn": "",
            "owner_id": "533267208345",
            "private_dns_hostname_type_on_launch": "ip-name",
            "tags": {
              "Name": "prod-public-1",
              "kubernetes.io/cluster/prod-cluster": "owned",
              "kubernetes.io/role/elb": "1"
            },
            "tags_all": {
              "Name": "prod-public-1",
              "kubernetes.io/cluster/prod-cluster": "owned",
              "kubernetes.io/role/elb": "1"
            },
            "timeouts": null,
            "vpc_id": "vpc-0858602b5050b1521"
          },
          "sensitive_attributes": [],
          "private": "eyJlMmJmYjczMC1lY2FhLTExZTYtOGY4OC0zNDM2M2JjN2M0YzAiOnsiY3JlYXRlIjo2MDAwMDAwMDAwMDAsImRlbGV0ZSI6MTIwMDAwMDAwMDAwMH0sInNjaGVtYV92ZXJzaW9uIjoiMSJ9",
          "dependencies": [
            "module.eks.aws_vpc.main",
            "module.eks.data.aws_availability_zones.available"
          ],
          "create_before_destroy": true
        },
        {
          "index_key": 1,
          "schema_version": 1,
          "attributes": {
            "arn": "arn:aws:ec2:us-east-1:533267208345:subnet/subnet-085108eb7ba754239",
            "assign_ipv6_address_on_creation": false,
            "availability_zone": "us-east-1b",
            "availability_zone_id": "use1-az2",
            "cidr_block": "10.0.2.0/24",
            "customer_owned_ipv4_pool": "",
            "enable_dns64": false,
            "enable_lni_at_device_index": 0,
            "enable_resource_name_dns_a_record_on_launch": false,
            "enable_resource_name_dns_aaaa_record_on_launch": false,
            "id": "subnet-085108eb7ba754239",
            "ipv6_cidr_block": "",
            "ipv6_cidr_block_association_id": "",
            "ipv6_native": false,
            "map_customer_owned_ip_on_launch": false,
            "map_public_ip_on_launch": true,
            "outpost_arn": "",
            "owner_id": "533267208345",
            "private_dns_hostname_type_on_launch": "ip-name",
            "tags": {
              "Name": "prod-public-2",
              "kubernetes.io/cluster/prod-cluster": "owned",
              "kubernetes.io/role/elb": "1"
            },
            "tags_all": {
              "Name": "prod-public-2",
              "kubernetes.io/cluster/prod-cluster": "owned",
              "kubernetes.io/role/elb": "1"
            },
            "timeouts": null,
            "vpc_id": "vpc-0858602b5050b1521"
          },
          "sensitive_attributes": [],
          "private": "eyJlMmJmYjczMC1lY2FhLTExZTYtOGY4OC0zNDM2M2JjN2M0YzAiOnsiY3JlYXRlIjo2MDAwMDAwMDAwMDAsImRlbGV0ZSI6MTIwMDAwMDAwMDAwMH0sInNjaGVtYV92ZXJzaW9uIjoiMSJ9",
          "dependencies": [
            "module.eks.aws_vpc.main",
            "module.eks.data.aws_availability_zones.available"
          ],
          "create_before_destroy": true
        }
      ]
    },
    {
      "module": "module.eks",
      "mode": "managed",
      "type": "aws_vpc",
      "name": "main",
      "provider": "provider[\"registry.terraform.io/hashicorp/aws\"]",
      "instances": [
        {
          "schema_version": 1,
          "attributes": {
            "arn": "arn:aws:ec2:us-east-1:533267208345:vpc/vpc-0858602b5050b1521",
            "assign_generated_ipv6_cidr_block": false,
            "cidr_block": "10.0.0.0/16",
            "default_network_acl_id": "acl-05ab45bd66be09272",
            "default_route_table_id": "rtb-003c683c7e4fb1c4c",
            "default_security_group_id": "sg-098928e0e0e0787dd",
            "dhcp_options_id": "dopt-00a8af9aa62ea9a35",
            "enable_dns_hostnames": false,
            "enable_dns_support": true,
            "enable_network_address_usage_metrics": false,
            "id": "vpc-0858602b5050b1521",
            "instance_tenancy": "default",
            "ipv4_ipam_pool_id": null,
            "ipv4_netmask_length": null,
            "ipv6_association_id": "",
            "ipv6_cidr_block": "",
            "ipv6_cidr_block_network_border_group": "",
            "ipv6_ipam_pool_id": "",
            "ipv6_netmask_length": 0,
            "main_route_table_id": "rtb-003c683c7e4fb1c4c",
            "owner_id": "533267208345",
            "tags": {
              "Name": "prod-vpc-prod"
            },
            "tags_all": {
              "Name": "prod-vpc-prod"
            }
          },
          "sensitive_attributes": [],
          "private": "eyJzY2hlbWFfdmVyc2lvbiI6IjEifQ==",
          "create_before_destroy": true
        }
      ]
    },
    {
      "module": "module.rds",
      "mode": "data",
      "type": "aws_ami",
      "name": "latest_ubuntu",
      "provider": "provider[\"registry.terraform.io/hashicorp/aws\"]",
      "instances": [
        {
          "schema_version": 0,
          "attributes": {
            "architecture": "x86_64",
            "arn": "arn:aws:ec2:us-east-1::image/ami-02c78647b95a018b6",
            "block_device_mappings": [
              {
                "device_name": "/dev/sda1",
                "ebs": {
                  "delete_on_termination": "true",
                  "encrypted": "false",
                  "iops": "0",
                  "snapshot_id": "snap-0de1cf1c00b401957",
                  "throughput": "0",
                  "volume_size": "8",
                  "volume_type": "gp2"
                },
                "no_device": "",
                "virtual_name": ""
              },
              {
                "device_name": "/dev/sdb",
                "ebs": {},
                "no_device": "",
                "virtual_name": "ephemeral0"
              },
              {
                "device_name": "/dev/sdc",
                "ebs": {},
                "no_device": "",
                "virtual_name": "ephemeral1"
              }
            ],
            "boot_mode": "legacy-bios",
            "creation_date": "2025-02-18T23:24:39.000Z",
            "deprecation_time": "2027-02-18T23:24:39.000Z",
            "description": "Canonical, Ubuntu, 20.04, amd64 focal image",
            "ena_support": true,
            "executable_users": null,
            "filter": [
              {
                "name": "name",
                "values": [
                  "ubuntu/images/hvm-ssd/ubuntu-focal-20.04-amd64-server-*"
                ]
              }
            ],
            "hypervisor": "xen",
            "id": "ami-02c78647b95a018b6",
            "image_id": "ami-02c78647b95a018b6",
            "image_location": "amazon/ubuntu/images/hvm-ssd/ubuntu-focal-20.04-amd64-server-20250218.1",
            "image_owner_alias": "amazon",
            "image_type": "machine",
            "imds_support": "",
            "include_deprecated": false,
            "kernel_id": "",
            "most_recent": true,
            "name": "ubuntu/images/hvm-ssd/ubuntu-focal-20.04-amd64-server-20250218.1",
            "name_regex": null,
            "owner_id": "099720109477",
            "owners": [
              "099720109477"
            ],
            "platform": "",
            "platform_details": "Linux/UNIX",
            "product_codes": [],
            "public": true,
            "ramdisk_id": "",
            "root_device_name": "/dev/sda1",
            "root_device_type": "ebs",
            "root_snapshot_id": "snap-0de1cf1c00b401957",
            "sriov_net_support": "simple",
            "state": "available",
            "state_reason": {
              "code": "UNSET",
              "message": "UNSET"
            },
            "tags": {},
            "timeouts": null,
            "tpm_support": "",
            "uefi_data": null,
            "usage_operation": "RunInstances",
            "virtualization_type": "hvm"
          },
          "sensitive_attributes": []
        }
      ]
    },
    {
      "module": "module.rds",
      "mode": "managed",
      "type": "aws_db_instance",
      "name": "rds",
      "provider": "provider[\"registry.terraform.io/hashicorp/aws\"]",
      "instances": [
        {
          "schema_version": 2,
          "attributes": {
            "address": "rds-postgres.cfsi4oa8w8gf.us-east-1.rds.amazonaws.com",
            "allocated_storage": 30,
            "allow_major_version_upgrade": null,
            "apply_immediately": true,
            "arn": "arn:aws:rds:us-east-1:533267208345:db:rds-postgres",
            "auto_minor_version_upgrade": true,
            "availability_zone": "us-east-1a",
            "backup_retention_period": 0,
            "backup_target": "region",
            "backup_window": "03:34-04:04",
            "blue_green_update": [],
            "ca_cert_identifier": "rds-ca-rsa2048-g1",
            "character_set_name": "",
            "copy_tags_to_snapshot": false,
            "custom_iam_instance_profile": "",
            "customer_owned_ip_enabled": false,
            "db_name": "mydb",
            "db_subnet_group_name": "main_subnet_group",
            "dedicated_log_volume": false,
            "delete_automated_backups": true,
            "deletion_protection": false,
            "domain": "",
            "domain_auth_secret_arn": "",
            "domain_dns_ips": [],
            "domain_fqdn": "",
            "domain_iam_role_name": "",
            "domain_ou": "",
            "enabled_cloudwatch_logs_exports": [],
            "endpoint": "rds-postgres.cfsi4oa8w8gf.us-east-1.rds.amazonaws.com:5432",
            "engine": "postgres",
            "engine_lifecycle_support": "open-source-rds-extended-support",
            "engine_version": "14.15",
            "engine_version_actual": "14.15",
            "final_snapshot_identifier": null,
            "hosted_zone_id": "Z2R2ITUGPM61AM",
            "iam_database_authentication_enabled": false,
            "id": "db-TYZQOIOT2K6I2MT3FTS3GR3QU4",
            "identifier": "rds-postgres",
            "identifier_prefix": "",
            "instance_class": "db.t3.micro",
            "iops": 0,
            "kms_key_id": "",
            "latest_restorable_time": "",
            "license_model": "postgresql-license",
            "listener_endpoint": [],
            "maintenance_window": "thu:09:31-thu:10:01",
            "manage_master_user_password": null,
            "master_user_secret": [],
            "master_user_secret_kms_key_id": null,
            "max_allocated_storage": 0,
            "monitoring_interval": 0,
            "monitoring_role_arn": "",
            "multi_az": false,
            "nchar_character_set_name": "",
            "network_type": "IPV4",
            "option_group_name": "default:postgres-14",
            "parameter_group_name": "default.postgres14",
            "password": "K3vjONOlMpXjGJh)",
            "performance_insights_enabled": false,
            "performance_insights_kms_key_id": "",
            "performance_insights_retention_period": 0,
            "port": 5432,
            "publicly_accessible": false,
            "replica_mode": "",
            "replicas": [],
            "replicate_source_db": "",
            "resource_id": "db-TYZQOIOT2K6I2MT3FTS3GR3QU4",
            "restore_to_point_in_time": [],
            "s3_import": [],
            "skip_final_snapshot": true,
            "snapshot_identifier": null,
            "status": "available",
            "storage_encrypted": false,
            "storage_throughput": 0,
            "storage_type": "gp2",
            "tags": {
              "Name": "prod-rds-postgres"
            },
            "tags_all": {
              "Name": "prod-rds-postgres"
            },
            "timeouts": null,
            "timezone": "",
            "upgrade_storage_config": null,
            "username": "db_admin",
            "vpc_security_group_ids": [
              "sg-0ac171f66c1f0dca4"
            ]
          },
          "sensitive_attributes": [
            [
              {
                "type": "get_attr",
                "value": "password"
              }
            ]
          ],
          "private": "eyJlMmJmYjczMC1lY2FhLTExZTYtOGY4OC0zNDM2M2JjN2M0YzAiOnsiY3JlYXRlIjozMDAwMDAwMDAwMDAwLCJkZWxldGUiOjM2MDAwMDAwMDAwMDAsInVwZGF0ZSI6NDgwMDAwMDAwMDAwMH0sInNjaGVtYV92ZXJzaW9uIjoiMiJ9",
          "dependencies": [
            "module.eks.aws_subnet.private_subnet",
            "module.eks.aws_vpc.main",
            "module.eks.data.aws_availability_zones.available",
            "module.rds.aws_db_subnet_group.db_subnet_group",
            "module.rds.aws_security_group.db_security_group",
            "module.rds.random_password.rds_password"
          ]
        }
      ]
    },
    {
      "module": "module.rds",
      "mode": "managed",
      "type": "aws_db_subnet_group",
      "name": "db_subnet_group",
      "provider": "provider[\"registry.terraform.io/hashicorp/aws\"]",
      "instances": [
        {
          "schema_version": 0,
          "attributes": {
            "arn": "arn:aws:rds:us-east-1:533267208345:subgrp:main_subnet_group",
            "description": "The main group of subnets",
            "id": "main_subnet_group",
            "name": "main_subnet_group",
            "name_prefix": "",
            "subnet_ids": [
              "subnet-0246fa486ef130476",
              "subnet-0ebd681b9d37a48e5"
            ],
            "supported_network_types": [
              "IPV4"
            ],
            "tags": {},
            "tags_all": {},
            "vpc_id": "vpc-0858602b5050b1521"
          },
          "sensitive_attributes": [],
          "private": "bnVsbA==",
          "dependencies": [
            "module.eks.aws_subnet.private_subnet",
            "module.eks.aws_vpc.main",
            "module.eks.data.aws_availability_zones.available"
          ]
        }
      ]
    },
    {
      "module": "module.rds",
      "mode": "managed",
      "type": "aws_eip",
      "name": "web_eip",
      "provider": "provider[\"registry.terraform.io/hashicorp/aws\"]",
      "instances": [
        {
          "index_key": 0,
          "schema_version": 0,
          "attributes": {
            "address": null,
            "allocation_id": "eipalloc-0a03a3f879cd6676e",
            "arn": "arn:aws:ec2:us-east-1:533267208345:elastic-ip/eipalloc-0a03a3f879cd6676e",
            "associate_with_private_ip": null,
            "association_id": "eipassoc-0c9b50b271506ad63",
            "carrier_ip": "",
            "customer_owned_ip": "",
            "customer_owned_ipv4_pool": "",
            "domain": "vpc",
            "id": "eipalloc-0a03a3f879cd6676e",
            "instance": "i-098963cdcbe8fea39",
            "ipam_pool_id": null,
            "network_border_group": "us-east-1",
            "network_interface": "eni-0dc332fbde09d2246",
            "private_dns": "ip-10-0-1-73.ec2.internal",
            "private_ip": "10.0.1.73",
            "ptr_record": "",
            "public_dns": "ec2-3-83-196-127.compute-1.amazonaws.com",
            "public_ip": "3.83.196.127",
            "public_ipv4_pool": "amazon",
            "tags": {
              "Name": "web-eip-1"
            },
            "tags_all": {
              "Name": "web-eip-1"
            },
            "timeouts": null,
            "vpc": true
          },
          "sensitive_attributes": [],
          "private": "eyJlMmJmYjczMC1lY2FhLTExZTYtOGY4OC0zNDM2M2JjN2M0YzAiOnsiZGVsZXRlIjoxODAwMDAwMDAwMDAsInJlYWQiOjkwMDAwMDAwMDAwMCwidXBkYXRlIjozMDAwMDAwMDAwMDB9fQ==",
          "dependencies": [
            "module.eks.aws_subnet.public_subnet",
            "module.eks.aws_vpc.main",
            "module.eks.data.aws_availability_zones.available",
            "module.rds.aws_instance.web_server",
            "module.rds.aws_key_pair.my_key_pair",
            "module.rds.aws_security_group.web_sg",
            "module.rds.data.aws_ami.latest_ubuntu",
            "module.rds.tls_private_key.my_key_pair"
          ]
        }
      ]
    },
    {
      "module": "module.rds",
      "mode": "managed",
      "type": "aws_instance",
      "name": "web_server",
      "provider": "provider[\"registry.terraform.io/hashicorp/aws\"]",
      "instances": [
        {
          "index_key": 0,
          "schema_version": 1,
          "attributes": {
            "ami": "ami-02c78647b95a018b6",
            "arn": "arn:aws:ec2:us-east-1:533267208345:instance/i-098963cdcbe8fea39",
            "associate_public_ip_address": true,
            "availability_zone": "us-east-1a",
            "capacity_reservation_specification": [
              {
                "capacity_reservation_preference": "open",
                "capacity_reservation_target": []
              }
            ],
            "cpu_core_count": 1,
            "cpu_options": [
              {
                "amd_sev_snp": "",
                "core_count": 1,
                "threads_per_core": 2
              }
            ],
            "cpu_threads_per_core": 2,
            "credit_specification": [
              {
                "cpu_credits": "unlimited"
              }
            ],
            "disable_api_stop": false,
            "disable_api_termination": false,
            "ebs_block_device": [],
            "ebs_optimized": false,
            "enable_primary_ipv6": null,
            "enclave_options": [
              {
                "enabled": false
              }
            ],
            "ephemeral_block_device": [],
            "get_password_data": false,
            "hibernation": false,
            "host_id": "",
            "host_resource_group_arn": null,
            "iam_instance_profile": "",
            "id": "i-098963cdcbe8fea39",
            "instance_initiated_shutdown_behavior": "stop",
            "instance_lifecycle": "",
            "instance_market_options": [],
            "instance_state": "running",
            "instance_type": "t3.micro",
            "ipv6_address_count": 0,
            "ipv6_addresses": [],
            "key_name": "my-ec2-key",
            "launch_template": [],
            "maintenance_options": [
              {
                "auto_recovery": "default"
              }
            ],
            "metadata_options": [
              {
                "http_endpoint": "enabled",
                "http_protocol_ipv6": "disabled",
                "http_put_response_hop_limit": 1,
                "http_tokens": "optional",
                "instance_metadata_tags": "disabled"
              }
            ],
            "monitoring": false,
            "network_interface": [],
            "outpost_arn": "",
            "password_data": "",
            "placement_group": "",
            "placement_partition_number": 0,
            "primary_network_interface_id": "eni-0dc332fbde09d2246",
            "private_dns": "ip-10-0-1-73.ec2.internal",
            "private_dns_name_options": [
              {
                "enable_resource_name_dns_a_record": false,
                "enable_resource_name_dns_aaaa_record": false,
                "hostname_type": "ip-name"
              }
            ],
            "private_ip": "10.0.1.73",
            "public_dns": "",
            "public_ip": "3.83.196.127",
            "root_block_device": [
              {
                "delete_on_termination": true,
                "device_name": "/dev/sda1",
                "encrypted": false,
                "iops": 100,
                "kms_key_id": "",
                "tags": {},
                "tags_all": {},
                "throughput": 0,
                "volume_id": "vol-0b3b9cdd1e477e797",
                "volume_size": 8,
                "volume_type": "gp2"
              }
            ],
            "secondary_private_ips": [],
            "security_groups": [],
            "source_dest_check": true,
            "spot_instance_request_id": "",
            "subnet_id": "subnet-027ab7b1968e8cbfe",
            "tags": {
              "Name": "prod-web-instance-1"
            },
            "tags_all": {
              "Name": "prod-web-instance-1"
            },
            "tenancy": "default",
            "timeouts": null,
            "user_data": null,
            "user_data_base64": null,
            "user_data_replace_on_change": false,
            "volume_tags": null,
            "vpc_security_group_ids": [
              "sg-0b855e007534dbb26"
            ]
          },
          "sensitive_attributes": [],
          "private": "eyJlMmJmYjczMC1lY2FhLTExZTYtOGY4OC0zNDM2M2JjN2M0YzAiOnsiY3JlYXRlIjo2MDAwMDAwMDAwMDAsImRlbGV0ZSI6MTIwMDAwMDAwMDAwMCwicmVhZCI6OTAwMDAwMDAwMDAwLCJ1cGRhdGUiOjYwMDAwMDAwMDAwMH0sInNjaGVtYV92ZXJzaW9uIjoiMSJ9",
          "dependencies": [
            "module.eks.aws_subnet.public_subnet",
            "module.eks.aws_vpc.main",
            "module.eks.data.aws_availability_zones.available",
            "module.rds.aws_key_pair.my_key_pair",
            "module.rds.aws_security_group.web_sg",
            "module.rds.data.aws_ami.latest_ubuntu",
            "module.rds.tls_private_key.my_key_pair"
          ]
        }
      ]
    },
    {
      "module": "module.rds",
      "mode": "managed",
      "type": "aws_key_pair",
      "name": "my_key_pair",
      "provider": "provider[\"registry.terraform.io/hashicorp/aws\"]",
      "instances": [
        {
          "schema_version": 1,
          "attributes": {
            "arn": "arn:aws:ec2:us-east-1:533267208345:key-pair/my-ec2-key",
            "fingerprint": "20:0d:ce:37:81:b1:89:36:0d:2e:08:ba:f1:93:82:00",
            "id": "my-ec2-key",
            "key_name": "my-ec2-key",
            "key_name_prefix": "",
            "key_pair_id": "key-0904ce71ff8f7b2e0",
            "key_type": "rsa",
            "public_key": "ssh-rsa AAAAB3NzaC1yc2EAAAADAQABAAACAQDR2gkTKSEvLZ/8qe35aw5Umw6xou9PG4p7wMWSH70mspWvdC8RpBD5a9DYoDEd4T0DsO0ihYyMzaTE5LxomDAKOovwSUXoEsA+eDH+KBEQYAQSqN73PJD3IDexr8W9t6EaBOHdDI/9CMa4kvLSkJMdPiS84eWbdOwStt5HNY9xmyPUUqqfpzA3yJB2yZjO3qzYUodb6QCJ1VJTpAuaAmRFHfJy5Y/suL16W+X2q5zijiv1QfIDDOqt5KFZFUWB9QdjhW6W6GtfOiOw5tPYvnwC4a/Z/UrKmWmNOR3b0N1AKDxdq0cJepVZxLWLSAhhSWZe4/nhorC/6iFyq0GzQ29zxTNbBF3LjGQ3BCYEMS9PjtaqxfunsHVhN5YheLGmOTs0+I5aazp/BAcWEdz2R338ocaiE+w5bb9RPs64j3naztlRMzVFOVHEXI+jOaRUyNH/zsIHFhEiORaynrNX1SMX0/8FygXyaKrrfLdJP/Ghx18yJtQHPOhAlZDrIA5jtgo3SlWsa2swkO/GNG9xjLcgMjOcjyAltTcLPe7jHvmDQxfQXmg82sbYdw2x9SuvlIDCc7PlCiwUz5j0pudj0ASx6g7BDt1vh23luYluHGbtUt3iWPy8e1D9juG0DwbHiptcEXTeffZa/AB2ag1fJI4SWQHNC3MsOUSibsXhDP/3zQ==",
            "tags": {},
            "tags_all": {}
          },
          "sensitive_attributes": [],
          "private": "eyJzY2hlbWFfdmVyc2lvbiI6IjEifQ==",
          "dependencies": [
            "module.rds.tls_private_key.my_key_pair"
          ]
        }
      ]
    },
    {
      "module": "module.rds",
      "mode": "managed",
      "type": "aws_security_group",
      "name": "db_security_group",
      "provider": "provider[\"registry.terraform.io/hashicorp/aws\"]",
      "instances": [
        {
          "schema_version": 1,
          "attributes": {
            "arn": "arn:aws:ec2:us-east-1:533267208345:security-group/sg-0ac171f66c1f0dca4",
            "description": "Securtiy Group for Database",
            "egress": [
              {
                "cidr_blocks": [
                  "0.0.0.0/0"
                ],
                "description": "",
                "from_port": 0,
                "ipv6_cidr_blocks": [],
                "prefix_list_ids": [],
                "protocol": "-1",
                "security_groups": [],
                "self": false,
                "to_port": 0
              }
            ],
            "id": "sg-0ac171f66c1f0dca4",
            "ingress": [
              {
                "cidr_blocks": [
                  "10.0.0.0/16"
                ],
                "description": "",
                "from_port": 5432,
                "ipv6_cidr_blocks": [],
                "prefix_list_ids": [],
                "protocol": "tcp",
                "security_groups": [],
                "self": false,
                "to_port": 5432
              }
            ],
            "name": "main-rds-sg",
            "name_prefix": "",
            "owner_id": "533267208345",
            "revoke_rules_on_delete": false,
            "tags": {
              "Name": "sg-prod-rds-postgres"
            },
            "tags_all": {
              "Name": "sg-prod-rds-postgres"
            },
            "timeouts": null,
            "vpc_id": "vpc-0858602b5050b1521"
          },
          "sensitive_attributes": [],
          "private": "eyJlMmJmYjczMC1lY2FhLTExZTYtOGY4OC0zNDM2M2JjN2M0YzAiOnsiY3JlYXRlIjo2MDAwMDAwMDAwMDAsImRlbGV0ZSI6OTAwMDAwMDAwMDAwfSwic2NoZW1hX3ZlcnNpb24iOiIxIn0=",
          "dependencies": [
            "module.eks.aws_vpc.main"
          ]
        }
      ]
    },
    {
      "module": "module.rds",
      "mode": "managed",
      "type": "aws_security_group",
      "name": "web_sg",
      "provider": "provider[\"registry.terraform.io/hashicorp/aws\"]",
      "instances": [
        {
          "schema_version": 1,
          "attributes": {
            "arn": "arn:aws:ec2:us-east-1:533267208345:security-group/sg-0b855e007534dbb26",
            "description": "Security Group for Web Servers",
            "egress": [
              {
                "cidr_blocks": [
                  "0.0.0.0/0"
                ],
                "description": "",
                "from_port": 0,
                "ipv6_cidr_blocks": [],
                "prefix_list_ids": [],
                "protocol": "-1",
                "security_groups": [],
                "self": false,
                "to_port": 0
              }
            ],
            "id": "sg-0b855e007534dbb26",
            "ingress": [
              {
                "cidr_blocks": [
                  "0.0.0.0/0"
                ],
                "description": "Allow SSH from my computer",
                "from_port": 22,
                "ipv6_cidr_blocks": [],
                "prefix_list_ids": [],
                "protocol": "tcp",
                "security_groups": [],
                "self": false,
                "to_port": 22
              },
              {
                "cidr_blocks": [
                  "0.0.0.0/0"
                ],
                "description": "Allow all traffic through HTTP",
                "from_port": 80,
                "ipv6_cidr_blocks": [],
                "prefix_list_ids": [],
                "protocol": "tcp",
                "security_groups": [],
                "self": false,
                "to_port": 80
              },
              {
                "cidr_blocks": [
                  "0.0.0.0/0"
                ],
                "description": "Allow all traffic through HTTPS",
                "from_port": 443,
                "ipv6_cidr_blocks": [],
                "prefix_list_ids": [],
                "protocol": "tcp",
                "security_groups": [],
                "self": false,
                "to_port": 443
              }
            ],
            "name": "web-security-group",
            "name_prefix": "",
            "owner_id": "533267208345",
            "revoke_rules_on_delete": false,
            "tags": {
              "Name": "prod-sg"
            },
            "tags_all": {
              "Name": "prod-sg"
            },
            "timeouts": null,
            "vpc_id": "vpc-0858602b5050b1521"
          },
          "sensitive_attributes": [],
          "private": "eyJlMmJmYjczMC1lY2FhLTExZTYtOGY4OC0zNDM2M2JjN2M0YzAiOnsiY3JlYXRlIjo2MDAwMDAwMDAwMDAsImRlbGV0ZSI6OTAwMDAwMDAwMDAwfSwic2NoZW1hX3ZlcnNpb24iOiIxIn0=",
          "dependencies": [
            "module.eks.aws_vpc.main"
          ]
        }
      ]
    },
    {
      "module": "module.rds",
      "mode": "managed",
      "type": "aws_ssm_parameter",
      "name": "rds_password",
      "provider": "provider[\"registry.terraform.io/hashicorp/aws\"]",
      "instances": [
        {
          "schema_version": 0,
          "attributes": {
            "allowed_pattern": "",
            "arn": "arn:aws:ssm:us-east-1:533267208345:parameter/prod/mysql",
            "data_type": "text",
            "description": "Password for MySQL",
            "id": "/prod/mysql",
            "insecure_value": null,
            "key_id": "alias/aws/ssm",
            "name": "/prod/mysql",
            "overwrite": null,
            "tags": {},
            "tags_all": {},
            "tier": "Standard",
            "type": "SecureString",
            "value": "K3vjONOlMpXjGJh)",
            "version": 1
          },
          "sensitive_attributes": [
            [
              {
                "type": "get_attr",
                "value": "value"
              }
            ]
          ],
          "private": "bnVsbA==",
          "dependencies": [
            "module.rds.random_password.rds_password"
          ]
        }
      ]
    },
    {
      "module": "module.rds",
      "mode": "managed",
      "type": "local_file",
      "name": "private_key_pem",
      "provider": "provider[\"registry.terraform.io/hashicorp/local\"]",
      "instances": [
        {
          "schema_version": 0,
          "attributes": {
            "content": "-----BEGIN RSA PRIVATE KEY-----\nMIIJKAIBAAKCAgEA0doJEykhLy2f/Knt+WsOVJsOsaLvTxuKe8DFkh+9JrKVr3Qv\nEaQQ+WvQ2KAxHeE9A7DtIoWMjM2kxOS8aJgwCjqL8ElF6BLAPngx/igREGAEEqje\n9zyQ9yA3sa/FvbehGgTh3QyP/QjGuJLy0pCTHT4kvOHlm3TsErbeRzWPcZsj1FKq\nn6cwN8iQdsmYzt6s2FKHW+kAidVSU6QLmgJkRR3ycuWP7Li9elvl9quc4o4r9UHy\nAwzqreShWRVFgfUHY4VuluhrXzojsObT2L58AuGv2f1KyplpjTkd29DdQCg8XatH\nCXqVWcS1i0gIYUlmXuP54aKwv+ohcqtBs0Nvc8UzWwRdy4xkNwQmBDEvT47WqsX7\np7B1YTeWIXixpjk7NPiOWms6fwQHFhHc9kd9/KHGohPsOW2/UT7OuI952s7ZUTM1\nRTlRxFyPozmkVMjR/87CBxYRIjkWsp6zV9UjF9P/BcoF8miq63y3ST/xocdfMibU\nBzzoQJWQ6yAOY7YKN0pVrGtrMJDvxjRvcYy3IDIznI8gJbU3Cz3u4x75g0MX0F5o\nPNrG2HcNsfUrr5SAwnOz5QosFM+Y9KbnY9AEseoOwQ7db4dt5bmJbhxm7VLd4lj8\nvHtQ/Y7htA8Gx4qbXBF03n32WvwAdmoNXySOElkBzQtzLDlEom7F4Qz/980CAwEA\nAQKCAgEAyOlgENkq7TlYWBX1QfuOL9B4Y/fj+DAdCNiKD5mVhewqxV2OBuy2V6Yy\nwIO2Iq5XtSX6EzgbVV85Zky8WcODEvf0rKvqYwM4zVZUPsnrdGsI2ziUp85z2DYf\nPF5WCoo5kmikOfdiD9cMMwB1vMUwJCowECqSoqBxuIUeEL0lxZXL2ub+dnYiAvZh\n4WinhT/J6h4xe/x7SHtVI8EGXn/1sfq2+evxPKmutuwvIlgxjvKhAWIOq379XFlt\nZJWqA38tgMnqFE8XJYfLTf3hSz0sC7I5o5IOviPc25mYjbDNczRSfzeRfnC/dr+P\nNHdVlpcojKblwXH6mPM27Msrzs48b7WhKnBBdIAs9gpjy3BUIWsRur3O6BILW8bL\n+HvY9uXhX3jqIYAV1MMCEp/QzJFKbOqYeEgxRcYOmPcYC6SlZMlKEr/lC26Z2i1j\nDF6BevYAYwEEPslESbFRrpc1utlYZ04IzwIPQTiSMHWsB4ViP10EHrSj0aveIjJO\nkZt9W6I06By5YqOYj5kJRH/hL3DeglktuaIPc3hExOcPbxUuC65Mt0Ts5BbE/1cs\nUwOkLL89uUF0CgYyin5Jp+jk5sgM4GTempDoSxJGhW04DwMUBi4q050a7v4WNrrq\nEUgZZMmB1ePq5et/uR8qu84qctLsmjEyB0jL+B4RHabR3LGU7D0CggEBAO3aH2E4\nu0eanisVZKXsVwoFyz0medioyh/Te8EfSc5TarrSMF5nSnbBRuP/dBogKnoCDvuk\nPhl6O7UWS+zI5uOggqD5A/0JYDMKQ2KyQ19Kkcqn7Jyh+ygfkTmhtet7mW0eyCpA\nexjphz73hmwygfF4pDSvU9UpOPtRkXmf5AnI2Hj7uQWnHUgj5HaBkguWkooR5wzN\ns0+DgQ9nQB9CsuSp7ePYGO4wHzkrwr7v7Xrs96Ei7xV4bwjdUBUsUKWBPQu657V3\noN0cwg2ZrgB+FkAtWHy2Ghokykx4fRShkdjXrj5ZUeksl4PC2xEiYsT+iHT2ojwY\nCNeDwi3I6iAWU38CggEBAOHc/g5X4pYcxGFRQmapYDpJLEXtF60uiA+6U7nb2NeU\nUd4X1x53Mps5EJo+rSbMNnqBNtS5648BDdP47zWPHqAkZxPyoTkgtcPyxLxlyINF\nvuaHcLL5ZlME5ZHymHq788xVPzlYhlB/DwbZv/k47g3npihZIsIQ7F7qvlL0cNTi\nzHHp9hYZUW/OT7GCzNaRGGkwagSAomuK/OZl5PyE2crSNrt7w8SZqz4WgjTahqcL\nqCEndUBIFFdR07tdKaBva//jwdmxrd4t+I0U35sqLziD66NZdHik4zei8zul8Y8G\nT+ItCnGWWU7xg8s7Ac1gXG2Ylyz4gSDFLGMVKTWvarMCggEANQFwDs2CxvFJIFbT\nKDrkJsKlyUniy4rKCI+ru50KaKWkWl/vEYq5SH/IGZVbPVs/vBLrXd77S9g2qCOA\n5hLbiYzCr7bu0ZweSSGXZM5PP1Qx61TC4SEkBIwMZCiKjyDrTysV9nyKMkIQttKY\nrVIQLUzyYx9TcmSOY0uJPO6J9jhBLa0DTaQxXVtKVbKIZna2z3gv4mWQ+T5YK6OZ\n4Z2OmnDYJ/eHjsVAoBAFhWGYrdVTViCf4UwGipYve5h1nHyRqySK8KDpQ31eLYO7\nCDcRJFo2pww6AuuB/cq4LTnYc9eU6CYln+4lEeMByO69ziLfLBmui+/bQJQHWQa2\nTlJLZwKCAQB5YkAzSy4eCKXNu1MZQ0vQ50Rg7DO+QfSjpzqZ9zoJWc/JsTxORjcv\nTrLKgoaiBDv/CHSETMr41tMsqWs9eIY4AHhZMxtMTXUCMvViXr0tN42J7R43QWup\nkEckcaFazKoQlXveAOJmXnKf9uSCNwNQ+77DjmvsqhWuSTAx+uasspq3WcqEQ+UN\nVm5j8uzNH7tjxL4lX1BqxY528CnpQCigJOt/RNuITCHIw2YEq7CUE+Kutrr/6fzs\nlLBa0I2viFIderTSnvfXIROkFqS5iilIkTVRW6EJuWvXmb5ovx0cBYNnBVfIhcnH\ncGqpDTRBwNjLmacdZwxWpUDemx/Dl1ubAoIBABAORaGrrj+DYaUfV+XIVavoBUlO\nDbV3BgwqjsnQ5avhVgWX7vH7/tIyW3naSoMjoFgod94gMIvJwh59MRaslk89H/Wr\nF7V62znr/Gkn1tSNc4fRuRyvtvowyrUNSRsnjgXzbC2Ep4q4/wYw1eXk7BcHMale\n5JcH3Ctshml80TVNO1BdM5GX+hQQBDi62xpPIIfJRpOifvQMu84kHcC078UnriAE\nR15HKYDolC78uj4yhZHM/lodHsnSJj4U3Cx3Uj+Qro3t5sAEcoQ1kUwGSOvb60Bk\nCfGU1j8jtJFGiruvqWUtSHgzQhe71Yi9dadIl5KxXYXyrX2Q2TF6z4uPRUM=\n-----END RSA PRIVATE KEY-----\n",
            "content_base64": null,
            "content_base64sha256": "B5ZBi7VSCyiS/rZHUBq/6y2QUygvLdyrp4QT4+lVTxw=",
            "content_base64sha512": "fKsAry+2iFNxEoyQ6aOTEFADJMkqxqrYJV4XMdkujQUebDUMwxaJu4ikX+d4RsCGXmH1d1RoDoBfUpKIkF0ZGg==",
            "content_md5": "50c8d31cfde8160cc8c673eed67d7127",
            "content_sha1": "a6246ffd213b0ce8c0220390acc432c470285b8b",
            "content_sha256": "0796418bb5520b2892feb647501abfeb2d9053282f2ddcaba78413e3e9554f1c",
            "content_sha512": "7cab00af2fb6885371128c90e9a39310500324c92ac6aad8255e1731d92e8d051e6c350cc31689bb88a45fe77846c0865e61f57754680e805f529288905d191a",
            "directory_permission": "0777",
            "file_permission": "0400",
            "filename": "./my-ec2-key.pem",
            "id": "a6246ffd213b0ce8c0220390acc432c470285b8b",
            "sensitive_content": null,
            "source": null
          },
          "sensitive_attributes": [
            [
              {
                "type": "get_attr",
                "value": "sensitive_content"
              }
            ],
            [
              {
                "type": "get_attr",
                "value": "content"
              }
            ]
          ],
          "dependencies": [
            "module.rds.tls_private_key.my_key_pair"
          ]
        }
      ]
    },
    {
      "module": "module.rds",
      "mode": "managed",
      "type": "random_password",
      "name": "rds_password",
      "provider": "provider[\"registry.terraform.io/hashicorp/random\"]",
      "instances": [
        {
          "schema_version": 3,
          "attributes": {
            "bcrypt_hash": "$2a$10$csjeJ6aBOCY0/HmOdXYPj.iP0ZTZeCKHAdBiZtX9O300kAzVMq0PS",
            "id": "none",
            "keepers": null,
            "length": 16,
            "lower": true,
            "min_lower": 0,
            "min_numeric": 0,
            "min_special": 0,
            "min_upper": 0,
            "number": true,
            "numeric": true,
            "override_special": "!#$%\u0026*()-_=+[]{}\u003c\u003e:?",
            "result": "K3vjONOlMpXjGJh)",
            "special": true,
            "upper": true
          },
          "sensitive_attributes": [
            [
              {
                "type": "get_attr",
                "value": "result"
              }
            ],
            [
              {
                "type": "get_attr",
                "value": "bcrypt_hash"
              }
            ]
          ]
        }
      ]
    },
    {
      "module": "module.rds",
      "mode": "managed",
      "type": "tls_private_key",
      "name": "my_key_pair",
      "provider": "provider[\"registry.terraform.io/hashicorp/tls\"]",
      "instances": [
        {
          "schema_version": 1,
          "attributes": {
            "algorithm": "RSA",
            "ecdsa_curve": "P224",
            "id": "680bdffe0b09fc73d4f622739c3452cf8558ad72",
            "private_key_openssh": "-----BEGIN OPENSSH PRIVATE KEY-----\nb3BlbnNzaC1rZXktdjEAAAAABG5vbmUAAAAEbm9uZQAAAAAAAAABAAACFwAAAAdz\nc2gtcnNhAAAAAwEAAQAAAgEA0doJEykhLy2f/Knt+WsOVJsOsaLvTxuKe8DFkh+9\nJrKVr3QvEaQQ+WvQ2KAxHeE9A7DtIoWMjM2kxOS8aJgwCjqL8ElF6BLAPngx/igR\nEGAEEqje9zyQ9yA3sa/FvbehGgTh3QyP/QjGuJLy0pCTHT4kvOHlm3TsErbeRzWP\ncZsj1FKqn6cwN8iQdsmYzt6s2FKHW+kAidVSU6QLmgJkRR3ycuWP7Li9elvl9quc\n4o4r9UHyAwzqreShWRVFgfUHY4VuluhrXzojsObT2L58AuGv2f1KyplpjTkd29Dd\nQCg8XatHCXqVWcS1i0gIYUlmXuP54aKwv+ohcqtBs0Nvc8UzWwRdy4xkNwQmBDEv\nT47WqsX7p7B1YTeWIXixpjk7NPiOWms6fwQHFhHc9kd9/KHGohPsOW2/UT7OuI95\n2s7ZUTM1RTlRxFyPozmkVMjR/87CBxYRIjkWsp6zV9UjF9P/BcoF8miq63y3ST/x\nocdfMibUBzzoQJWQ6yAOY7YKN0pVrGtrMJDvxjRvcYy3IDIznI8gJbU3Cz3u4x75\ng0MX0F5oPNrG2HcNsfUrr5SAwnOz5QosFM+Y9KbnY9AEseoOwQ7db4dt5bmJbhxm\n7VLd4lj8vHtQ/Y7htA8Gx4qbXBF03n32WvwAdmoNXySOElkBzQtzLDlEom7F4Qz/\n980AAAc4oJfDTqCXw04AAAAHc3NoLXJzYQAAAgEA0doJEykhLy2f/Knt+WsOVJsO\nsaLvTxuKe8DFkh+9JrKVr3QvEaQQ+WvQ2KAxHeE9A7DtIoWMjM2kxOS8aJgwCjqL\n8ElF6BLAPngx/igREGAEEqje9zyQ9yA3sa/FvbehGgTh3QyP/QjGuJLy0pCTHT4k\nvOHlm3TsErbeRzWPcZsj1FKqn6cwN8iQdsmYzt6s2FKHW+kAidVSU6QLmgJkRR3y\ncuWP7Li9elvl9quc4o4r9UHyAwzqreShWRVFgfUHY4VuluhrXzojsObT2L58AuGv\n2f1KyplpjTkd29DdQCg8XatHCXqVWcS1i0gIYUlmXuP54aKwv+ohcqtBs0Nvc8Uz\nWwRdy4xkNwQmBDEvT47WqsX7p7B1YTeWIXixpjk7NPiOWms6fwQHFhHc9kd9/KHG\nohPsOW2/UT7OuI952s7ZUTM1RTlRxFyPozmkVMjR/87CBxYRIjkWsp6zV9UjF9P/\nBcoF8miq63y3ST/xocdfMibUBzzoQJWQ6yAOY7YKN0pVrGtrMJDvxjRvcYy3IDIz\nnI8gJbU3Cz3u4x75g0MX0F5oPNrG2HcNsfUrr5SAwnOz5QosFM+Y9KbnY9AEseoO\nwQ7db4dt5bmJbhxm7VLd4lj8vHtQ/Y7htA8Gx4qbXBF03n32WvwAdmoNXySOElkB\nzQtzLDlEom7F4Qz/980AAAADAQABAAACAQDI6WAQ2SrtOVhYFfVB+44v0Hhj9+P4\nMB0I2IoPmZWF7CrFXY4G7LZXpjLAg7Yirle1JfoTOBtVXzlmTLxZw4MS9/Ssq+pj\nAzjNVlQ+yet0awjbOJSnznPYNh88XlYKijmSaKQ592IP1wwzAHW8xTAkKjAQKpKi\noHG4hR4QvSXFlcva5v52diIC9mHhaKeFP8nqHjF7/HtIe1UjwQZef/Wx+rb56/E8\nqa627C8iWDGO8qEBYg6rfv1cWW1klaoDfy2AyeoUTxclh8tN/eFLPSwLsjmjkg6+\nI9zbmZiNsM1zNFJ/N5F+cL92v480d1WWlyiMpuXBcfqY8zbsyyvOzjxvtaEqcEF0\ngCz2CmPLcFQhaxG6vc7oEgtbxsv4e9j25eFfeOohgBXUwwISn9DMkUps6ph4SDFF\nxg6Y9xgLpKVkyUoSv+ULbpnaLWMMXoF69gBjAQQ+yURJsVGulzW62VhnTgjPAg9B\nOJIwdawHhWI/XQQetKPRq94iMk6Rm31bojToHLlio5iPmQlEf+EvcN6CWS25og9z\neETE5w9vFS4Lrky3ROzkFsT/VyxTA6Qsvz25QXQKBjKKfkmn6OTmyAzgZN6akOhL\nEkaFbTgPAxQGLirTnRru/hY2uuoRSBlkyYHV4+rl63+5Hyq7zipy0uyaMTIHSMv4\nHhEdptHcsZTsPQAAAQAQDkWhq64/g2GlH1flyFWr6AVJTg21dwYMKo7J0OWr4VYF\nl+7x+/7SMlt52kqDI6BYKHfeIDCLycIefTEWrJZPPR/1qxe1ets56/xpJ9bUjXOH\n0bkcr7b6MMq1DUkbJ44F82wthKeKuP8GMNXl5OwXBzGpXuSXB9wrbIZpfNE1TTtQ\nXTORl/oUEAQ4utsaTyCHyUaTon70DLvOJB3AtO/FJ64gBEdeRymA6JQu/Lo+MoWR\nzP5aHR7J0iY+FNwsd1I/kK6N7ebABHKENZFMBkjr2+tAZAnxlNY/I7SRRoq7r6ll\nLUh4M0IXu9WIvXWnSJeSsV2F8q19kNkxes+Lj0VDAAABAQDt2h9hOLtHmp4rFWSl\n7FcKBcs9JnnYqMof03vBH0nOU2q60jBeZ0p2wUbj/3QaICp6Ag77pD4Zeju1Fkvs\nyObjoIKg+QP9CWAzCkNiskNfSpHKp+ycofsoH5E5obXre5ltHsgqQHsY6Yc+94Zs\nMoHxeKQ0r1PVKTj7UZF5n+QJyNh4+7kFpx1II+R2gZILlpKKEecMzbNPg4EPZ0Af\nQrLkqe3j2BjuMB85K8K+7+167PehIu8VeG8I3VAVLFClgT0Luue1d6DdHMINma4A\nfhZALVh8thoaJMpMeH0UoZHY164+WVHpLJeDwtsRImLE/oh09qI8GAjXg8ItyOog\nFlN/AAABAQDh3P4OV+KWHMRhUUJmqWA6SSxF7RetLogPulO529jXlFHeF9cedzKb\nORCaPq0mzDZ6gTbUueuPAQ3T+O81jx6gJGcT8qE5ILXD8sS8ZciDRb7mh3Cy+WZT\nBOWR8ph6u/PMVT85WIZQfw8G2b/5OO4N56YoWSLCEOxe6r5S9HDU4sxx6fYWGVFv\nzk+xgszWkRhpMGoEgKJrivzmZeT8hNnK0ja7e8PEmas+FoI02oanC6ghJ3VASBRX\nUdO7XSmgb2v/48HZsa3eLfiNFN+bKi84g+ujWXR4pOM3ovM7pfGPBk/iLQpxlllO\n8YPLOwHNYFxtmJcs+IEgxSxjFSk1r2qzAAAAAAEC\n-----END OPENSSH PRIVATE KEY-----\n",
            "private_key_pem": "-----BEGIN RSA PRIVATE KEY-----\nMIIJKAIBAAKCAgEA0doJEykhLy2f/Knt+WsOVJsOsaLvTxuKe8DFkh+9JrKVr3Qv\nEaQQ+WvQ2KAxHeE9A7DtIoWMjM2kxOS8aJgwCjqL8ElF6BLAPngx/igREGAEEqje\n9zyQ9yA3sa/FvbehGgTh3QyP/QjGuJLy0pCTHT4kvOHlm3TsErbeRzWPcZsj1FKq\nn6cwN8iQdsmYzt6s2FKHW+kAidVSU6QLmgJkRR3ycuWP7Li9elvl9quc4o4r9UHy\nAwzqreShWRVFgfUHY4VuluhrXzojsObT2L58AuGv2f1KyplpjTkd29DdQCg8XatH\nCXqVWcS1i0gIYUlmXuP54aKwv+ohcqtBs0Nvc8UzWwRdy4xkNwQmBDEvT47WqsX7\np7B1YTeWIXixpjk7NPiOWms6fwQHFhHc9kd9/KHGohPsOW2/UT7OuI952s7ZUTM1\nRTlRxFyPozmkVMjR/87CBxYRIjkWsp6zV9UjF9P/BcoF8miq63y3ST/xocdfMibU\nBzzoQJWQ6yAOY7YKN0pVrGtrMJDvxjRvcYy3IDIznI8gJbU3Cz3u4x75g0MX0F5o\nPNrG2HcNsfUrr5SAwnOz5QosFM+Y9KbnY9AEseoOwQ7db4dt5bmJbhxm7VLd4lj8\nvHtQ/Y7htA8Gx4qbXBF03n32WvwAdmoNXySOElkBzQtzLDlEom7F4Qz/980CAwEA\nAQKCAgEAyOlgENkq7TlYWBX1QfuOL9B4Y/fj+DAdCNiKD5mVhewqxV2OBuy2V6Yy\nwIO2Iq5XtSX6EzgbVV85Zky8WcODEvf0rKvqYwM4zVZUPsnrdGsI2ziUp85z2DYf\nPF5WCoo5kmikOfdiD9cMMwB1vMUwJCowECqSoqBxuIUeEL0lxZXL2ub+dnYiAvZh\n4WinhT/J6h4xe/x7SHtVI8EGXn/1sfq2+evxPKmutuwvIlgxjvKhAWIOq379XFlt\nZJWqA38tgMnqFE8XJYfLTf3hSz0sC7I5o5IOviPc25mYjbDNczRSfzeRfnC/dr+P\nNHdVlpcojKblwXH6mPM27Msrzs48b7WhKnBBdIAs9gpjy3BUIWsRur3O6BILW8bL\n+HvY9uXhX3jqIYAV1MMCEp/QzJFKbOqYeEgxRcYOmPcYC6SlZMlKEr/lC26Z2i1j\nDF6BevYAYwEEPslESbFRrpc1utlYZ04IzwIPQTiSMHWsB4ViP10EHrSj0aveIjJO\nkZt9W6I06By5YqOYj5kJRH/hL3DeglktuaIPc3hExOcPbxUuC65Mt0Ts5BbE/1cs\nUwOkLL89uUF0CgYyin5Jp+jk5sgM4GTempDoSxJGhW04DwMUBi4q050a7v4WNrrq\nEUgZZMmB1ePq5et/uR8qu84qctLsmjEyB0jL+B4RHabR3LGU7D0CggEBAO3aH2E4\nu0eanisVZKXsVwoFyz0medioyh/Te8EfSc5TarrSMF5nSnbBRuP/dBogKnoCDvuk\nPhl6O7UWS+zI5uOggqD5A/0JYDMKQ2KyQ19Kkcqn7Jyh+ygfkTmhtet7mW0eyCpA\nexjphz73hmwygfF4pDSvU9UpOPtRkXmf5AnI2Hj7uQWnHUgj5HaBkguWkooR5wzN\ns0+DgQ9nQB9CsuSp7ePYGO4wHzkrwr7v7Xrs96Ei7xV4bwjdUBUsUKWBPQu657V3\noN0cwg2ZrgB+FkAtWHy2Ghokykx4fRShkdjXrj5ZUeksl4PC2xEiYsT+iHT2ojwY\nCNeDwi3I6iAWU38CggEBAOHc/g5X4pYcxGFRQmapYDpJLEXtF60uiA+6U7nb2NeU\nUd4X1x53Mps5EJo+rSbMNnqBNtS5648BDdP47zWPHqAkZxPyoTkgtcPyxLxlyINF\nvuaHcLL5ZlME5ZHymHq788xVPzlYhlB/DwbZv/k47g3npihZIsIQ7F7qvlL0cNTi\nzHHp9hYZUW/OT7GCzNaRGGkwagSAomuK/OZl5PyE2crSNrt7w8SZqz4WgjTahqcL\nqCEndUBIFFdR07tdKaBva//jwdmxrd4t+I0U35sqLziD66NZdHik4zei8zul8Y8G\nT+ItCnGWWU7xg8s7Ac1gXG2Ylyz4gSDFLGMVKTWvarMCggEANQFwDs2CxvFJIFbT\nKDrkJsKlyUniy4rKCI+ru50KaKWkWl/vEYq5SH/IGZVbPVs/vBLrXd77S9g2qCOA\n5hLbiYzCr7bu0ZweSSGXZM5PP1Qx61TC4SEkBIwMZCiKjyDrTysV9nyKMkIQttKY\nrVIQLUzyYx9TcmSOY0uJPO6J9jhBLa0DTaQxXVtKVbKIZna2z3gv4mWQ+T5YK6OZ\n4Z2OmnDYJ/eHjsVAoBAFhWGYrdVTViCf4UwGipYve5h1nHyRqySK8KDpQ31eLYO7\nCDcRJFo2pww6AuuB/cq4LTnYc9eU6CYln+4lEeMByO69ziLfLBmui+/bQJQHWQa2\nTlJLZwKCAQB5YkAzSy4eCKXNu1MZQ0vQ50Rg7DO+QfSjpzqZ9zoJWc/JsTxORjcv\nTrLKgoaiBDv/CHSETMr41tMsqWs9eIY4AHhZMxtMTXUCMvViXr0tN42J7R43QWup\nkEckcaFazKoQlXveAOJmXnKf9uSCNwNQ+77DjmvsqhWuSTAx+uasspq3WcqEQ+UN\nVm5j8uzNH7tjxL4lX1BqxY528CnpQCigJOt/RNuITCHIw2YEq7CUE+Kutrr/6fzs\nlLBa0I2viFIderTSnvfXIROkFqS5iilIkTVRW6EJuWvXmb5ovx0cBYNnBVfIhcnH\ncGqpDTRBwNjLmacdZwxWpUDemx/Dl1ubAoIBABAORaGrrj+DYaUfV+XIVavoBUlO\nDbV3BgwqjsnQ5avhVgWX7vH7/tIyW3naSoMjoFgod94gMIvJwh59MRaslk89H/Wr\nF7V62znr/Gkn1tSNc4fRuRyvtvowyrUNSRsnjgXzbC2Ep4q4/wYw1eXk7BcHMale\n5JcH3Ctshml80TVNO1BdM5GX+hQQBDi62xpPIIfJRpOifvQMu84kHcC078UnriAE\nR15HKYDolC78uj4yhZHM/lodHsnSJj4U3Cx3Uj+Qro3t5sAEcoQ1kUwGSOvb60Bk\nCfGU1j8jtJFGiruvqWUtSHgzQhe71Yi9dadIl5KxXYXyrX2Q2TF6z4uPRUM=\n-----END RSA PRIVATE KEY-----\n",
            "private_key_pem_pkcs8": "-----BEGIN PRIVATE KEY-----\nMIIJQgIBADANBgkqhkiG9w0BAQEFAASCCSwwggkoAgEAAoICAQDR2gkTKSEvLZ/8\nqe35aw5Umw6xou9PG4p7wMWSH70mspWvdC8RpBD5a9DYoDEd4T0DsO0ihYyMzaTE\n5LxomDAKOovwSUXoEsA+eDH+KBEQYAQSqN73PJD3IDexr8W9t6EaBOHdDI/9CMa4\nkvLSkJMdPiS84eWbdOwStt5HNY9xmyPUUqqfpzA3yJB2yZjO3qzYUodb6QCJ1VJT\npAuaAmRFHfJy5Y/suL16W+X2q5zijiv1QfIDDOqt5KFZFUWB9QdjhW6W6GtfOiOw\n5tPYvnwC4a/Z/UrKmWmNOR3b0N1AKDxdq0cJepVZxLWLSAhhSWZe4/nhorC/6iFy\nq0GzQ29zxTNbBF3LjGQ3BCYEMS9PjtaqxfunsHVhN5YheLGmOTs0+I5aazp/BAcW\nEdz2R338ocaiE+w5bb9RPs64j3naztlRMzVFOVHEXI+jOaRUyNH/zsIHFhEiORay\nnrNX1SMX0/8FygXyaKrrfLdJP/Ghx18yJtQHPOhAlZDrIA5jtgo3SlWsa2swkO/G\nNG9xjLcgMjOcjyAltTcLPe7jHvmDQxfQXmg82sbYdw2x9SuvlIDCc7PlCiwUz5j0\npudj0ASx6g7BDt1vh23luYluHGbtUt3iWPy8e1D9juG0DwbHiptcEXTeffZa/AB2\nag1fJI4SWQHNC3MsOUSibsXhDP/3zQIDAQABAoICAQDI6WAQ2SrtOVhYFfVB+44v\n0Hhj9+P4MB0I2IoPmZWF7CrFXY4G7LZXpjLAg7Yirle1JfoTOBtVXzlmTLxZw4MS\n9/Ssq+pjAzjNVlQ+yet0awjbOJSnznPYNh88XlYKijmSaKQ592IP1wwzAHW8xTAk\nKjAQKpKioHG4hR4QvSXFlcva5v52diIC9mHhaKeFP8nqHjF7/HtIe1UjwQZef/Wx\n+rb56/E8qa627C8iWDGO8qEBYg6rfv1cWW1klaoDfy2AyeoUTxclh8tN/eFLPSwL\nsjmjkg6+I9zbmZiNsM1zNFJ/N5F+cL92v480d1WWlyiMpuXBcfqY8zbsyyvOzjxv\ntaEqcEF0gCz2CmPLcFQhaxG6vc7oEgtbxsv4e9j25eFfeOohgBXUwwISn9DMkUps\n6ph4SDFFxg6Y9xgLpKVkyUoSv+ULbpnaLWMMXoF69gBjAQQ+yURJsVGulzW62Vhn\nTgjPAg9BOJIwdawHhWI/XQQetKPRq94iMk6Rm31bojToHLlio5iPmQlEf+EvcN6C\nWS25og9zeETE5w9vFS4Lrky3ROzkFsT/VyxTA6Qsvz25QXQKBjKKfkmn6OTmyAzg\nZN6akOhLEkaFbTgPAxQGLirTnRru/hY2uuoRSBlkyYHV4+rl63+5Hyq7zipy0uya\nMTIHSMv4HhEdptHcsZTsPQKCAQEA7dofYTi7R5qeKxVkpexXCgXLPSZ52KjKH9N7\nwR9JzlNqutIwXmdKdsFG4/90GiAqegIO+6Q+GXo7tRZL7Mjm46CCoPkD/QlgMwpD\nYrJDX0qRyqfsnKH7KB+ROaG163uZbR7IKkB7GOmHPveGbDKB8XikNK9T1Sk4+1GR\neZ/kCcjYePu5BacdSCPkdoGSC5aSihHnDM2zT4OBD2dAH0Ky5Knt49gY7jAfOSvC\nvu/teuz3oSLvFXhvCN1QFSxQpYE9C7rntXeg3RzCDZmuAH4WQC1YfLYaGiTKTHh9\nFKGR2NeuPllR6SyXg8LbESJixP6IdPaiPBgI14PCLcjqIBZTfwKCAQEA4dz+Dlfi\nlhzEYVFCZqlgOkksRe0XrS6ID7pTudvY15RR3hfXHncymzkQmj6tJsw2eoE21Lnr\njwEN0/jvNY8eoCRnE/KhOSC1w/LEvGXIg0W+5odwsvlmUwTlkfKYervzzFU/OViG\nUH8PBtm/+TjuDeemKFkiwhDsXuq+UvRw1OLMcen2FhlRb85PsYLM1pEYaTBqBICi\na4r85mXk/ITZytI2u3vDxJmrPhaCNNqGpwuoISd1QEgUV1HTu10poG9r/+PB2bGt\n3i34jRTfmyovOIPro1l0eKTjN6LzO6XxjwZP4i0KcZZZTvGDyzsBzWBcbZiXLPiB\nIMUsYxUpNa9qswKCAQA1AXAOzYLG8UkgVtMoOuQmwqXJSeLLisoIj6u7nQpopaRa\nX+8RirlIf8gZlVs9Wz+8Eutd3vtL2DaoI4DmEtuJjMKvtu7RnB5JIZdkzk8/VDHr\nVMLhISQEjAxkKIqPIOtPKxX2fIoyQhC20pitUhAtTPJjH1NyZI5jS4k87on2OEEt\nrQNNpDFdW0pVsohmdrbPeC/iZZD5Plgro5nhnY6acNgn94eOxUCgEAWFYZit1VNW\nIJ/hTAaKli97mHWcfJGrJIrwoOlDfV4tg7sINxEkWjanDDoC64H9yrgtOdhz15To\nJiWf7iUR4wHI7r3OIt8sGa6L79tAlAdZBrZOUktnAoIBAHliQDNLLh4Ipc27UxlD\nS9DnRGDsM75B9KOnOpn3OglZz8mxPE5GNy9OssqChqIEO/8IdIRMyvjW0yypaz14\nhjgAeFkzG0xNdQIy9WJevS03jYntHjdBa6mQRyRxoVrMqhCVe94A4mZecp/25II3\nA1D7vsOOa+yqFa5JMDH65qyymrdZyoRD5Q1WbmPy7M0fu2PEviVfUGrFjnbwKelA\nKKAk639E24hMIcjDZgSrsJQT4q62uv/p/OyUsFrQja+IUh16tNKe99chE6QWpLmK\nKUiRNVFboQm5a9eZvmi/HRwFg2cFV8iFycdwaqkNNEHA2MuZpx1nDFalQN6bH8OX\nW5sCggEAEA5FoauuP4NhpR9X5chVq+gFSU4NtXcGDCqOydDlq+FWBZfu8fv+0jJb\nedpKgyOgWCh33iAwi8nCHn0xFqyWTz0f9asXtXrbOev8aSfW1I1zh9G5HK+2+jDK\ntQ1JGyeOBfNsLYSnirj/BjDV5eTsFwcxqV7klwfcK2yGaXzRNU07UF0zkZf6FBAE\nOLrbGk8gh8lGk6J+9Ay7ziQdwLTvxSeuIARHXkcpgOiULvy6PjKFkcz+Wh0eydIm\nPhTcLHdSP5Cuje3mwARyhDWRTAZI69vrQGQJ8ZTWPyO0kUaKu6+pZS1IeDNCF7vV\niL11p0iXkrFdhfKtfZDZMXrPi49FQw==\n-----END PRIVATE KEY-----\n",
            "public_key_fingerprint_md5": "15:70:0e:de:84:04:01:27:f0:21:26:5a:3c:56:2a:47",
            "public_key_fingerprint_sha256": "SHA256:FBx9VvBfdkikA0nrziChGODsSbOABIVCIFfgNU3r5Xs",
            "public_key_openssh": "ssh-rsa AAAAB3NzaC1yc2EAAAADAQABAAACAQDR2gkTKSEvLZ/8qe35aw5Umw6xou9PG4p7wMWSH70mspWvdC8RpBD5a9DYoDEd4T0DsO0ihYyMzaTE5LxomDAKOovwSUXoEsA+eDH+KBEQYAQSqN73PJD3IDexr8W9t6EaBOHdDI/9CMa4kvLSkJMdPiS84eWbdOwStt5HNY9xmyPUUqqfpzA3yJB2yZjO3qzYUodb6QCJ1VJTpAuaAmRFHfJy5Y/suL16W+X2q5zijiv1QfIDDOqt5KFZFUWB9QdjhW6W6GtfOiOw5tPYvnwC4a/Z/UrKmWmNOR3b0N1AKDxdq0cJepVZxLWLSAhhSWZe4/nhorC/6iFyq0GzQ29zxTNbBF3LjGQ3BCYEMS9PjtaqxfunsHVhN5YheLGmOTs0+I5aazp/BAcWEdz2R338ocaiE+w5bb9RPs64j3naztlRMzVFOVHEXI+jOaRUyNH/zsIHFhEiORaynrNX1SMX0/8FygXyaKrrfLdJP/Ghx18yJtQHPOhAlZDrIA5jtgo3SlWsa2swkO/GNG9xjLcgMjOcjyAltTcLPe7jHvmDQxfQXmg82sbYdw2x9SuvlIDCc7PlCiwUz5j0pudj0ASx6g7BDt1vh23luYluHGbtUt3iWPy8e1D9juG0DwbHiptcEXTeffZa/AB2ag1fJI4SWQHNC3MsOUSibsXhDP/3zQ==\n",
            "public_key_pem": "-----BEGIN PUBLIC KEY-----\nMIICIjANBgkqhkiG9w0BAQEFAAOCAg8AMIICCgKCAgEA0doJEykhLy2f/Knt+WsO\nVJsOsaLvTxuKe8DFkh+9JrKVr3QvEaQQ+WvQ2KAxHeE9A7DtIoWMjM2kxOS8aJgw\nCjqL8ElF6BLAPngx/igREGAEEqje9zyQ9yA3sa/FvbehGgTh3QyP/QjGuJLy0pCT\nHT4kvOHlm3TsErbeRzWPcZsj1FKqn6cwN8iQdsmYzt6s2FKHW+kAidVSU6QLmgJk\nRR3ycuWP7Li9elvl9quc4o4r9UHyAwzqreShWRVFgfUHY4VuluhrXzojsObT2L58\nAuGv2f1KyplpjTkd29DdQCg8XatHCXqVWcS1i0gIYUlmXuP54aKwv+ohcqtBs0Nv\nc8UzWwRdy4xkNwQmBDEvT47WqsX7p7B1YTeWIXixpjk7NPiOWms6fwQHFhHc9kd9\n/KHGohPsOW2/UT7OuI952s7ZUTM1RTlRxFyPozmkVMjR/87CBxYRIjkWsp6zV9Uj\nF9P/BcoF8miq63y3ST/xocdfMibUBzzoQJWQ6yAOY7YKN0pVrGtrMJDvxjRvcYy3\nIDIznI8gJbU3Cz3u4x75g0MX0F5oPNrG2HcNsfUrr5SAwnOz5QosFM+Y9KbnY9AE\nseoOwQ7db4dt5bmJbhxm7VLd4lj8vHtQ/Y7htA8Gx4qbXBF03n32WvwAdmoNXySO\nElkBzQtzLDlEom7F4Qz/980CAwEAAQ==\n-----END PUBLIC KEY-----\n",
            "rsa_bits": 4096
          },
          "sensitive_attributes": [
            [
              {
                "type": "get_attr",
                "value": "private_key_pem_pkcs8"
              }
            ],
            [
              {
                "type": "get_attr",
                "value": "private_key_openssh"
              }
            ],
            [
              {
                "type": "get_attr",
                "value": "private_key_pem"
              }
            ]
          ]
        }
      ]
    },
    {
      "module": "module.s3",
      "mode": "managed",
      "type": "aws_dynamodb_table",
      "name": "state",
      "provider": "provider[\"registry.terraform.io/hashicorp/aws\"]",
      "instances": [
        {
          "schema_version": 1,
          "attributes": {
            "arn": "arn:aws:dynamodb:us-east-1:533267208345:table/prod-table-for-terraform-state",
            "attribute": [
              {
                "name": "LockID",
                "type": "S"
              }
            ],
            "billing_mode": "PROVISIONED",
            "deletion_protection_enabled": false,
            "global_secondary_index": [],
            "hash_key": "LockID",
            "id": "prod-table-for-terraform-state",
            "import_table": [],
            "local_secondary_index": [],
            "name": "prod-table-for-terraform-state",
            "on_demand_throughput": [],
            "point_in_time_recovery": [
              {
                "enabled": false
              }
            ],
            "range_key": null,
            "read_capacity": 20,
            "replica": [],
            "restore_date_time": null,
            "restore_source_name": null,
            "restore_source_table_arn": null,
            "restore_to_latest_time": null,
            "server_side_encryption": [],
            "stream_arn": "",
            "stream_enabled": false,
            "stream_label": "",
            "stream_view_type": "",
            "table_class": "STANDARD",
            "tags": {
              "Name": "Final DynamoDB Table",
              "env": "Prod",
              "project": "Final"
            },
            "tags_all": {
              "Name": "Final DynamoDB Table",
              "env": "Prod",
              "project": "Final"
            },
            "timeouts": null,
            "ttl": [
              {
                "attribute_name": "",
                "enabled": false
              }
            ],
            "write_capacity": 20
          },
          "sensitive_attributes": [],
          "private": "eyJlMmJmYjczMC1lY2FhLTExZTYtOGY4OC0zNDM2M2JjN2M0YzAiOnsiY3JlYXRlIjoxODAwMDAwMDAwMDAwLCJkZWxldGUiOjYwMDAwMDAwMDAwMCwidXBkYXRlIjozNjAwMDAwMDAwMDAwfSwic2NoZW1hX3ZlcnNpb24iOiIxIn0="
        }
      ]
    },
    {
      "module": "module.s3",
      "mode": "managed",
      "type": "aws_kms_key",
      "name": "encryption",
      "provider": "provider[\"registry.terraform.io/hashicorp/aws\"]",
      "instances": [
        {
          "schema_version": 0,
          "attributes": {
            "arn": "arn:aws:kms:us-east-1:533267208345:key/mrk-bae08762af3044acb329d3e430512bf9",
            "bypass_policy_lockout_safety_check": false,
            "custom_key_store_id": "",
            "customer_master_key_spec": "SYMMETRIC_DEFAULT",
            "deletion_window_in_days": null,
            "description": "",
            "enable_key_rotation": false,
            "id": "mrk-bae08762af3044acb329d3e430512bf9",
            "is_enabled": true,
            "key_id": "mrk-bae08762af3044acb329d3e430512bf9",
            "key_usage": "ENCRYPT_DECRYPT",
            "multi_region": true,
            "policy": "{\"Id\":\"key-default-1\",\"Statement\":[{\"Action\":\"kms:*\",\"Effect\":\"Allow\",\"Principal\":{\"AWS\":\"arn:aws:iam::533267208345:root\"},\"Resource\":\"*\",\"Sid\":\"Enable IAM User Permissions\"}],\"Version\":\"2012-10-17\"}",
            "rotation_period_in_days": 0,
            "tags": {},
            "tags_all": {},
            "timeouts": null,
            "xks_key_id": ""
          },
          "sensitive_attributes": [],
          "private": "eyJlMmJmYjczMC1lY2FhLTExZTYtOGY4OC0zNDM2M2JjN2M0YzAiOnsiY3JlYXRlIjoxMjAwMDAwMDAwMDB9fQ=="
        }
      ]
    },
    {
      "module": "module.s3",
      "mode": "managed",
      "type": "aws_s3_bucket",
      "name": "remote",
      "provider": "provider[\"registry.terraform.io/hashicorp/aws\"]",
      "instances": [
        {
          "schema_version": 0,
          "attributes": {
            "acceleration_status": "",
            "acl": null,
            "arn": "arn:aws:s3:::prod-bucket-for-terraform-state",
            "bucket": "prod-bucket-for-terraform-state",
            "bucket_domain_name": "prod-bucket-for-terraform-state.s3.amazonaws.com",
            "bucket_prefix": "",
            "bucket_regional_domain_name": "prod-bucket-for-terraform-state.s3.us-east-1.amazonaws.com",
            "cors_rule": [],
            "force_destroy": false,
            "grant": [
              {
                "id": "d5783824a082ad99f914fa75e48ce11d78db0b18123709e9945a2a3fc47dbadc",
                "permissions": [
                  "FULL_CONTROL"
                ],
                "type": "CanonicalUser",
                "uri": ""
              }
            ],
            "hosted_zone_id": "Z3AQBSTGFYJSTF",
            "id": "prod-bucket-for-terraform-state",
            "lifecycle_rule": [],
            "logging": [],
            "object_lock_configuration": [],
            "object_lock_enabled": false,
            "policy": "",
            "region": "us-east-1",
            "replication_configuration": [],
            "request_payer": "BucketOwner",
            "server_side_encryption_configuration": [
              {
                "rule": [
                  {
                    "apply_server_side_encryption_by_default": [
                      {
                        "kms_master_key_id": "mrk-bae08762af3044acb329d3e430512bf9",
                        "sse_algorithm": "aws:kms"
                      }
                    ],
                    "bucket_key_enabled": false
                  }
                ]
              }
            ],
            "tags": {
              "Name": "Final S3 Bucket for State File",
              "env": "Prod",
              "project": "Final"
            },
            "tags_all": {
              "Name": "Final S3 Bucket for State File",
              "env": "Prod",
              "project": "Final"
            },
            "timeouts": null,
            "versioning": [
              {
                "enabled": true,
                "mfa_delete": false
              }
            ],
            "website": [],
            "website_domain": null,
            "website_endpoint": null
          },
          "sensitive_attributes": [],
          "private": "eyJlMmJmYjczMC1lY2FhLTExZTYtOGY4OC0zNDM2M2JjN2M0YzAiOnsiY3JlYXRlIjoxMjAwMDAwMDAwMDAwLCJkZWxldGUiOjM2MDAwMDAwMDAwMDAsInJlYWQiOjEyMDAwMDAwMDAwMDAsInVwZGF0ZSI6MTIwMDAwMDAwMDAwMH19"
        }
      ]
    },
    {
      "module": "module.s3",
      "mode": "managed",
      "type": "aws_s3_bucket_acl",
      "name": "example",
      "provider": "provider[\"registry.terraform.io/hashicorp/aws\"]",
      "instances": [
        {
          "schema_version": 0,
          "attributes": {
            "access_control_policy": [
              {
                "grant": [
                  {
                    "grantee": [
                      {
                        "display_name": "lab-aws+LabServices-prod-12784",
                        "email_address": "",
                        "id": "d5783824a082ad99f914fa75e48ce11d78db0b18123709e9945a2a3fc47dbadc",
                        "type": "CanonicalUser",
                        "uri": ""
                      }
                    ],
                    "permission": "FULL_CONTROL"
                  }
                ],
                "owner": [
                  {
                    "display_name": "lab-aws+LabServices-prod-12784",
                    "id": "d5783824a082ad99f914fa75e48ce11d78db0b18123709e9945a2a3fc47dbadc"
                  }
                ]
              }
            ],
            "acl": "private",
            "bucket": "prod-bucket-for-terraform-state",
            "expected_bucket_owner": "",
            "id": "prod-bucket-for-terraform-state,private"
          },
          "sensitive_attributes": [],
          "private": "bnVsbA==",
          "dependencies": [
            "module.s3.aws_s3_bucket.remote",
            "module.s3.aws_s3_bucket_ownership_controls.example"
          ]
        }
      ]
    },
    {
      "module": "module.s3",
      "mode": "managed",
      "type": "aws_s3_bucket_ownership_controls",
      "name": "example",
      "provider": "provider[\"registry.terraform.io/hashicorp/aws\"]",
      "instances": [
        {
          "schema_version": 0,
          "attributes": {
            "bucket": "prod-bucket-for-terraform-state",
            "id": "prod-bucket-for-terraform-state",
            "rule": [
              {
                "object_ownership": "BucketOwnerPreferred"
              }
            ]
          },
          "sensitive_attributes": [],
          "private": "bnVsbA==",
          "dependencies": [
            "module.s3.aws_s3_bucket.remote"
          ]
        }
      ]
    },
    {
      "module": "module.s3",
      "mode": "managed",
      "type": "aws_s3_bucket_public_access_block",
      "name": "example",
      "provider": "provider[\"registry.terraform.io/hashicorp/aws\"]",
      "instances": [
        {
          "schema_version": 0,
          "attributes": {
            "block_public_acls": true,
            "block_public_policy": true,
            "bucket": "prod-bucket-for-terraform-state",
            "id": "prod-bucket-for-terraform-state",
            "ignore_public_acls": true,
            "restrict_public_buckets": true
          },
          "sensitive_attributes": [],
          "private": "bnVsbA==",
          "dependencies": [
            "module.s3.aws_s3_bucket.remote"
          ]
        }
      ]
    },
    {
      "module": "module.s3",
      "mode": "managed",
      "type": "aws_s3_bucket_server_side_encryption_configuration",
      "name": "example",
      "provider": "provider[\"registry.terraform.io/hashicorp/aws\"]",
      "instances": [
        {
          "schema_version": 0,
          "attributes": {
            "bucket": "prod-bucket-for-terraform-state",
            "expected_bucket_owner": "",
            "id": "prod-bucket-for-terraform-state",
            "rule": [
              {
                "apply_server_side_encryption_by_default": [
                  {
                    "kms_master_key_id": "mrk-bae08762af3044acb329d3e430512bf9",
                    "sse_algorithm": "aws:kms"
                  }
                ],
                "bucket_key_enabled": false
              }
            ]
          },
          "sensitive_attributes": [],
          "private": "bnVsbA==",
          "dependencies": [
            "module.s3.aws_kms_key.encryption",
            "module.s3.aws_s3_bucket.remote"
          ]
        }
      ]
    },
    {
      "module": "module.s3",
      "mode": "managed",
      "type": "aws_s3_bucket_versioning",
      "name": "versioning_example",
      "provider": "provider[\"registry.terraform.io/hashicorp/aws\"]",
      "instances": [
        {
          "schema_version": 0,
          "attributes": {
            "bucket": "prod-bucket-for-terraform-state",
            "expected_bucket_owner": "",
            "id": "prod-bucket-for-terraform-state",
            "mfa": null,
            "versioning_configuration": [
              {
                "mfa_delete": "",
                "status": "Enabled"
              }
            ]
          },
          "sensitive_attributes": [],
          "private": "bnVsbA==",
          "dependencies": [
            "module.s3.aws_s3_bucket.remote"
          ]
        }
      ]
    }
  ],
  "check_results": null
}
